// !$*UTF8*$!
{
	"rootObject" = "F54004A52FF0C6FE0079CC05";
	"archiveVersion" = "1";
	"objectVersion" = "56";
	"classes" = {
	};
	"objects" = {
		"F54004BD2FF0C7030079CC05" = {
			"name" = "Release";
			"isa" = "XCBuildConfiguration";
			"buildSettings" = {
				"SDKROOT" = "iphoneos";
				"ALWAYS_SEARCH_USER_PATHS" = "NO";
				"CLANG_WARN_STRICT_PROTOTYPES" = "YES";
				"CLANG_WARN_UNREACHABLE_CODE" = "YES";
				"ENABLE_STRICT_OBJC_MSGSEND" = "YES";
				"GCC_NO_COMMON_BLOCKS" = "YES";
				"GCC_WARN_UNUSED_FUNCTION" = "YES";
				"CLANG_WARN_SUSPICIOUS_MOVE" = "YES";
				"CLANG_WARN_INFINITE_RECURSION" = "YES";
				"CLANG_WARN_ENUM_CONVERSION" = "YES";
				"MTL_ENABLE_DEBUG_INFO" = "NO";
				"GCC_WARN_UNDECLARED_SELECTOR" = "YES";
				"CLANG_WARN_BOOL_CONVERSION" = "YES";
				"CLANG_WARN_OBJC_LITERAL_CONVERSION" = "YES";
				"LOCALIZATION_PREFERS_STRING_CATALOGS" = "YES";
				"CLANG_WARN_CONSTANT_CONVERSION" = "YES";
				"MACOSX_DEPLOYMENT_TARGET" = "13.7";
				"CLANG_ENABLE_OBJC_WEAK" = "YES";
				"CLANG_WARN_NON_LITERAL_NULL_CONVERSION" = "YES";
				"CLANG_WARN_DEPRECATED_OBJC_IMPLEMENTATIONS" = "YES";
				"ENABLE_USER_SCRIPT_SANDBOXING" = "YES";
				"CLANG_ANALYZER_NUMBER_OBJECT_CONVERSION" = "YES_AGGRESSIVE";
				"CLANG_WARN_COMMA" = "YES";
				"CLANG_ENABLE_MODULES" = "YES";
				"CLANG_WARN_BLOCK_CAPTURE_AUTORELEASING" = "YES";
				"CLANG_CXX_LANGUAGE_STANDARD" = "gnu++20";
				"CLANG_WARN_EMPTY_BODY" = "YES";
				"CLANG_WARN_UNGUARDED_AVAILABILITY" = "YES_AGGRESSIVE";
				"CLANG_ANALYZER_NONNULL" = "YES";
				"GCC_WARN_ABOUT_RETURN_TYPE" = "YES_ERROR";
				"CLANG_WARN_RANGE_LOOP_ANALYSIS" = "YES";
				"CLANG_WARN_DIRECT_OBJC_ISA_USAGE" = "YES_ERROR";
				"CLANG_WARN_DOCUMENTATION_COMMENTS" = "YES";
				"COPY_PHASE_STRIP" = "NO";
				"GCC_WARN_UNUSED_VARIABLE" = "YES";
				"GCC_WARN_UNINITIALIZED_AUTOS" = "YES_AGGRESSIVE";
				"CLANG_WARN_OBJC_ROOT_CLASS" = "YES_ERROR";
				"CLANG_WARN_INT_CONVERSION" = "YES";
				"CLANG_WARN_QUOTED_INCLUDE_IN_FRAMEWORK_HEADER" = "YES";
				"GCC_WARN_64_TO_32_BIT_CONVERSION" = "YES";
				"CLANG_WARN__DUPLICATE_METHOD_MATCH" = "YES";
				"MTL_FAST_MATH" = "YES";
				"GCC_C_LANGUAGE_STANDARD" = "gnu17";
				"SWIFT_COMPILATION_MODE" = "wholemodule";
				"ASSETCATALOG_COMPILER_GENERATE_SWIFT_ASSET_SYMBOL_EXTENSIONS" = "YES";
				"DEBUG_INFORMATION_FORMAT" = "dwarf-with-dsym";
				"CLANG_ENABLE_OBJC_ARC" = "YES";
				"CLANG_WARN_OBJC_IMPLICIT_RETAIN_SELF" = "YES";
				"ENABLE_NS_ASSERTIONS" = "NO";
			};
		};
		"F5BF30C02FFF19E700AB5AD9" = {
			"fileEncoding" = "4";
			"path" = "Rounding.swift";
			"sourceTree" = "<group>";
			"isa" = "PBXFileReference";
			"lastKnownFileType" = "sourcecode.swift";
		};
		"F54B80A83006DE0A00615DA0" = {
			"path" = "AnalyticsInput.swift";
			"lastKnownFileType" = "sourcecode.swift";
			"isa" = "PBXFileReference";
			"sourceTree" = "<group>";
		};
		"F5BF30592FF9FA6F00AB5AD9" = {
			"isa" = "PBXBuildFile";
			"fileRef" = "F5BF30582FF9FA6F00AB5AD9";
		};
		"F54004C92FF0C8570079CC05" = {
			"isa" = "PBXBuildFile";
			"fileRef" = "F54004C82FF0C8570079CC05";
		};
		"F54B80B03006E20800615DA0" = {
			"isa" = "PBXBuildFile";
			"fileRef" = "F54B80AF3006E20800615DA0";
		};
		"F54004C52FF0C83E0079CC05" = {
			"isa" = "PBXBuildFile";
			"fileRef" = "F54004C42FF0C83E0079CC05";
		};
		"F54B80C8300850C600615DA0" = {
			"isa" = "PBXBuildFile";
			"fileRef" = "F54B80C7300850C600615DA0";
		};
		"F5BF309A2FFED27700AB5AD9" = {
			"sourceTree" = "<group>";
			"path" = "WeightConversionTests.swift";
			"fileEncoding" = "4";
			"isa" = "PBXFileReference";
			"lastKnownFileType" = "sourcecode.swift";
		};
		"F54B80DB300BC13400615DA0" = {
			"isa" = "PBXBuildFile";
			"fileRef" = "F54B80DA300BC13400615DA0";
		};
		"F54B8130300D018D00615DA0" = {
			"lastKnownFileType" = "net.daringfireball.markdown";
			"sourceTree" = "<group>";
			"isa" = "PBXFileReference";
			"fileEncoding" = "4";
			"path" = "EquipmentInventory.md";
		};
		"F54B80E3300C238200615DA0" = {
			"sourceTree" = "<group>";
			"isa" = "PBXFileReference";
			"lastKnownFileType" = "sourcecode.swift";
			"path" = "PerformanceDeclineAnalyzer.swift";
		};
		"F54004BE2FF0C7030079CC05" = {
			"buildConfigurations" = (
				"F54004BF2FF0C7030079CC05",
				"F54004C02FF0C7030079CC05",
			);
			"defaultConfigurationName" = "Release";
			"defaultConfigurationIsVisible" = "0";
			"isa" = "XCConfigurationList";
		};
		"F54B8136300D018D00615DA0" = {
			"lastKnownFileType" = "net.daringfireball.markdown";
			"path" = "GettingStarted.md";
			"fileEncoding" = "4";
			"isa" = "PBXFileReference";
			"sourceTree" = "<group>";
		};
		"F54004BC2FF0C7030079CC05" = {
			"name" = "Debug";
			"isa" = "XCBuildConfiguration";
			"buildSettings" = {
				"SDKROOT" = "iphoneos";
				"GCC_DYNAMIC_NO_PIC" = "NO";
				"ALWAYS_SEARCH_USER_PATHS" = "NO";
				"CLANG_WARN_STRICT_PROTOTYPES" = "YES";
				"ENABLE_STRICT_OBJC_MSGSEND" = "YES";
				"CLANG_WARN_UNREACHABLE_CODE" = "YES";
				"GCC_NO_COMMON_BLOCKS" = "YES";
				"SWIFT_OPTIMIZATION_LEVEL" = "-Onone";
				"GCC_PREPROCESSOR_DEFINITIONS" = (
					"DEBUG=1",
					"$(inherited)",
				);
				"GCC_WARN_UNUSED_FUNCTION" = "YES";
				"SWIFT_ACTIVE_COMPILATION_CONDITIONS" = "DEBUG $(inherited)";
				"CLANG_WARN_SUSPICIOUS_MOVE" = "YES";
				"CLANG_WARN_INFINITE_RECURSION" = "YES";
				"CLANG_WARN_ENUM_CONVERSION" = "YES";
				"MTL_ENABLE_DEBUG_INFO" = "INCLUDE_SOURCE";
				"GCC_WARN_UNDECLARED_SELECTOR" = "YES";
				"CLANG_WARN_BOOL_CONVERSION" = "YES";
				"CLANG_WARN_OBJC_LITERAL_CONVERSION" = "YES";
				"LOCALIZATION_PREFERS_STRING_CATALOGS" = "YES";
				"CLANG_WARN_CONSTANT_CONVERSION" = "YES";
				"CLANG_WARN_NON_LITERAL_NULL_CONVERSION" = "YES";
				"CLANG_ENABLE_OBJC_WEAK" = "YES";
				"MACOSX_DEPLOYMENT_TARGET" = "13.7";
				"ENABLE_USER_SCRIPT_SANDBOXING" = "YES";
				"CLANG_ANALYZER_NUMBER_OBJECT_CONVERSION" = "YES_AGGRESSIVE";
				"CLANG_WARN_DEPRECATED_OBJC_IMPLEMENTATIONS" = "YES";
				"CLANG_WARN_COMMA" = "YES";
				"CLANG_ENABLE_MODULES" = "YES";
				"CLANG_WARN_BLOCK_CAPTURE_AUTORELEASING" = "YES";
				"GCC_OPTIMIZATION_LEVEL" = "0";
				"ONLY_ACTIVE_ARCH" = "YES";
				"CLANG_CXX_LANGUAGE_STANDARD" = "gnu++20";
				"CLANG_WARN_EMPTY_BODY" = "YES";
				"CLANG_WARN_UNGUARDED_AVAILABILITY" = "YES_AGGRESSIVE";
				"CLANG_ANALYZER_NONNULL" = "YES";
				"GCC_WARN_ABOUT_RETURN_TYPE" = "YES_ERROR";
				"GCC_WARN_UNUSED_VARIABLE" = "YES";
				"CLANG_WARN_RANGE_LOOP_ANALYSIS" = "YES";
				"COPY_PHASE_STRIP" = "NO";
				"CLANG_WARN_DOCUMENTATION_COMMENTS" = "YES";
				"ENABLE_TESTABILITY" = "YES";
				"GCC_WARN_UNINITIALIZED_AUTOS" = "YES_AGGRESSIVE";
				"CLANG_WARN_INT_CONVERSION" = "YES";
				"CLANG_WARN_OBJC_ROOT_CLASS" = "YES_ERROR";
				"CLANG_WARN_QUOTED_INCLUDE_IN_FRAMEWORK_HEADER" = "YES";
				"CLANG_WARN_DIRECT_OBJC_ISA_USAGE" = "YES_ERROR";
				"GCC_WARN_64_TO_32_BIT_CONVERSION" = "YES";
				"CLANG_WARN__DUPLICATE_METHOD_MATCH" = "YES";
				"MTL_FAST_MATH" = "YES";
				"GCC_C_LANGUAGE_STANDARD" = "gnu17";
				"ASSETCATALOG_COMPILER_GENERATE_SWIFT_ASSET_SYMBOL_EXTENSIONS" = "YES";
				"DEBUG_INFORMATION_FORMAT" = "dwarf";
				"CLANG_ENABLE_OBJC_ARC" = "YES";
				"CLANG_WARN_OBJC_IMPLICIT_RETAIN_SELF" = "YES";
			};
		};
		"F54B80A53006D8C500615DA0" = {
			"isa" = "PBXBuildFile";
			"fileRef" = "F54B80A43006D8C500615DA0";
		};
		"F5BF30AF2FFED4B200AB5AD9" = {
			"fileEncoding" = "4";
			"path" = "BarbellInventorySection.swift";
			"sourceTree" = "<group>";
			"isa" = "PBXFileReference";
			"lastKnownFileType" = "sourcecode.swift";
		};
		"F59350B72FF848FA00991F1D" = {
			"sourceTree" = "<group>";
			"lastKnownFileType" = "sourcecode.swift";
			"isa" = "PBXFileReference";
			"path" = "ExerciseDetailView.swift";
		};
		"F54004B02FF0C6FE0079CC05" = {
			"path" = "MyWorkoutApp.swift";
			"lastKnownFileType" = "sourcecode.swift";
			"sourceTree" = "<group>";
			"isa" = "PBXFileReference";
		};
		"F5BF30402FF9DFE100AB5AD9" = {
			"isa" = "PBXBuildFile";
			"fileRef" = "F5BF303F2FF9DFE100AB5AD9";
		};
		"F54004D72FF0CFBA0079CC05" = {
			"isa" = "PBXBuildFile";
			"fileRef" = "F54004D62FF0CFBA0079CC05";
		};
		"F5BF306D2FFB131E00AB5AD9" = {
			"isa" = "PBXBuildFile";
			"fileRef" = "F5BF306C2FFB131E00AB5AD9";
		};
		"F54B809F3006D05800615DA0" = {
			"isa" = "PBXBuildFile";
			"fileRef" = "F54B809E3006D05800615DA0";
		};
		"F5BF306A2FFAA6A200AB5AD9" = {
			"sourceTree" = "<group>";
			"lastKnownFileType" = "sourcecode.swift";
			"isa" = "PBXFileReference";
			"path" = "WorkoutExerciseListView.swift";
		};
		"F54B8131300D018D00615DA0" = {
			"path" = "ExerciseLibrary.md";
			"sourceTree" = "<group>";
			"lastKnownFileType" = "net.daringfireball.markdown";
			"isa" = "PBXFileReference";
			"fileEncoding" = "4";
		};
		"F54B80E9300C40EE00615DA0" = {
			"path" = "PerformanceDeclineAnalyzerTests.swift";
			"lastKnownFileType" = "sourcecode.swift";
			"isa" = "PBXFileReference";
			"sourceTree" = "<group>";
		};
		"F59350B32FF83B9D00991F1D" = {
			"sourceTree" = "<group>";
			"isa" = "PBXFileReference";
			"path" = "Haptics.swift";
			"lastKnownFileType" = "sourcecode.swift";
		};
		"F54004EC2FF41A8C0079CC05" = {
			"sourceTree" = "<group>";
			"path" = "PlateLoading.swift";
			"isa" = "PBXFileReference";
			"lastKnownFileType" = "sourcecode.swift";
		};
		"F54B80E4300C238200615DA0" = {
			"isa" = "PBXBuildFile";
			"fileRef" = "F54B80E3300C238200615DA0";
		};
		"F5BF303D2FF9DE6D00AB5AD9" = {
			"isa" = "PBXBuildFile";
			"fileRef" = "F5BF303C2FF9DE6D00AB5AD9";
		};
		"F5BF30CB3000432700AB5AD9" = {
			"isa" = "PBXBuildFile";
			"fileRef" = "F5BF30CA3000432700AB5AD9";
		};
		"F54004C62FF0C8490079CC05" = {
			"path" = "Workout.swift";
			"sourceTree" = "<group>";
			"lastKnownFileType" = "sourcecode.swift";
			"isa" = "PBXFileReference";
		};
		"F54004B62FF0C7030079CC05" = {
			"path" = "Assets.xcassets";
			"lastKnownFileType" = "folder.assetcatalog";
			"sourceTree" = "<group>";
			"isa" = "PBXFileReference";
		};
		"F54B808E3004717100615DA0" = {
			"path" = "ValidatedNameField.swift";
			"lastKnownFileType" = "sourcecode.swift";
			"isa" = "PBXFileReference";
			"sourceTree" = "<group>";
		};
		"F54004CC2FF0C8720079CC05" = {
			"sourceTree" = "<group>";
			"lastKnownFileType" = "sourcecode.swift";
			"path" = "DashboardView.swift";
			"isa" = "PBXFileReference";
		};
		"F54004F42FF41DEA0079CC05" = {
			"path" = "EquipmentInventoryView.swift";
			"sourceTree" = "<group>";
			"lastKnownFileType" = "sourcecode.swift";
			"isa" = "PBXFileReference";
		};
		"F54004CD2FF0C8720079CC05" = {
			"isa" = "PBXBuildFile";
			"fileRef" = "F54004CC2FF0C8720079CC05";
		};
		"F5BF307F2FFC75AD00AB5AD9" = {
			"sourceTree" = "<group>";
			"path" = "WeightFormatter.swift";
			"isa" = "PBXFileReference";
			"lastKnownFileType" = "sourcecode.swift";
		};
		"F54B80BD3008289A00615DA0" = {
			"path" = "FileCustomExerciseRepository.swift";
			"isa" = "PBXFileReference";
			"sourceTree" = "<group>";
			"lastKnownFileType" = "sourcecode.swift";
		};
		"F5BF30AC2FFED42000AB5AD9" = {
			"isa" = "PBXBuildFile";
			"fileRef" = "F5BF30A62FFED42000AB5AD9";
		};
		"F54B80C93008511E00615DA0" = {
			"path" = "CustomExerciseMusclesSection.swift";
			"isa" = "PBXFileReference";
			"lastKnownFileType" = "sourcecode.swift";
			"sourceTree" = "<group>";
		};
		"F54004F22FF41DC50079CC05" = {
			"path" = "EquipmentInventoryStore.swift";
			"lastKnownFileType" = "sourcecode.swift";
			"isa" = "PBXFileReference";
			"sourceTree" = "<group>";
		};
		"F54B8113300CF6A400615DA0" = {
			"isa" = "PBXBuildFile";
			"fileRef" = "F54B8112300CF6A400615DA0";
		};
		"F5630A323003EA36000BB3AD" = {
			"isa" = "PBXBuildFile";
			"fileRef" = "F5630A313003EA36000BB3AD";
		};
		"F5BF30892FFDFE1200AB5AD9" = {
			"sourceTree" = "<group>";
			"isa" = "PBXFileReference";
			"lastKnownFileType" = "sourcecode.swift";
			"path" = "PlateCalculatorTests.swift";
		};
		"F5BF30602FFA74D300AB5AD9" = {
			"sourceTree" = "<group>";
			"path" = "WorkoutSessionCard.swift";
			"isa" = "PBXFileReference";
			"lastKnownFileType" = "sourcecode.swift";
		};
		"F5BF30A82FFED42000AB5AD9" = {
			"lastKnownFileType" = "sourcecode.swift";
			"path" = "VolumeByMuscleGroupSection.swift";
			"sourceTree" = "<group>";
			"fileEncoding" = "4";
			"isa" = "PBXFileReference";
		};
		"F54004A52FF0C6FE0079CC05" = {
			"targets" = (
				"F54004AC2FF0C6FE0079CC05",
				"F5BF308E2FFDFF1500AB5AD9",
			);
			"projectDirPath" = "";
			"isa" = "PBXProject";
			"projectRoot" = "";
			"attributes" = {
				"LastSwiftUpdateCheck" = "1520";
				"TargetAttributes" = {
					"F54004AC2FF0C6FE0079CC05" = {
						"CreatedOnToolsVersion" = "15.2";
					};
					"F5BF308E2FFDFF1500AB5AD9" = {
						"TestTargetID" = "F54004AC2FF0C6FE0079CC05";
						"CreatedOnToolsVersion" = "15.2";
					};
				};
				"BuildIndependentTargetsInParallel" = "1";
				"LastUpgradeCheck" = "1520";
			};
			"developmentRegion" = "en";
			"mainGroup" = "F54004A42FF0C6FE0079CC05";
			"compatibilityVersion" = "Xcode 14.0";
			"hasScannedForEncodings" = "0";
			"productRefGroup" = "F54004AE2FF0C6FE0079CC05";
			"knownRegions" = (
				"en",
				"Base",
			);
			"buildConfigurationList" = "F54004A82FF0C6FE0079CC05";
		};
		"F54B80D0300855E200615DA0" = {
			"isa" = "PBXBuildFile";
			"fileRef" = "F54B80CF300855E200615DA0";
		};
		"F5630A2D3003363A000BB3AD" = {
			"isa" = "PBXBuildFile";
			"fileRef" = "F5630A2C3003363A000BB3AD";
		};
		"F54B80A43006D8C500615DA0" = {
			"path" = "AnalyticsEngine.swift";
			"lastKnownFileType" = "sourcecode.swift";
			"isa" = "PBXFileReference";
			"sourceTree" = "<group>";
		};
		"F5BF304C2FF9E70900AB5AD9" = {
			"isa" = "PBXBuildFile";
			"fileRef" = "F5BF304B2FF9E70900AB5AD9";
		};
		"F54004AC2FF0C6FE0079CC05" = {
			"dependencies" = (
			);
			"productType" = "com.apple.product-type.application";
			"productReference" = "F54004AD2FF0C6FE0079CC05";
			"name" = "MyWorkout";
			"buildPhases" = (
				"F54004A92FF0C6FE0079CC05",
				"F54004AA2FF0C6FE0079CC05",
				"F54004AB2FF0C6FE0079CC05",
			);
			"productName" = "MyWorkout";
			"buildRules" = (
			);
			"buildConfigurationList" = "F54004BE2FF0C7030079CC05";
			"isa" = "PBXNativeTarget";
		};
		"F5BF30BB2FFEDADD00AB5AD9" = {
			"isa" = "PBXBuildFile";
			"fileRef" = "F5BF30BA2FFEDADD00AB5AD9";
		};
		"F54005242FF6F8DD0079CC05" = {
			"isa" = "PBXBuildFile";
			"fileRef" = "F54005232FF6F8DD0079CC05";
		};
		"F5BF30C32FFF1A1C00AB5AD9" = {
			"isa" = "PBXBuildFile";
			"fileRef" = "F5BF30C22FFF1A1C00AB5AD9";
		};
		"F5BF30662FFA9F5400AB5AD9" = {
			"sourceTree" = "<group>";
			"path" = "WorkoutTimerCardView.swift";
			"lastKnownFileType" = "sourcecode.swift";
			"isa" = "PBXFileReference";
		};
		"F54B8118300CF6C300615DA0" = {
			"isa" = "PBXFileReference";
			"sourceTree" = "<group>";
			"lastKnownFileType" = "sourcecode.swift";
			"fileEncoding" = "4";
			"path" = "WorkoutTemplateReplacing.swift";
		};
		"F5BF30A62FFED42000AB5AD9" = {
			"path" = "RecentWorkoutsSection.swift";
			"sourceTree" = "<group>";
			"lastKnownFileType" = "sourcecode.swift";
			"fileEncoding" = "4";
			"isa" = "PBXFileReference";
		};
		"F5BF30572FF9FA6000AB5AD9" = {
			"isa" = "PBXBuildFile";
			"fileRef" = "F5BF30562FF9FA6000AB5AD9";
		};
		"F54B808A30044C4E00615DA0" = {
			"isa" = "PBXBuildFile";
			"fileRef" = "F54B808930044C4E00615DA0";
		};
		"F5BF306B2FFAA6A200AB5AD9" = {
			"isa" = "PBXBuildFile";
			"fileRef" = "F5BF306A2FFAA6A200AB5AD9";
		};
		"F5BF308E2FFDFF1500AB5AD9" = {
			"isa" = "PBXNativeTarget";
			"productType" = "com.apple.product-type.bundle.unit-test";
			"productReference" = "F5BF308F2FFDFF1500AB5AD9";
			"name" = "MyWorkoutTests";
			"buildPhases" = (
				"F5BF308B2FFDFF1500AB5AD9",
				"F5BF308C2FFDFF1500AB5AD9",
				"F5BF308D2FFDFF1500AB5AD9",
			);
			"productName" = "MyWorkoutTests";
			"buildRules" = (
			);
			"buildConfigurationList" = "F5BF30952FFDFF1600AB5AD9";
			"dependencies" = (
				"F5BF30942FFDFF1600AB5AD9",
			);
		};
		"F54004DE2FF163F10079CC05" = {
			"isa" = "PBXBuildFile";
			"fileRef" = "F54004DD2FF163F10079CC05";
		};
		"F5BF30732FFB227200AB5AD9" = {
			"isa" = "PBXBuildFile";
			"fileRef" = "F5BF30722FFB227200AB5AD9";
		};
		"F54004B72FF0C7030079CC05" = {
			"isa" = "PBXBuildFile";
			"fileRef" = "F54004B62FF0C7030079CC05";
		};
		"F54004AB2FF0C6FE0079CC05" = {
			"runOnlyForDeploymentPostprocessing" = "0";
			"buildActionMask" = "2147483647";
			"files" = (
				"F5BF30352FF9473400AB5AD9",
				"F54004BA2FF0C7030079CC05",
				"F54004B72FF0C7030079CC05",
			);
			"isa" = "PBXResourcesBuildPhase";
		};
		"F5BF308F2FFDFF1500AB5AD9" = {
			"sourceTree" = "BUILT_PRODUCTS_DIR";
			"path" = "MyWorkoutTests.xctest";
			"includeInIndex" = "0";
			"explicitFileType" = "wrapper.cfbundle";
			"isa" = "PBXFileReference";
		};
		"F5630A273002669F000BB3AD" = {
			"isa" = "PBXBuildFile";
			"fileRef" = "F5630A263002669F000BB3AD";
		};
		"F54004AF2FF0C6FE0079CC05" = {
			"sourceTree" = "<group>";
			"isa" = "PBXGroup";
			"path" = "MyWorkout";
			"children" = (
				"5D12E669F5B154559FC92738",
				"CDD9DB6BD1E12C629B4D2D35",
				"FBC5EDAD2804027207FE8997",
				"1FE88684BDDAACFFBCCF5378",
				"A87C08B46077052B0EBF3BA3",
				"D14188FB19F871BE61015A6E",
			);
		};
		"F5BF305C2FFA70FA00AB5AD9" = {
			"sourceTree" = "<group>";
			"lastKnownFileType" = "sourcecode.swift";
			"isa" = "PBXFileReference";
			"path" = "LoggedSetsView.swift";
		};
		"F5BF306C2FFB131E00AB5AD9" = {
			"sourceTree" = "<group>";
			"path" = "NoActiveWorkoutView.swift";
			"lastKnownFileType" = "sourcecode.swift";
			"isa" = "PBXFileReference";
		};
		"F54B80A73006DCDB00615DA0" = {
			"isa" = "PBXBuildFile";
			"fileRef" = "F54B80A63006DCDB00615DA0";
		};
		"F54005202FF6E5250079CC05" = {
			"isa" = "PBXBuildFile";
			"fileRef" = "F540051F2FF6E5250079CC05";
		};
		"F5BF30A72FFED42000AB5AD9" = {
			"fileEncoding" = "4";
			"sourceTree" = "<group>";
			"lastKnownFileType" = "sourcecode.swift";
			"isa" = "PBXFileReference";
			"path" = "RecoveryWarningsSection.swift";
		};
		"F5BF30C430002EBC00AB5AD9" = {
			"path" = "InputValidation.swift";
			"lastKnownFileType" = "sourcecode.swift";
			"isa" = "PBXFileReference";
			"sourceTree" = "<group>";
		};
		"F54B8114300CF6AF00615DA0" = {
			"isa" = "PBXFileReference";
			"path" = "SettingsReplacing.swift";
			"lastKnownFileType" = "sourcecode.swift";
			"fileEncoding" = "4";
			"sourceTree" = "<group>";
		};
		"F54004D62FF0CFBA0079CC05" = {
			"sourceTree" = "<group>";
			"isa" = "PBXFileReference";
			"lastKnownFileType" = "sourcecode.swift";
			"path" = "HistoryView.swift";
		};
		"F54B80ED300C459400615DA0" = {
			"path" = "RecoveryAnalyzerIntegrationTests.swift";
			"lastKnownFileType" = "sourcecode.swift";
			"isa" = "PBXFileReference";
			"sourceTree" = "<group>";
		};
		"F5BF30452FF9E28700AB5AD9" = {
			"sourceTree" = "<group>";
			"isa" = "PBXFileReference";
			"path" = "FlowLayout.swift";
			"lastKnownFileType" = "sourcecode.swift";
		};
		"F54B80BC300827FE00615DA0" = {
			"isa" = "PBXBuildFile";
			"fileRef" = "F54B80BB300827FE00615DA0";
		};
		"F54B8116300CF6B700615DA0" = {
			"path" = "EquipmentReplacing.swift";
			"sourceTree" = "<group>";
			"fileEncoding" = "4";
			"lastKnownFileType" = "sourcecode.swift";
			"isa" = "PBXFileReference";
		};
		"F5BF30CA3000432700AB5AD9" = {
			"sourceTree" = "<group>";
			"isa" = "PBXFileReference";
			"path" = "WorkoutTemplateStoreTests.swift";
			"lastKnownFileType" = "sourcecode.swift";
		};
		"F5630A2F30033CE9000BB3AD" = {
			"isa" = "PBXBuildFile";
			"fileRef" = "F5630A2E30033CE9000BB3AD";
		};
		"F54B80DD300BCA9300615DA0" = {
			"path" = "CustomExerciseImportValidator.swift";
			"lastKnownFileType" = "sourcecode.swift";
			"isa" = "PBXFileReference";
			"sourceTree" = "<group>";
		};
		"F54B80973006A53600615DA0" = {
			"sourceTree" = "<group>";
			"lastKnownFileType" = "sourcecode.swift";
			"path" = "WorkoutStartResult.swift";
			"isa" = "PBXFileReference";
		};
		"F54004E82FF413830079CC05" = {
			"sourceTree" = "<group>";
			"isa" = "PBXFileReference";
			"lastKnownFileType" = "sourcecode.swift";
			"path" = "WarmupSet.swift";
		};
		"F54B811A300CF6CA00615DA0" = {
			"fileEncoding" = "4";
			"path" = "WorkoutLogReplacing.swift";
			"lastKnownFileType" = "sourcecode.swift";
			"sourceTree" = "<group>";
			"isa" = "PBXFileReference";
		};
		"F5BF307C2FFC5DFD00AB5AD9" = {
			"isa" = "PBXBuildFile";
			"fileRef" = "F5BF307B2FFC5DFD00AB5AD9";
		};
		"F5BF30372FF9662900AB5AD9" = {
			"isa" = "PBXBuildFile";
			"fileRef" = "F5BF30362FF9662900AB5AD9";
		};
		"F54B809030068F7000615DA0" = {
			"fileEncoding" = "4";
			"sourceTree" = "<group>";
			"isa" = "PBXFileReference";
			"lastKnownFileType" = "sourcecode.swift";
			"path" = "PrimaryFormActionButton.swift";
		};
		"F5BF30AA2FFED42000AB5AD9" = {
			"isa" = "PBXBuildFile";
			"fileRef" = "F5BF30A42FFED42000AB5AD9";
		};
		"F5BF30652FFA7F9700AB5AD9" = {
			"isa" = "PBXBuildFile";
			"fileRef" = "F5BF30642FFA7F9700AB5AD9";
		};
		"F54004DB2FF1632B0079CC05" = {
			"sourceTree" = "<group>";
			"isa" = "PBXFileReference";
			"lastKnownFileType" = "sourcecode.swift";
			"path" = "WorkoutTemplate.swift";
		};
		"F54B80FA300C674100615DA0" = {
			"isa" = "PBXBuildFile";
			"fileRef" = "F54B80F9300C674100615DA0";
		};
		"F54005222FF6F7560079CC05" = {
			"isa" = "PBXBuildFile";
			"fileRef" = "F54005212FF6F7560079CC05";
		};
		"F54004D52FF0CF5C0079CC05" = {
			"isa" = "PBXBuildFile";
			"fileRef" = "F54004D42FF0CF5C0079CC05";
		};
		"F54B80F0300C498100615DA0" = {
			"isa" = "PBXBuildFile";
			"fileRef" = "F54B80EF300C498100615DA0";
		};
		"F59350B42FF83B9D00991F1D" = {
			"isa" = "PBXBuildFile";
			"fileRef" = "F59350B32FF83B9D00991F1D";
		};
		"F54B80963006917800615DA0" = {
			"isa" = "PBXBuildFile";
			"fileRef" = "F54B80953006917800615DA0";
		};
		"F5BF30612FFA74D300AB5AD9" = {
			"isa" = "PBXBuildFile";
			"fileRef" = "F5BF30602FFA74D300AB5AD9";
		};
		"F5BF309F2FFED28600AB5AD9" = {
			"isa" = "PBXBuildFile";
			"fileRef" = "F5BF309C2FFED28500AB5AD9";
		};
		"F54005002FF4783D0079CC05" = {
			"path" = "TemplateEditorView.swift";
			"isa" = "PBXFileReference";
			"lastKnownFileType" = "sourcecode.swift";
			"sourceTree" = "<group>";
		};
		"F54B812F300D018D00615DA0" = {
			"fileEncoding" = "4";
			"sourceTree" = "<group>";
			"path" = "CustomExercises.md";
			"isa" = "PBXFileReference";
			"lastKnownFileType" = "net.daringfireball.markdown";
		};
		"F5BF30782FFB25C600AB5AD9" = {
			"isa" = "PBXBuildFile";
			"fileRef" = "F5BF30772FFB25C600AB5AD9";
		};
		"F5BF30552FF9FA4F00AB5AD9" = {
			"isa" = "PBXBuildFile";
			"fileRef" = "F5BF30542FF9FA4F00AB5AD9";
		};
		"F5BF30622FFA77E700AB5AD9" = {
			"sourceTree" = "<group>";
			"isa" = "PBXFileReference";
			"path" = "NotesSectionView.swift";
			"lastKnownFileType" = "sourcecode.swift";
		};
		"F54005192FF69CC60079CC05" = {
			"path" = "AppBackup.swift";
			"isa" = "PBXFileReference";
			"lastKnownFileType" = "sourcecode.swift";
			"sourceTree" = "<group>";
		};
		"F54004F72FF439FB0079CC05" = {
			"isa" = "PBXBuildFile";
			"fileRef" = "F54004F62FF439FB0079CC05";
		};
		"F54004A82FF0C6FE0079CC05" = {
			"buildConfigurations" = (
				"F54004BC2FF0C7030079CC05",
				"F54004BD2FF0C7030079CC05",
			);
			"defaultConfigurationName" = "Release";
			"isa" = "XCConfigurationList";
			"defaultConfigurationIsVisible" = "0";
		};
		"F54004A92FF0C6FE0079CC05" = {
			"runOnlyForDeploymentPostprocessing" = "0";
			"buildActionMask" = "2147483647";
			"files" = (
				"F54B8113300CF6A400615DA0",
				"F54B80B43006E49800615DA0",
				"F5BF30B92FFEDA7D00AB5AD9",
				"F54B80C43008309E00615DA0",
				"F5BF30592FF9FA6F00AB5AD9",
				"F5BF30392FF9DC1800AB5AD9",
				"F54B80C230082DD600615DA0",
				"F54004E02FF1640A0079CC05",
				"F5BF30A92FFED42000AB5AD9",
				"F54004F12FF41D800079CC05",
				"F54B80D0300855E200615DA0",
				"F54004F32FF41DC50079CC05",
				"F54B80BE3008289A00615DA0",
				"F54004EB2FF413EA0079CC05",
				"F54B809F3006D05800615DA0",
				"F5BF303D2FF9DE6D00AB5AD9",
				"F5BF30822FFD328500AB5AD9",
				"F54B80CA3008511E00615DA0",
				"F540050C2FF597CB0079CC05",
				"F5630A353003EA87000BB3AD",
				"F54004F72FF439FB0079CC05",
				"F54B8119300CF6C300615DA0",
				"F54B811B300CF6CA00615DA0",
				"F54005122FF5C0990079CC05",
				"F5BF303B2FF9DC4E00AB5AD9",
				"F540051C2FF69DD30079CC05",
				"F54005162FF5CF8D0079CC05",
				"F54004E92FF413830079CC05",
				"F5BF30C12FFF19E700AB5AD9",
				"F5BF304A2FF9E6E800AB5AD9",
				"F54004D72FF0CFBA0079CC05",
				"F54004CD2FF0C8720079CC05",
				"F54B80B83006F6F400615DA0",
				"F54004FB2FF476D70079CC05",
				"F5BF30C530002EBC00AB5AD9",
				"F5BF30632FFA77E700AB5AD9",
				"F5BF307E2FFC74D000AB5AD9",
				"F54005102FF5984C0079CC05",
				"F54B80B63006F06200615DA0",
				"F5BF306B2FFAA6A200AB5AD9",
				"F54B80A93006DE0A00615DA0",
				"F54B80A13006D46200615DA0",
				"F5BF30732FFB227200AB5AD9",
				"F540051A2FF69CC60079CC05",
				"F54B8115300CF6AF00615DA0",
				"F54005032FF47B0C0079CC05",
				"F54B80D230085A6C00615DA0",
				"F54004CF2FF0C87E0079CC05",
				"F54B80A33006D47300615DA0",
				"F54004D12FF0C88A0079CC05",
				"F54B80BA300827D200615DA0",
				"F540050E2FF598060079CC05",
				"F5BF30AA2FFED42000AB5AD9",
				"F5BF30802FFC75AD00AB5AD9",
				"F54004DC2FF1632B0079CC05",
				"F54005182FF5CFA50079CC05",
				"F54B8117300CF6B700615DA0",
				"F5630A213001946F000BB3AD",
				"F54B80B03006E20800615DA0",
				"F54B80CC3008517800615DA0",
				"F5630A2F30033CE9000BB3AD",
				"F5BF30BB2FFEDADD00AB5AD9",
				"F5630A393003EAF6000BB3AD",
				"F5BF30AE2FFED42000AB5AD9",
				"F5BF30B32FFED4B300AB5AD9",
				"F5BF30B42FFED4B300AB5AD9",
				"F5BF30AB2FFED42000AB5AD9",
				"F54005062FF568570079CC05",
				"F5BF30372FF9662900AB5AD9",
				"F5BF30432FF9E1D400AB5AD9",
				"F54004C52FF0C83E0079CC05",
				"F5BF30782FFB25C600AB5AD9",
				"F54004CB2FF0C8640079CC05",
				"F5BF305F2FFA734200AB5AD9",
				"F54B80E6300C23B700615DA0",
				"F5630A2D3003363A000BB3AD",
				"F54004E72FF338CE0079CC05",
				"F54005012FF4783D0079CC05",
				"F54004E52FF16A750079CC05",
				"F5BF307A2FFB288F00AB5AD9",
				"F5BF30692FFAA4C500AB5AD9",
				"F54B808A30044C4E00615DA0",
				"F5BF304C2FF9E70900AB5AD9",
				"F54B80D430090FFD00615DA0",
				"F54B80CE3008540A00615DA0",
				"F5630A2A3002691F000BB3AD",
				"F5BF30AD2FFED42000AB5AD9",
				"F5BF30462FF9E28700AB5AD9",
				"F54B80DE300BCA9300615DA0",
				"F54B8093300690A400615DA0",
				"F5BF30BF2FFEDD3600AB5AD9",
				"F54005222FF6F7560079CC05",
				"F54B80983006A53600615DA0",
				"F54B808C30044C8900615DA0",
				"F5BF30B22FFED4B300AB5AD9",
				"F5BF30AC2FFED42000AB5AD9",
				"F540050A2FF58D660079CC05",
				"F54B808F3004717100615DA0",
				"F5BF30C32FFF1A1C00AB5AD9",
				"F5BF306D2FFB131E00AB5AD9",
				"F54004D92FF0CFD10079CC05",
				"F54004C92FF0C8570079CC05",
				"F5BF30552FF9FA4F00AB5AD9",
				"F5BF30BD2FFEDBA400AB5AD9",
				"F54004ED2FF41A8C0079CC05",
				"F5BF30652FFA7F9700AB5AD9",
				"F54B80D730091DB500615DA0",
				"F54005242FF6F8DD0079CC05",
				"F59350B42FF83B9D00991F1D",
				"F54B80C8300850C600615DA0",
				"F54B80AB3006DE3600615DA0",
				"F5BF307C2FFC5DFD00AB5AD9",
				"F54004D32FF0C8970079CC05",
				"F59350B82FF848FA00991F1D",
				"F54B80E4300C238200615DA0",
				"F5BF30612FFA74D300AB5AD9",
				"F5BF30B82FFEDA7D00AB5AD9",
				"F5BF30402FF9DFE100AB5AD9",
				"F54004EF2FF41AD90079CC05",
				"F54B80963006917800615DA0",
				"F54B80B23006E2B700615DA0",
				"F54004F52FF41DEA0079CC05",
				"F54B80C03008294B00615DA0",
				"F54004C72FF0C8490079CC05",
				"F54004B12FF0C6FE0079CC05",
				"F54B80C63008503700615DA0",
				"F5BF30712FFB17E200AB5AD9",
				"F5630A273002669F000BB3AD",
				"F5630A323003EA36000BB3AD",
				"F54004E32FF169390079CC05",
				"F5BF30762FFB23E600AB5AD9",
				"F54004F92FF472700079CC05",
				"F5BF30482FF9E6B800AB5AD9",
				"F5BF30852FFD9E5000AB5AD9",
				"F59350B62FF848AD00991F1D",
				"F5BF305B2FF9FFD900AB5AD9",
				"F540051E2FF6E0CD0079CC05",
				"F54004DE2FF163F10079CC05",
				"F54B809A3006A7B900615DA0",
				"F54B80BC300827FE00615DA0",
				"F5BF305D2FFA70FA00AB5AD9",
				"F5BF30572FF9FA6000AB5AD9",
				"F54B80E2300C234100615DA0",
				"F54004D52FF0CF5C0079CC05",
				"F54B809130068F7000615DA0",
				"F5630A24300260A3000BB3AD",
				"F5BF30672FFA9F5400AB5AD9",
				"F54B80A53006D8C500615DA0",
				"F5630A373003EAB1000BB3AD",
				"F5BF306F2FFB143A00AB5AD9",
				"F54005202FF6E5250079CC05",
				"F54005082FF5686C0079CC05",
			);
			"isa" = "PBXSourcesBuildPhase";
		};
		"F54004CF2FF0C87E0079CC05" = {
			"isa" = "PBXBuildFile";
			"fileRef" = "F54004CE2FF0C87E0079CC05";
		};
		"F540050D2FF598060079CC05" = {
			"path" = "UserSettingsStore.swift";
			"isa" = "PBXFileReference";
			"lastKnownFileType" = "sourcecode.swift";
			"sourceTree" = "<group>";
		};
		"F5BF309E2FFED28500AB5AD9" = {
			"sourceTree" = "<group>";
			"path" = "WarmupEngineTests.swift";
			"lastKnownFileType" = "sourcecode.swift";
			"fileEncoding" = "4";
			"isa" = "PBXFileReference";
		};
		"F5BF30A52FFED42000AB5AD9" = {
			"lastKnownFileType" = "sourcecode.swift";
			"sourceTree" = "<group>";
			"isa" = "PBXFileReference";
			"fileEncoding" = "4";
			"path" = "PersonalRecordsSection.swift";
		};
		"F54B80E7300C3EDB00615DA0" = {
			"sourceTree" = "<group>";
			"lastKnownFileType" = "sourcecode.swift";
			"isa" = "PBXFileReference";
			"path" = "VolumeSpikeAnalyzerTests.swift";
		};
		"F54B80D230085A6C00615DA0" = {
			"isa" = "PBXBuildFile";
			"fileRef" = "F54B80D130085A6C00615DA0";
		};
		"F5BF30822FFD328500AB5AD9" = {
			"isa" = "PBXBuildFile";
			"fileRef" = "F5BF30812FFD328500AB5AD9";
		};
		"F5630A2A3002691F000BB3AD" = {
			"isa" = "PBXBuildFile";
			"fileRef" = "F5630A293002691F000BB3AD";
		};
		"F54B80CE3008540A00615DA0" = {
			"isa" = "PBXBuildFile";
			"fileRef" = "F54B80CD3008540A00615DA0";
		};
		"F54B80F2300C599600615DA0" = {
			"isa" = "PBXBuildFile";
			"fileRef" = "F54B80F1300C599500615DA0";
		};
		"F540051D2FF6E0CD0079CC05" = {
			"sourceTree" = "<group>";
			"isa" = "PBXFileReference";
			"lastKnownFileType" = "sourcecode.swift";
			"path" = "ExercisePerformanceAnalyzer.swift";
		};
		"F54005032FF47B0C0079CC05" = {
			"isa" = "PBXBuildFile";
			"fileRef" = "F54005022FF47B0C0079CC05";
		};
		"F540051E2FF6E0CD0079CC05" = {
			"isa" = "PBXBuildFile";
			"fileRef" = "F540051D2FF6E0CD0079CC05";
		};
		"F5BF30BE2FFEDD3600AB5AD9" = {
			"sourceTree" = "<group>";
			"path" = "CSVDocument.swift";
			"fileEncoding" = "4";
			"lastKnownFileType" = "sourcecode.swift";
			"isa" = "PBXFileReference";
		};
		"F5BF30C93000421D00AB5AD9" = {
			"isa" = "PBXBuildFile";
			"fileRef" = "F5BF30C83000421D00AB5AD9";
		};
		"F54005162FF5CF8D0079CC05" = {
			"isa" = "PBXBuildFile";
			"fileRef" = "F54005152FF5CF8D0079CC05";
		};
		"F5BF307D2FFC74D000AB5AD9" = {
			"sourceTree" = "<group>";
			"isa" = "PBXFileReference";
			"path" = "ExerciseRegistry.swift";
			"lastKnownFileType" = "sourcecode.swift";
		};
		"F5BF30392FF9DC1800AB5AD9" = {
			"isa" = "PBXBuildFile";
			"fileRef" = "F5BF30382FF9DC1800AB5AD9";
		};
		"F54B80EB300C428E00615DA0" = {
			"sourceTree" = "<group>";
			"lastKnownFileType" = "sourcecode.swift";
			"isa" = "PBXFileReference";
			"path" = "IntraWorkoutFatigueAnalyzerTests.swift";
		};
		"F5BF30B62FFEDA7D00AB5AD9" = {
			"fileEncoding" = "4";
			"sourceTree" = "<group>";
			"path" = "ExportActionsSection.swift";
			"lastKnownFileType" = "sourcecode.swift";
			"isa" = "PBXFileReference";
		};
		"F54B80E8300C3EDB00615DA0" = {
			"isa" = "PBXBuildFile";
			"fileRef" = "F54B80E7300C3EDB00615DA0";
		};
		"F54B8133300D018D00615DA0" = {
			"lastKnownFileType" = "net.daringfireball.markdown";
			"sourceTree" = "<group>";
			"fileEncoding" = "4";
			"path" = "Recovery.md";
			"isa" = "PBXFileReference";
		};
		"F54B8139300D018D00615DA0" = {
			"path" = "README.md";
			"sourceTree" = "<group>";
			"fileEncoding" = "4";
			"isa" = "PBXFileReference";
			"lastKnownFileType" = "net.daringfireball.markdown";
		};
		"F54B80C230082DD600615DA0" = {
			"isa" = "PBXBuildFile";
			"fileRef" = "F54B80C130082DD600615DA0";
		};
		"F54B80DF300BCC4B00615DA0" = {
			"path" = "CustomExerciseImportValidatorTests.swift";
			"isa" = "PBXFileReference";
			"sourceTree" = "<group>";
			"lastKnownFileType" = "sourcecode.swift";
		};
		"F5BF30682FFAA4C500AB5AD9" = {
			"sourceTree" = "<group>";
			"isa" = "PBXFileReference";
			"lastKnownFileType" = "sourcecode.swift";
			"path" = "WorkoutSessionActionsView.swift";
		};
		"F5BF30A02FFED28600AB5AD9" = {
			"isa" = "PBXBuildFile";
			"fileRef" = "F5BF309D2FFED28500AB5AD9";
		};
		"F54B80C7300850C600615DA0" = {
			"path" = "CustomExerciseEducationSections.swift";
			"lastKnownFileType" = "sourcecode.swift";
			"isa" = "PBXFileReference";
			"sourceTree" = "<group>";
		};
		"F54B8107300C6CD700615DA0" = {
			"fileEncoding" = "4";
			"sourceTree" = "<group>";
			"lastKnownFileType" = "sourcecode.swift";
			"path" = "ActiveWorkoutStoreTests.swift";
			"isa" = "PBXFileReference";
		};
		"F54004ED2FF41A8C0079CC05" = {
			"isa" = "PBXBuildFile";
			"fileRef" = "F54004EC2FF41A8C0079CC05";
		};
		"F54B8092300690A400615DA0" = {
			"path" = "AppEmptyStateView.swift";
			"isa" = "PBXFileReference";
			"lastKnownFileType" = "sourcecode.swift";
			"sourceTree" = "<group>";
		};
		"F5BF30A32FFED42000AB5AD9" = {
			"fileEncoding" = "4";
			"path" = "AnalyticsOverviewSection.swift";
			"isa" = "PBXFileReference";
			"sourceTree" = "<group>";
			"lastKnownFileType" = "sourcecode.swift";
		};
		"F5BF30792FFB288F00AB5AD9" = {
			"path" = "InventoryAddItemRow.swift";
			"isa" = "PBXFileReference";
			"lastKnownFileType" = "sourcecode.swift";
			"sourceTree" = "<group>";
		};
		"F5BF30772FFB25C600AB5AD9" = {
			"path" = "InventoryItemRow.swift";
			"isa" = "PBXFileReference";
			"sourceTree" = "<group>";
			"lastKnownFileType" = "sourcecode.swift";
		};
		"F5BF30632FFA77E700AB5AD9" = {
			"isa" = "PBXBuildFile";
			"fileRef" = "F5BF30622FFA77E700AB5AD9";
		};
		"F5BF30C22FFF1A1C00AB5AD9" = {
			"path" = "ErrorReportingStore.swift";
			"sourceTree" = "<group>";
			"fileEncoding" = "4";
			"lastKnownFileType" = "sourcecode.swift";
			"isa" = "PBXFileReference";
		};
		"F54B809E3006D05800615DA0" = {
			"sourceTree" = "<group>";
			"isa" = "PBXFileReference";
			"lastKnownFileType" = "sourcecode.swift";
			"path" = "AnalyticsSnapshot.swift";
		};
		"F5BF30B82FFEDA7D00AB5AD9" = {
			"isa" = "PBXBuildFile";
			"fileRef" = "F5BF30B62FFEDA7D00AB5AD9";
		};
		"F5BF303C2FF9DE6D00AB5AD9" = {
			"path" = "ExerciseHeaderView.swift";
			"isa" = "PBXFileReference";
			"lastKnownFileType" = "sourcecode.swift";
			"sourceTree" = "<group>";
		};
		"F54004EE2FF41AD90079CC05" = {
			"sourceTree" = "<group>";
			"isa" = "PBXFileReference";
			"lastKnownFileType" = "sourcecode.swift";
			"path" = "PlateCalculator.swift";
		};
		"F54004C42FF0C83E0079CC05" = {
			"sourceTree" = "<group>";
			"lastKnownFileType" = "sourcecode.swift";
			"isa" = "PBXFileReference";
			"path" = "Exercise.swift";
		};
		"F54004D22FF0C8970079CC05" = {
			"sourceTree" = "<group>";
			"lastKnownFileType" = "sourcecode.swift";
			"path" = "WorkoutSessionView.swift";
			"isa" = "PBXFileReference";
		};
		"F54004F92FF472700079CC05" = {
			"isa" = "PBXBuildFile";
			"fileRef" = "F54004F82FF472700079CC05";
		};
		"F54B80D830091DF300615DA0" = {
			"path" = "ExerciseNameValidatorTests.swift";
			"isa" = "PBXFileReference";
			"lastKnownFileType" = "sourcecode.swift";
			"sourceTree" = "<group>";
		};
		"F54B80BA300827D200615DA0" = {
			"isa" = "PBXBuildFile";
			"fileRef" = "F54B80B9300827D200615DA0";
		};
		"F54B809C3006A7E900615DA0" = {
			"isa" = "PBXBuildFile";
			"fileRef" = "F54B809B3006A7E900615DA0";
		};
		"F540051B2FF69DD30079CC05" = {
			"path" = "BackupDocument.swift";
			"isa" = "PBXFileReference";
			"lastKnownFileType" = "sourcecode.swift";
			"sourceTree" = "<group>";
		};
		"F54004F02FF41D800079CC05" = {
			"sourceTree" = "<group>";
			"isa" = "PBXFileReference";
			"lastKnownFileType" = "sourcecode.swift";
			"path" = "EquipmentInventory.swift";
		};
		"F5BF30B72FFEDA7D00AB5AD9" = {
			"fileEncoding" = "4";
			"path" = "ImportActionsSection.swift";
			"isa" = "PBXFileReference";
			"lastKnownFileType" = "sourcecode.swift";
			"sourceTree" = "<group>";
		};
		"F5BF305A2FF9FFD900AB5AD9" = {
			"path" = "CurrentSetCardView.swift";
			"lastKnownFileType" = "sourcecode.swift";
			"isa" = "PBXFileReference";
			"sourceTree" = "<group>";
		};
		"F5BF30672FFA9F5400AB5AD9" = {
			"isa" = "PBXBuildFile";
			"fileRef" = "F5BF30662FFA9F5400AB5AD9";
		};
		"F5BF30A42FFED42000AB5AD9" = {
			"isa" = "PBXFileReference";
			"sourceTree" = "<group>";
			"path" = "PerformanceWarningsSection.swift";
			"fileEncoding" = "4";
			"lastKnownFileType" = "sourcecode.swift";
		};
		"F5BF30982FFDFF3100AB5AD9" = {
			"isa" = "PBXBuildFile";
			"fileRef" = "F5BF30872FFDFDFA00AB5AD9";
		};
		"F54B80F6300C59AA00615DA0" = {
			"isa" = "PBXBuildFile";
			"fileRef" = "F54B80F5300C59AA00615DA0";
		};
		"F54B8126300D018D00615DA0" = {
			"isa" = "PBXFileReference";
			"path" = "Persistence.md";
			"sourceTree" = "<group>";
			"fileEncoding" = "4";
			"lastKnownFileType" = "net.daringfireball.markdown";
		};
		"F54B80A93006DE0A00615DA0" = {
			"isa" = "PBXBuildFile";
			"fileRef" = "F54B80A83006DE0A00615DA0";
		};
		"F5BF30C12FFF19E700AB5AD9" = {
			"isa" = "PBXBuildFile";
			"fileRef" = "F5BF30C02FFF19E700AB5AD9";
		};
		"F54B810A300C707000615DA0" = {
			"isa" = "PBXBuildFile";
			"fileRef" = "F54B8109300C707000615DA0";
		};
		"F54B808930044C4E00615DA0" = {
			"path" = "HistoricalExerciseReference.swift";
			"lastKnownFileType" = "sourcecode.swift";
			"isa" = "PBXFileReference";
			"sourceTree" = "<group>";
		};
		"F54B8125300D018D00615DA0" = {
			"fileEncoding" = "4";
			"sourceTree" = "<group>";
			"lastKnownFileType" = "net.daringfireball.markdown";
			"isa" = "PBXFileReference";
			"path" = "FolderStructure.md";
		};
		"F5BF30992FFDFF3300AB5AD9" = {
			"isa" = "PBXBuildFile";
			"fileRef" = "F5BF30892FFDFE1200AB5AD9";
		};
		"F5BF30872FFDFDFA00AB5AD9" = {
			"sourceTree" = "<group>";
			"path" = "ProgressionEngineTests.swift";
			"isa" = "PBXFileReference";
			"lastKnownFileType" = "sourcecode.swift";
		};
		"F5BF30712FFB17E200AB5AD9" = {
			"isa" = "PBXBuildFile";
			"fileRef" = "F5BF30702FFB17E200AB5AD9";
		};
		"F5BF30762FFB23E600AB5AD9" = {
			"isa" = "PBXBuildFile";
			"fileRef" = "F5BF30752FFB23E600AB5AD9";
		};
		"F54004E32FF169390079CC05" = {
			"isa" = "PBXBuildFile";
			"fileRef" = "F54004E22FF169390079CC05";
		};
		"F54B80AF3006E20800615DA0" = {
			"sourceTree" = "<group>";
			"isa" = "PBXFileReference";
			"path" = "WorkoutLogRepository.swift";
			"lastKnownFileType" = "sourcecode.swift";
		};
		"F54B80B63006F06200615DA0" = {
			"isa" = "PBXBuildFile";
			"fileRef" = "F54B80B53006F06200615DA0";
		};
		"F54B80A33006D47300615DA0" = {
			"isa" = "PBXBuildFile";
			"fileRef" = "F54B80A23006D47300615DA0";
		};
		"F5630A393003EAF6000BB3AD" = {
			"isa" = "PBXBuildFile";
			"fileRef" = "F5630A383003EAF6000BB3AD";
		};
		"F5BF303B2FF9DC4E00AB5AD9" = {
			"isa" = "PBXBuildFile";
			"fileRef" = "F5BF303A2FF9DC4E00AB5AD9";
		};
		"F54004D12FF0C88A0079CC05" = {
			"isa" = "PBXBuildFile";
			"fileRef" = "F54004D02FF0C88A0079CC05";
		};
		"F5630A373003EAB1000BB3AD" = {
			"isa" = "PBXBuildFile";
			"fileRef" = "F5630A363003EAB1000BB3AD";
		};
		"F54B80C33008309E00615DA0" = {
			"path" = "CustomExerciseIdentitySection.swift";
			"isa" = "PBXFileReference";
			"sourceTree" = "<group>";
			"lastKnownFileType" = "sourcecode.swift";
		};
		"F54004CE2FF0C87E0079CC05" = {
			"path" = "ExerciseLibraryView.swift";
			"lastKnownFileType" = "sourcecode.swift";
			"isa" = "PBXFileReference";
			"sourceTree" = "<group>";
		};
		"F540051C2FF69DD30079CC05" = {
			"isa" = "PBXBuildFile";
			"fileRef" = "F540051B2FF69DD30079CC05";
		};
		"F5BF30472FF9E6B800AB5AD9" = {
			"sourceTree" = "<group>";
			"isa" = "PBXFileReference";
			"lastKnownFileType" = "sourcecode.swift";
			"path" = "ExerciseInstructionsView.swift";
		};
		"F54004D02FF0C88A0079CC05" = {
			"sourceTree" = "<group>";
			"isa" = "PBXFileReference";
			"path" = "StartWorkoutView.swift";
			"lastKnownFileType" = "sourcecode.swift";
		};
		"F54004E72FF338CE0079CC05" = {
			"isa" = "PBXBuildFile";
			"fileRef" = "F54004E62FF338CD0079CC05";
		};
		"F5BF30B12FFED4B300AB5AD9" = {
			"path" = "PlatesInventorySection.swift";
			"sourceTree" = "<group>";
			"lastKnownFileType" = "sourcecode.swift";
			"isa" = "PBXFileReference";
			"fileEncoding" = "4";
		};
		"F54B80A23006D47300615DA0" = {
			"path" = "PersonalRecord.swift";
			"isa" = "PBXFileReference";
			"sourceTree" = "<group>";
			"lastKnownFileType" = "sourcecode.swift";
		};
		"F54004A42FF0C6FE0079CC05" = {
			"sourceTree" = "<group>";
			"isa" = "PBXGroup";
			"children" = (
				"F5BF30CC3000490100AB5AD9",
				"F54004AF2FF0C6FE0079CC05",
				"F5BF30902FFDFF1600AB5AD9",
				"F54004AE2FF0C6FE0079CC05",
			);
		};
		"F5BF30B42FFED4B300AB5AD9" = {
			"isa" = "PBXBuildFile";
			"fileRef" = "F5BF30B12FFED4B300AB5AD9";
		};
		"F5630A263002669F000BB3AD" = {
			"path" = "StoreError.swift";
			"lastKnownFileType" = "sourcecode.swift";
			"isa" = "PBXFileReference";
			"sourceTree" = "<group>";
		};
		"F5BF30362FF9662900AB5AD9" = {
			"sourceTree" = "<group>";
			"lastKnownFileType" = "sourcecode.swift";
			"path" = "ActiveWorkoutStore.swift";
			"isa" = "PBXFileReference";
		};
		"F5BF30382FF9DC1800AB5AD9" = {
			"sourceTree" = "<group>";
			"lastKnownFileType" = "sourcecode.swift";
			"isa" = "PBXFileReference";
			"path" = "ExerciseRowView.swift";
		};
		"F54B809B3006A7E900615DA0" = {
			"path" = "PersistedEnvelopeTests.swift";
			"isa" = "PBXFileReference";
			"sourceTree" = "<group>";
			"lastKnownFileType" = "sourcecode.swift";
		};
		"F54004C82FF0C8570079CC05" = {
			"sourceTree" = "<group>";
			"isa" = "PBXFileReference";
			"path" = "WorkoutLog.swift";
			"lastKnownFileType" = "sourcecode.swift";
		};
		"F54B8115300CF6AF00615DA0" = {
			"isa" = "PBXBuildFile";
			"fileRef" = "F54B8114300CF6AF00615DA0";
		};
		"F54B80BB300827FE00615DA0" = {
			"path" = "CustomExerciseRepository.swift";
			"isa" = "PBXFileReference";
			"sourceTree" = "<group>";
			"lastKnownFileType" = "sourcecode.swift";
		};
		"F5630A24300260A3000BB3AD" = {
			"isa" = "PBXBuildFile";
			"fileRef" = "F5630A23300260A3000BB3AD";
		};
		"F5BF30B02FFED4B300AB5AD9" = {
			"lastKnownFileType" = "sourcecode.swift";
			"path" = "DumbbellsInventorySection.swift";
			"isa" = "PBXFileReference";
			"fileEncoding" = "4";
			"sourceTree" = "<group>";
		};
		"F54004F62FF439FB0079CC05" = {
			"sourceTree" = "<group>";
			"path" = "RestTimerRule.swift";
			"isa" = "PBXFileReference";
			"lastKnownFileType" = "sourcecode.swift";
		};
		"F54B8122300D018D00615DA0" = {
			"lastKnownFileType" = "net.daringfireball.markdown";
			"sourceTree" = "<group>";
			"fileEncoding" = "4";
			"isa" = "PBXFileReference";
			"path" = "Architecture.md";
		};
		"F54B812A300D018D00615DA0" = {
			"lastKnownFileType" = "net.daringfireball.markdown";
			"sourceTree" = "<group>";
			"path" = "DevelopmentRoadmap.md";
			"isa" = "PBXFileReference";
			"fileEncoding" = "4";
		};
		"F54B8138300D018D00615DA0" = {
			"sourceTree" = "<group>";
			"path" = "README.md";
			"isa" = "PBXFileReference";
			"fileEncoding" = "4";
			"lastKnownFileType" = "net.daringfireball.markdown";
		};
		"F5BF309B2FFED27700AB5AD9" = {
			"isa" = "PBXBuildFile";
			"fileRef" = "F5BF309A2FFED27700AB5AD9";
		};
		"F54005212FF6F7560079CC05" = {
			"sourceTree" = "<group>";
			"isa" = "PBXFileReference";
			"path" = "DashboardStatsView.swift";
			"lastKnownFileType" = "sourcecode.swift";
		};
		"F5BF305D2FFA70FA00AB5AD9" = {
			"isa" = "PBXBuildFile";
			"fileRef" = "F5BF305C2FFA70FA00AB5AD9";
		};
		"F54B80F5300C59AA00615DA0" = {
			"fileEncoding" = "4";
			"path" = "WorkoutLogTestFactory.swift";
			"lastKnownFileType" = "sourcecode.swift";
			"isa" = "PBXFileReference";
			"sourceTree" = "<group>";
		};
		"F5BF305E2FFA734200AB5AD9" = {
			"path" = "WarmupSectionView.swift";
			"sourceTree" = "<group>";
			"lastKnownFileType" = "sourcecode.swift";
			"isa" = "PBXFileReference";
		};
		"F54B8106300C6CD000615DA0" = {
			"isa" = "PBXBuildFile";
			"fileRef" = "F54B8105300C6CD000615DA0";
		};
		"F5BF30AB2FFED42000AB5AD9" = {
			"isa" = "PBXBuildFile";
			"fileRef" = "F5BF30A52FFED42000AB5AD9";
		};
		"F54004AA2FF0C6FE0079CC05" = {
			"runOnlyForDeploymentPostprocessing" = "0";
			"buildActionMask" = "2147483647";
			"files" = (
			);
			"isa" = "PBXFrameworksBuildPhase";
		};
		"F54B80983006A53600615DA0" = {
			"isa" = "PBXBuildFile";
			"fileRef" = "F54B80973006A53600615DA0";
		};
		"F54B8123300D018D00615DA0" = {
			"isa" = "PBXFileReference";
			"sourceTree" = "<group>";
			"path" = "BackupSystem.md";
			"fileEncoding" = "4";
			"lastKnownFileType" = "net.daringfireball.markdown";
		};
		"F54004B92FF0C7030079CC05" = {
			"sourceTree" = "<group>";
			"lastKnownFileType" = "folder.assetcatalog";
			"path" = "Preview Assets.xcassets";
			"isa" = "PBXFileReference";
		};
		"F54B808B30044C8900615DA0" = {
			"path" = "HistoricalExerciseReferenceSource.swift";
			"lastKnownFileType" = "sourcecode.swift";
			"sourceTree" = "<group>";
			"isa" = "PBXFileReference";
		};
		"F54B8129300D018D00615DA0" = {
			"lastKnownFileType" = "net.daringfireball.markdown";
			"sourceTree" = "<group>";
			"isa" = "PBXFileReference";
			"fileEncoding" = "4";
			"path" = "CodingStandards.md";
		};
		"F5BF308D2FFDFF1500AB5AD9" = {
			"runOnlyForDeploymentPostprocessing" = "0";
			"buildActionMask" = "2147483647";
			"files" = (
			);
			"isa" = "PBXResourcesBuildPhase";
		};
		"F540050F2FF5984C0079CC05" = {
			"path" = "SettingsView.swift";
			"lastKnownFileType" = "sourcecode.swift";
			"isa" = "PBXFileReference";
			"sourceTree" = "<group>";
		};
		"F54004BB2FF0C7030079CC05" = {
			"sourceTree" = "<group>";
			"isa" = "PBXFileReference";
			"lastKnownFileType" = "text.plist.entitlements";
			"path" = "MyWorkout.entitlements";
		};
		"F5630A313003EA36000BB3AD" = {
			"path" = "ExerciseProviding.swift";
			"isa" = "PBXFileReference";
			"sourceTree" = "<group>";
			"lastKnownFileType" = "sourcecode.swift";
		};
		"F5BF30942FFDFF1600AB5AD9" = {
			"isa" = "PBXTargetDependency";
			"target" = "F54004AC2FF0C6FE0079CC05";
			"targetProxy" = "F5BF30932FFDFF1600AB5AD9";
		};
		"F5BF30BA2FFEDADD00AB5AD9" = {
			"path" = "BackupImportHandler.swift";
			"sourceTree" = "<group>";
			"lastKnownFileType" = "sourcecode.swift";
			"isa" = "PBXFileReference";
			"fileEncoding" = "4";
		};
		"F54B80FB300C675300615DA0" = {
			"fileEncoding" = "4";
			"sourceTree" = "<group>";
			"path" = "WorkoutTemplateTestFactory.swift";
			"lastKnownFileType" = "sourcecode.swift";
			"isa" = "PBXFileReference";
		};
		"F54005152FF5CF8D0079CC05" = {
			"path" = "WorkoutCSVExporter.swift";
			"lastKnownFileType" = "sourcecode.swift";
			"isa" = "PBXFileReference";
			"sourceTree" = "<group>";
		};
		"F54004BA2FF0C7030079CC05" = {
			"isa" = "PBXBuildFile";
			"fileRef" = "F54004B92FF0C7030079CC05";
		};
		"F540050C2FF597CB0079CC05" = {
			"isa" = "PBXBuildFile";
			"fileRef" = "F540050B2FF597CB0079CC05";
		};
		"F54004FA2FF476D70079CC05" = {
			"path" = "StrengthTrendView.swift";
			"lastKnownFileType" = "sourcecode.swift";
			"isa" = "PBXFileReference";
			"sourceTree" = "<group>";
		};
		"F54B809130068F7000615DA0" = {
			"isa" = "PBXBuildFile";
			"fileRef" = "F54B809030068F7000615DA0";
		};
		"F54B80CF300855E200615DA0" = {
			"sourceTree" = "<group>";
			"lastKnownFileType" = "sourcecode.swift";
			"isa" = "PBXFileReference";
			"path" = "CustomExercisesView.swift";
		};
		"F5630A2E30033CE9000BB3AD" = {
			"path" = "MuscleGroup.swift";
			"lastKnownFileType" = "sourcecode.swift";
			"sourceTree" = "<group>";
			"isa" = "PBXFileReference";
		};
		"F54B80B13006E2B700615DA0" = {
			"sourceTree" = "<group>";
			"lastKnownFileType" = "sourcecode.swift";
			"path" = "FileWorkoutLogRepository.swift";
			"isa" = "PBXFileReference";
		};
		"F54004BF2FF0C7030079CC05" = {
			"name" = "Debug";
			"isa" = "XCBuildConfiguration";
			"buildSettings" = {
				"MARKETING_VERSION" = "1.0";
				"ASSETCATALOG_COMPILER_GLOBAL_ACCENT_COLOR_NAME" = "AccentColor";
				"ENABLE_PREVIEWS" = "YES";
				"TARGETED_DEVICE_FAMILY" = "1";
				"SWIFT_VERSION" = "5.0";
				"DEVELOPMENT_TEAM" = "6XVQUYT5J7";
				"PRODUCT_NAME" = "$(TARGET_NAME)";
				"DEVELOPMENT_ASSET_PATHS" = "\"MyWorkout/Resources/Preview Content\"";
				"MACOSX_DEPLOYMENT_TARGET" = "13.5";
				"ASSETCATALOG_COMPILER_APPICON_NAME" = "AppIcon";
				"PRODUCT_BUNDLE_IDENTIFIER" = "com.nicolaenastas.myworkout";
				"SWIFT_EMIT_LOC_STRINGS" = "YES";
				"CODE_SIGN_STYLE" = "Automatic";
				"INFOPLIST_KEY_UILaunchStoryboardName" = "LaunchScreen";
				"IPHONEOS_DEPLOYMENT_TARGET" = "17.1";
				"LD_RUNPATH_SEARCH_PATHS" = (
					"$(inherited)",
					"@executable_path/../Frameworks",
				);
				"COMBINE_HIDPI_IMAGES" = "YES";
				"INFOPLIST_KEY_NSHumanReadableCopyright" = "";
				"CODE_SIGN_ENTITLEMENTS" = "MyWorkout/Resources/MyWorkout.entitlements";
				"CURRENT_PROJECT_VERSION" = "1";
				"INFOPLIST_KEY_UISupportedInterfaceOrientations" = "UIInterfaceOrientationPortrait";
				"GENERATE_INFOPLIST_FILE" = "YES";
				"SUPPORTED_PLATFORMS" = "iphonesimulator iphoneos";
				"SUPPORTS_MACCATALYST" = "NO";
			};
		};
		"F54B80C63008503700615DA0" = {
			"isa" = "PBXBuildFile";
			"fileRef" = "F54B80C53008503700615DA0";
		};
		"F5BF30BF2FFEDD3600AB5AD9" = {
			"isa" = "PBXBuildFile";
			"fileRef" = "F5BF30BE2FFEDD3600AB5AD9";
		};
		"F54B8132300D018D00615DA0" = {
			"path" = "Progression.md";
			"sourceTree" = "<group>";
			"fileEncoding" = "4";
			"isa" = "PBXFileReference";
			"lastKnownFileType" = "net.daringfireball.markdown";
		};
		"F5BF307A2FFB288F00AB5AD9" = {
			"isa" = "PBXBuildFile";
			"fileRef" = "F5BF30792FFB288F00AB5AD9";
		};
		"F54004D32FF0C8970079CC05" = {
			"isa" = "PBXBuildFile";
			"fileRef" = "F54004D22FF0C8970079CC05";
		};
		"F54B80CB3008517800615DA0" = {
			"path" = "CustomExerciseProgressionSection.swift";
			"lastKnownFileType" = "sourcecode.swift";
			"isa" = "PBXFileReference";
			"sourceTree" = "<group>";
		};
		"F5BF30902FFDFF1600AB5AD9" = {
			"sourceTree" = "<group>";
			"path" = "MyWorkoutTests";
			"isa" = "PBXGroup";
			"children" = (
				"F54B80F5300C59AA00615DA0",
				"F54B80F1300C599500615DA0",
				"F5BF30892FFDFE1200AB5AD9",
				"F5BF30872FFDFDFA00AB5AD9",
				"F5BF309A2FFED27700AB5AD9",
				"F5BF309D2FFED28500AB5AD9",
				"F5BF309E2FFED28500AB5AD9",
				"F5BF309C2FFED28500AB5AD9",
				"F5BF30C63000401400AB5AD9",
				"F5BF30C83000421D00AB5AD9",
				"F5BF30CA3000432700AB5AD9",
				"F54B810B300C707800615DA0",
				"F54B8109300C707000615DA0",
				"F54B8107300C6CD700615DA0",
				"F54B8105300C6CD000615DA0",
				"F54B8103300C6CC200615DA0",
				"F54B809B3006A7E900615DA0",
				"F54B80A63006DCDB00615DA0",
				"F54B80D830091DF300615DA0",
				"F54B80DA300BC13400615DA0",
				"F54B80DF300BCC4B00615DA0",
				"F54B80E7300C3EDB00615DA0",
				"F54B80E9300C40EE00615DA0",
				"F54B80EB300C428E00615DA0",
				"F54B80ED300C459400615DA0",
				"F54B80EF300C498100615DA0",
				"F54B80F9300C674100615DA0",
				"F54B80FB300C675300615DA0",
			);
		};
		"F54004EA2FF413EA0079CC05" = {
			"sourceTree" = "<group>";
			"lastKnownFileType" = "sourcecode.swift";
			"isa" = "PBXFileReference";
			"path" = "WarmupEngine.swift";
		};
		"F54B8124300D018D00615DA0" = {
			"lastKnownFileType" = "net.daringfireball.markdown";
			"sourceTree" = "<group>";
			"isa" = "PBXFileReference";
			"fileEncoding" = "4";
			"path" = "DataFlow.md";
		};
		"F5BF306E2FFB143A00AB5AD9" = {
			"path" = "WorkoutSessionDialogs.swift";
			"isa" = "PBXFileReference";
			"lastKnownFileType" = "sourcecode.swift";
			"sourceTree" = "<group>";
		};
		"F54005062FF568570079CC05" = {
			"isa" = "PBXBuildFile";
			"fileRef" = "F54005052FF568570079CC05";
		};
		"F5BF30B92FFEDA7D00AB5AD9" = {
			"isa" = "PBXBuildFile";
			"fileRef" = "F5BF30B72FFEDA7D00AB5AD9";
		};
		"F54004F52FF41DEA0079CC05" = {
			"isa" = "PBXBuildFile";
			"fileRef" = "F54004F42FF41DEA0079CC05";
		};
		"F5BF30852FFD9E5000AB5AD9" = {
			"isa" = "PBXBuildFile";
			"fileRef" = "F5BF30842FFD9E5000AB5AD9";
		};
		"F5BF307B2FFC5DFD00AB5AD9" = {
			"path" = "ExerciseOverviewView.swift";
			"sourceTree" = "<group>";
			"lastKnownFileType" = "sourcecode.swift";
			"isa" = "PBXFileReference";
		};
		"F54B80D330090FFD00615DA0" = {
			"path" = "ExerciseReferenceChecker.swift";
			"isa" = "PBXFileReference";
			"sourceTree" = "<group>";
			"lastKnownFileType" = "sourcecode.swift";
		};
		"F5BF30BC2FFEDBA400AB5AD9" = {
			"fileEncoding" = "4";
			"sourceTree" = "<group>";
			"lastKnownFileType" = "sourcecode.swift";
			"path" = "DoubleBigStepperControl.swift";
			"isa" = "PBXFileReference";
		};
		"F54B80BE3008289A00615DA0" = {
			"isa" = "PBXBuildFile";
			"fileRef" = "F54B80BD3008289A00615DA0";
		};
		"F54B80E5300C23B600615DA0" = {
			"sourceTree" = "<group>";
			"isa" = "PBXFileReference";
			"lastKnownFileType" = "sourcecode.swift";
			"path" = "IntraWorkoutFatigueAnalyzer.swift";
		};
		"F54B80DE300BCA9300615DA0" = {
			"isa" = "PBXBuildFile";
			"fileRef" = "F54B80DD300BCA9300615DA0";
		};
		"F54004D82FF0CFD10079CC05" = {
			"path" = "WorkoutLogDetailView.swift";
			"isa" = "PBXFileReference";
			"lastKnownFileType" = "sourcecode.swift";
			"sourceTree" = "<group>";
		};
		"F54005092FF58D660079CC05" = {
			"path" = "AppTheme.swift";
			"sourceTree" = "<group>";
			"lastKnownFileType" = "sourcecode.swift";
			"isa" = "PBXFileReference";
		};
		"F54B8109300C707000615DA0" = {
			"path" = "EquipmentInventoryTestSupport.swift";
			"sourceTree" = "<group>";
			"fileEncoding" = "4";
			"lastKnownFileType" = "sourcecode.swift";
			"isa" = "PBXFileReference";
		};
		"F5BF30642FFA7F9700AB5AD9" = {
			"sourceTree" = "<group>";
			"isa" = "PBXFileReference";
			"lastKnownFileType" = "sourcecode.swift";
			"path" = "WorkoutSessionEngine.swift";
		};
		"F5BF30492FF9E6E800AB5AD9" = {
			"path" = "ExerciseTipsView.swift";
			"lastKnownFileType" = "sourcecode.swift";
			"isa" = "PBXFileReference";
			"sourceTree" = "<group>";
		};
		"F54005232FF6F8DD0079CC05" = {
			"sourceTree" = "<group>";
			"isa" = "PBXFileReference";
			"lastKnownFileType" = "sourcecode.swift";
			"path" = "ProgressionStrategy.swift";
		};
		"F54B8135300D018D00615DA0" = {
			"lastKnownFileType" = "net.daringfireball.markdown";
			"path" = "WorkoutSessions.md";
			"isa" = "PBXFileReference";
			"fileEncoding" = "4";
			"sourceTree" = "<group>";
		};
		"F54005102FF5984C0079CC05" = {
			"isa" = "PBXBuildFile";
			"fileRef" = "F540050F2FF5984C0079CC05";
		};
		"F5BF309D2FFED28500AB5AD9" = {
			"isa" = "PBXFileReference";
			"path" = "RestTimerRuleTests.swift";
			"fileEncoding" = "4";
			"sourceTree" = "<group>";
			"lastKnownFileType" = "sourcecode.swift";
		};
		"F5BF304B2FF9E70900AB5AD9" = {
			"sourceTree" = "<group>";
			"isa" = "PBXFileReference";
			"lastKnownFileType" = "sourcecode.swift";
			"path" = "ExerciseWarningsView.swift";
		};
		"F5BF30562FF9FA6000AB5AD9" = {
			"sourceTree" = "<group>";
			"path" = "ExerciseSessionHeaderView.swift";
			"isa" = "PBXFileReference";
			"lastKnownFileType" = "sourcecode.swift";
		};
		"F54005112FF5C0990079CC05" = {
			"sourceTree" = "<group>";
			"lastKnownFileType" = "sourcecode.swift";
			"isa" = "PBXFileReference";
			"path" = "WeightConversion.swift";
		};
		"F54004AE2FF0C6FE0079CC05" = {
			"name" = "Products";
			"isa" = "PBXGroup";
			"sourceTree" = "<group>";
			"children" = (
				"F54004AD2FF0C6FE0079CC05",
				"F5BF308F2FFDFF1500AB5AD9",
			);
		};
		"F54B80C03008294B00615DA0" = {
			"isa" = "PBXBuildFile";
			"fileRef" = "F54B80BF3008294B00615DA0";
		};
		"F54B808C30044C8900615DA0" = {
			"isa" = "PBXBuildFile";
			"fileRef" = "F54B808B30044C8900615DA0";
		};
		"F5BF30702FFB17E200AB5AD9" = {
			"sourceTree" = "<group>";
			"lastKnownFileType" = "sourcecode.swift";
			"isa" = "PBXFileReference";
			"path" = "WorkoutSessionContentView.swift";
		};
		"F5BF305B2FF9FFD900AB5AD9" = {
			"isa" = "PBXBuildFile";
			"fileRef" = "F5BF305A2FF9FFD900AB5AD9";
		};
		"F5BF30432FF9E1D400AB5AD9" = {
			"isa" = "PBXBuildFile";
			"fileRef" = "F5BF30422FF9E1D400AB5AD9";
		};
		"F5BF305F2FFA734200AB5AD9" = {
			"isa" = "PBXBuildFile";
			"fileRef" = "F5BF305E2FFA734200AB5AD9";
		};
		"F54B80E2300C234100615DA0" = {
			"isa" = "PBXBuildFile";
			"fileRef" = "F54B80E1300C234100615DA0";
		};
		"F540051F2FF6E5250079CC05" = {
			"sourceTree" = "<group>";
			"path" = "RecoveryAnalyzer.swift";
			"lastKnownFileType" = "sourcecode.swift";
			"isa" = "PBXFileReference";
		};
		"F54B80D430090FFD00615DA0" = {
			"isa" = "PBXBuildFile";
			"fileRef" = "F54B80D330090FFD00615DA0";
		};
		"F59350B82FF848FA00991F1D" = {
			"isa" = "PBXBuildFile";
			"fileRef" = "F59350B72FF848FA00991F1D";
		};
		"F5BF308B2FFDFF1500AB5AD9" = {
			"files" = (
				"F5BF30982FFDFF3100AB5AD9",
				"F5BF30A12FFED28600AB5AD9",
				"F5BF30C93000421D00AB5AD9",
				"F54B809C3006A7E900615DA0",
				"F54B80EC300C428E00615DA0",
				"F5BF30A02FFED28600AB5AD9",
				"F54B80F0300C498100615DA0",
				"F54B80FA300C674100615DA0",
				"F5BF309B2FFED27700AB5AD9",
				"F54B810A300C707000615DA0",
				"F54B80E0300BCC4B00615DA0",
				"F54B80F6300C59AA00615DA0",
				"F54B80D930091DF300615DA0",
				"F54B8106300C6CD000615DA0",
				"F5BF309F2FFED28600AB5AD9",
				"F54B80DB300BC13400615DA0",
				"F54B810C300C707800615DA0",
				"F54B80E8300C3EDB00615DA0",
				"F5BF30992FFDFF3300AB5AD9",
				"F54B8104300C6CC200615DA0",
				"F54B80FC300C675400615DA0",
				"F54B80EE300C459400615DA0",
				"F5BF30C73000401400AB5AD9",
				"F54B8108300C6CD700615DA0",
				"F5BF30CB3000432700AB5AD9",
				"F54B80A73006DCDB00615DA0",
				"F54B80F2300C599600615DA0",
				"F54B80EA300C40EE00615DA0",
			);
			"buildActionMask" = "2147483647";
			"runOnlyForDeploymentPostprocessing" = "0";
			"isa" = "PBXSourcesBuildPhase";
		};
		"F54B80EC300C428E00615DA0" = {
			"isa" = "PBXBuildFile";
			"fileRef" = "F54B80EB300C428E00615DA0";
		};
		"F54B80AA3006DE3600615DA0" = {
			"sourceTree" = "<group>";
			"lastKnownFileType" = "sourcecode.swift";
			"path" = "AnalyticsInputFactory.swift";
			"isa" = "PBXFileReference";
		};
		"F54004DC2FF1632B0079CC05" = {
			"isa" = "PBXBuildFile";
			"fileRef" = "F54004DB2FF1632B0079CC05";
		};
		"F54004CA2FF0C8640079CC05" = {
			"sourceTree" = "<group>";
			"lastKnownFileType" = "sourcecode.swift";
			"path" = "SeedData.swift";
			"isa" = "PBXFileReference";
		};
		"F54B80B9300827D200615DA0" = {
			"path" = "StoredCustomExercise.swift";
			"lastKnownFileType" = "sourcecode.swift";
			"sourceTree" = "<group>";
			"isa" = "PBXFileReference";
		};
		"F54B80CD3008540A00615DA0" = {
			"path" = "CustomExerciseFormView.swift";
			"isa" = "PBXFileReference";
			"lastKnownFileType" = "sourcecode.swift";
			"sourceTree" = "<group>";
		};
		"F5BF30812FFD328500AB5AD9" = {
			"sourceTree" = "<group>";
			"lastKnownFileType" = "sourcecode.swift";
			"path" = "AnalyticsCache.swift";
			"isa" = "PBXFileReference";
		};
		"F54004E42FF16A750079CC05" = {
			"path" = "ProgressionEngine.swift";
			"lastKnownFileType" = "sourcecode.swift";
			"sourceTree" = "<group>";
			"isa" = "PBXFileReference";
		};
		"F54B80AB3006DE3600615DA0" = {
			"isa" = "PBXBuildFile";
			"fileRef" = "F54B80AA3006DE3600615DA0";
		};
		"F54005172FF5CFA50079CC05" = {
			"sourceTree" = "<group>";
			"path" = "ExportView.swift";
			"isa" = "PBXFileReference";
			"lastKnownFileType" = "sourcecode.swift";
		};
		"F5BF30962FFDFF1600AB5AD9" = {
			"name" = "Debug";
			"isa" = "XCBuildConfiguration";
			"buildSettings" = {
				"MARKETING_VERSION" = "1.0";
				"TARGETED_DEVICE_FAMILY" = "1,2";
				"SWIFT_VERSION" = "5.0";
				"DEVELOPMENT_TEAM" = "6XVQUYT5J7";
				"PRODUCT_NAME" = "$(TARGET_NAME)";
				"PRODUCT_BUNDLE_IDENTIFIER" = "com.MyWorkoutTests";
				"CODE_SIGN_STYLE" = "Automatic";
				"BUNDLE_LOADER" = "$(TEST_HOST)";
				"SWIFT_EMIT_LOC_STRINGS" = "NO";
				"IPHONEOS_DEPLOYMENT_TARGET" = "17.2";
				"TEST_HOST" = "$(BUILT_PRODUCTS_DIR)/MyWorkout.app/$(BUNDLE_EXECUTABLE_FOLDER_PATH)/MyWorkout";
				"CURRENT_PROJECT_VERSION" = "1";
				"GENERATE_INFOPLIST_FILE" = "YES";
			};
		};
		"F54004F32FF41DC50079CC05" = {
			"isa" = "PBXBuildFile";
			"fileRef" = "F54004F22FF41DC50079CC05";
		};
		"F5BF30C63000401400AB5AD9" = {
			"path" = "InputValidationTests.swift";
			"lastKnownFileType" = "sourcecode.swift";
			"isa" = "PBXFileReference";
			"sourceTree" = "<group>";
		};
		"F54005022FF47B0C0079CC05" = {
			"sourceTree" = "<group>";
			"isa" = "PBXFileReference";
			"lastKnownFileType" = "sourcecode.swift";
			"path" = "DashboardCard.swift";
		};
		"F54B80C53008503700615DA0" = {
			"path" = "EditableStringListSection.swift";
			"sourceTree" = "<group>";
			"lastKnownFileType" = "sourcecode.swift";
			"isa" = "PBXFileReference";
		};
		"F5BF30462FF9E28700AB5AD9" = {
			"isa" = "PBXBuildFile";
			"fileRef" = "F5BF30452FF9E28700AB5AD9";
		};
		"F5BF303A2FF9DC4E00AB5AD9" = {
			"path" = "DetailRow.swift";
			"lastKnownFileType" = "sourcecode.swift";
			"isa" = "PBXFileReference";
			"sourceTree" = "<group>";
		};
		"F54004DF2FF1640A0079CC05" = {
			"path" = "CreateWorkoutTemplateView.swift";
			"lastKnownFileType" = "sourcecode.swift";
			"sourceTree" = "<group>";
			"isa" = "PBXFileReference";
		};
		"F54004FB2FF476D70079CC05" = {
			"isa" = "PBXBuildFile";
			"fileRef" = "F54004FA2FF476D70079CC05";
		};
		"F540050B2FF597CB0079CC05" = {
			"sourceTree" = "<group>";
			"isa" = "PBXFileReference";
			"path" = "UserSettings.swift";
			"lastKnownFileType" = "sourcecode.swift";
		};
		"F54B80B73006F6F400615DA0" = {
			"sourceTree" = "<group>";
			"path" = "ExerciseSource.swift";
			"lastKnownFileType" = "sourcecode.swift";
			"isa" = "PBXFileReference";
		};
		"F54B810C300C707800615DA0" = {
			"isa" = "PBXBuildFile";
			"fileRef" = "F54B810B300C707800615DA0";
		};
		"F5BF30482FF9E6B800AB5AD9" = {
			"isa" = "PBXBuildFile";
			"fileRef" = "F5BF30472FF9E6B800AB5AD9";
		};
		"F54B80E1300C234100615DA0" = {
			"sourceTree" = "<group>";
			"path" = "VolumeSpikeAnalyzer.swift";
			"lastKnownFileType" = "sourcecode.swift";
			"isa" = "PBXFileReference";
		};
		"F54004B12FF0C6FE0079CC05" = {
			"isa" = "PBXBuildFile";
			"fileRef" = "F54004B02FF0C6FE0079CC05";
		};
		"F5BF30692FFAA4C500AB5AD9" = {
			"isa" = "PBXBuildFile";
			"fileRef" = "F5BF30682FFAA4C500AB5AD9";
		};
		"F5BF30842FFD9E5000AB5AD9" = {
			"sourceTree" = "<group>";
			"lastKnownFileType" = "sourcecode.swift";
			"isa" = "PBXFileReference";
			"path" = "Keyboard.swift";
		};
		"F54B80DA300BC13400615DA0" = {
			"sourceTree" = "<group>";
			"isa" = "PBXFileReference";
			"path" = "CustomExerciseStoreTests.swift";
			"lastKnownFileType" = "sourcecode.swift";
		};
		"F54B8112300CF6A400615DA0" = {
			"lastKnownFileType" = "sourcecode.swift";
			"sourceTree" = "<group>";
			"fileEncoding" = "4";
			"isa" = "PBXFileReference";
			"path" = "CustomExerciseReplacing.swift";
		};
		"F54B812E300D018D00615DA0" = {
			"sourceTree" = "<group>";
			"path" = "Analytics.md";
			"isa" = "PBXFileReference";
			"lastKnownFileType" = "net.daringfireball.markdown";
			"fileEncoding" = "4";
		};
		"F54B80CC3008517800615DA0" = {
			"isa" = "PBXBuildFile";
			"fileRef" = "F54B80CB3008517800615DA0";
		};
		"F54B80B33006E49800615DA0" = {
			"sourceTree" = "<group>";
			"isa" = "PBXFileReference";
			"path" = "WorkoutTemplateRepository.swift";
			"lastKnownFileType" = "sourcecode.swift";
		};
		"F5630A203001946F000BB3AD" = {
			"path" = "ActiveWorkoutPersistence.swift";
			"isa" = "PBXFileReference";
			"sourceTree" = "<group>";
			"lastKnownFileType" = "sourcecode.swift";
		};
		"F5BF30542FF9FA4F00AB5AD9" = {
			"sourceTree" = "<group>";
			"path" = "BigStepperControl.swift";
			"lastKnownFileType" = "sourcecode.swift";
			"isa" = "PBXFileReference";
		};
		"F54004AD2FF0C6FE0079CC05" = {
			"includeInIndex" = "0";
			"sourceTree" = "BUILT_PRODUCTS_DIR";
			"isa" = "PBXFileReference";
			"explicitFileType" = "wrapper.application";
			"path" = "MyWorkout.app";
		};
		"F59350B62FF848AD00991F1D" = {
			"isa" = "PBXBuildFile";
			"fileRef" = "F59350B52FF848AD00991F1D";
		};
		"F5BF30352FF9473400AB5AD9" = {
			"isa" = "PBXBuildFile";
			"fileRef" = "F5BF30342FF9473400AB5AD9";
		};
		"F54B8127300D018D00615DA0" = {
			"lastKnownFileType" = "net.daringfireball.markdown";
			"path" = "TestingStrategy.md";
			"fileEncoding" = "4";
			"sourceTree" = "<group>";
			"isa" = "PBXFileReference";
		};
		"F540050A2FF58D660079CC05" = {
			"isa" = "PBXBuildFile";
			"fileRef" = "F54005092FF58D660079CC05";
		};
		"F54B8103300C6CC200615DA0" = {
			"sourceTree" = "<group>";
			"path" = "MockActiveWorkoutPersistence.swift";
			"lastKnownFileType" = "sourcecode.swift";
			"isa" = "PBXFileReference";
			"fileEncoding" = "4";
		};
		"F54B80FC300C675400615DA0" = {
			"isa" = "PBXBuildFile";
			"fileRef" = "F54B80FB300C675300615DA0";
		};
		"F54B80A63006DCDB00615DA0" = {
			"sourceTree" = "<group>";
			"isa" = "PBXFileReference";
			"lastKnownFileType" = "sourcecode.swift";
			"path" = "AnalyticsEngineTests.swift";
		};
		"F54B80E6300C23B700615DA0" = {
			"isa" = "PBXBuildFile";
			"fileRef" = "F54B80E5300C23B600615DA0";
		};
		"F5BF30972FFDFF1600AB5AD9" = {
			"name" = "Release";
			"isa" = "XCBuildConfiguration";
			"buildSettings" = {
				"MARKETING_VERSION" = "1.0";
				"TARGETED_DEVICE_FAMILY" = "1,2";
				"PRODUCT_NAME" = "$(TARGET_NAME)";
				"DEVELOPMENT_TEAM" = "6XVQUYT5J7";
				"SWIFT_VERSION" = "5.0";
				"BUNDLE_LOADER" = "$(TEST_HOST)";
				"CODE_SIGN_STYLE" = "Automatic";
				"VALIDATE_PRODUCT" = "YES";
				"SWIFT_EMIT_LOC_STRINGS" = "NO";
				"PRODUCT_BUNDLE_IDENTIFIER" = "com.MyWorkoutTests";
				"IPHONEOS_DEPLOYMENT_TARGET" = "17.2";
				"TEST_HOST" = "$(BUILT_PRODUCTS_DIR)/MyWorkout.app/$(BUNDLE_EXECUTABLE_FOLDER_PATH)/MyWorkout";
				"CURRENT_PROJECT_VERSION" = "1";
				"GENERATE_INFOPLIST_FILE" = "YES";
			};
		};
		"F59350B52FF848AD00991F1D" = {
			"sourceTree" = "<group>";
			"path" = "TemplatesView.swift";
			"isa" = "PBXFileReference";
			"lastKnownFileType" = "sourcecode.swift";
		};
		"F54B80F1300C599500615DA0" = {
			"sourceTree" = "<group>";
			"path" = "ThreadSafeBox.swift";
			"fileEncoding" = "4";
			"isa" = "PBXFileReference";
			"lastKnownFileType" = "sourcecode.swift";
		};
		"F54B8105300C6CD000615DA0" = {
			"lastKnownFileType" = "sourcecode.swift";
			"path" = "ActiveWorkoutTestFactory.swift";
			"fileEncoding" = "4";
			"sourceTree" = "<group>";
			"isa" = "PBXFileReference";
		};
		"F54004C02FF0C7030079CC05" = {
			"name" = "Release";
			"isa" = "XCBuildConfiguration";
			"buildSettings" = {
				"MARKETING_VERSION" = "1.0";
				"ASSETCATALOG_COMPILER_GLOBAL_ACCENT_COLOR_NAME" = "AccentColor";
				"ENABLE_PREVIEWS" = "YES";
				"PRODUCT_NAME" = "$(TARGET_NAME)";
				"TARGETED_DEVICE_FAMILY" = "1";
				"DEVELOPMENT_TEAM" = "6XVQUYT5J7";
				"SWIFT_VERSION" = "5.0";
				"DEVELOPMENT_ASSET_PATHS" = "\"MyWorkout/Resources/Preview Content\"";
				"MACOSX_DEPLOYMENT_TARGET" = "13.5";
				"ASSETCATALOG_COMPILER_APPICON_NAME" = "AppIcon";
				"SWIFT_EMIT_LOC_STRINGS" = "YES";
				"INFOPLIST_KEY_UILaunchStoryboardName" = "LaunchScreen";
				"CODE_SIGN_ENTITLEMENTS" = "MyWorkout/Resources/MyWorkout.entitlements";
				"PRODUCT_BUNDLE_IDENTIFIER" = "com.nicolaenastas.myworkout";
				"INFOPLIST_KEY_NSHumanReadableCopyright" = "";
				"CODE_SIGN_STYLE" = "Automatic";
				"COMBINE_HIDPI_IMAGES" = "YES";
				"LD_RUNPATH_SEARCH_PATHS" = (
					"$(inherited)",
					"@executable_path/../Frameworks",
				);
				"IPHONEOS_DEPLOYMENT_TARGET" = "17.1";
				"CURRENT_PROJECT_VERSION" = "1";
				"INFOPLIST_KEY_UISupportedInterfaceOrientations" = "UIInterfaceOrientationPortrait";
				"GENERATE_INFOPLIST_FILE" = "YES";
				"SUPPORTED_PLATFORMS" = "iphonesimulator iphoneos";
				"SUPPORTS_MACCATALYST" = "NO";
			};
		};
		"F54004E92FF413830079CC05" = {
			"isa" = "PBXBuildFile";
			"fileRef" = "F54004E82FF413830079CC05";
		};
		"F54B80953006917800615DA0" = {
			"sourceTree" = "<group>";
			"lastKnownFileType" = "sourcecode.swift";
			"isa" = "PBXFileReference";
			"path" = "AppRoute.swift";
		};
		"F54B812B300D018D00615DA0" = {
			"sourceTree" = "<group>";
			"path" = "DevelopmentWorkflow.md";
			"isa" = "PBXFileReference";
			"fileEncoding" = "4";
			"lastKnownFileType" = "net.daringfireball.markdown";
		};
		"F54005052FF568570079CC05" = {
			"path" = "RestTimerBadge.swift";
			"isa" = "PBXFileReference";
			"lastKnownFileType" = "sourcecode.swift";
			"sourceTree" = "<group>";
		};
		"F54004DD2FF163F10079CC05" = {
			"sourceTree" = "<group>";
			"path" = "WorkoutTemplateStore.swift";
			"lastKnownFileType" = "sourcecode.swift";
			"isa" = "PBXFileReference";
		};
		"F54004E52FF16A750079CC05" = {
			"isa" = "PBXBuildFile";
			"fileRef" = "F54004E42FF16A750079CC05";
		};
		"F54004CB2FF0C8640079CC05" = {
			"isa" = "PBXBuildFile";
			"fileRef" = "F54004CA2FF0C8640079CC05";
		};
		"F54004D42FF0CF5C0079CC05" = {
			"sourceTree" = "<group>";
			"lastKnownFileType" = "sourcecode.swift";
			"path" = "WorkoutLogStore.swift";
			"isa" = "PBXFileReference";
		};
		"F5630A23300260A3000BB3AD" = {
			"sourceTree" = "<group>";
			"lastKnownFileType" = "sourcecode.swift";
			"isa" = "PBXFileReference";
			"path" = "RestTimerState.swift";
		};
		"F5BF30722FFB227200AB5AD9" = {
			"sourceTree" = "<group>";
			"lastKnownFileType" = "sourcecode.swift";
			"isa" = "PBXFileReference";
			"path" = "ExerciseSessionState.swift";
		};
		"F54B8117300CF6B700615DA0" = {
			"isa" = "PBXBuildFile";
			"fileRef" = "F54B8116300CF6B700615DA0";
		};
		"F5BF30932FFDFF1600AB5AD9" = {
			"remoteGlobalIDString" = "F54004AC2FF0C6FE0079CC05";
			"proxyType" = "1";
			"isa" = "PBXContainerItemProxy";
			"containerPortal" = "F54004A52FF0C6FE0079CC05";
			"remoteInfo" = "MyWorkout";
		};
		"F54B80A03006D46200615DA0" = {
			"path" = "MuscleGroupVolume.swift";
			"isa" = "PBXFileReference";
			"lastKnownFileType" = "sourcecode.swift";
			"sourceTree" = "<group>";
		};
		"F5BF30CC3000490100AB5AD9" = {
			"path" = "README.md";
			"isa" = "PBXFileReference";
			"sourceTree" = "<group>";
			"lastKnownFileType" = "net.daringfireball.markdown";
		};
		"F54005182FF5CFA50079CC05" = {
			"isa" = "PBXBuildFile";
			"fileRef" = "F54005172FF5CFA50079CC05";
		};
		"F54B80B23006E2B700615DA0" = {
			"isa" = "PBXBuildFile";
			"fileRef" = "F54B80B13006E2B700615DA0";
		};
		"F54B80B43006E49800615DA0" = {
			"isa" = "PBXBuildFile";
			"fileRef" = "F54B80B33006E49800615DA0";
		};
		"F54B80B53006F06200615DA0" = {
			"path" = "FileWorkoutTemplateRepository.swift";
			"lastKnownFileType" = "sourcecode.swift";
			"sourceTree" = "<group>";
			"isa" = "PBXFileReference";
		};
		"F54004F82FF472700079CC05" = {
			"path" = "AnalyticsView.swift";
			"isa" = "PBXFileReference";
			"sourceTree" = "<group>";
			"lastKnownFileType" = "sourcecode.swift";
		};
		"F54B80D130085A6C00615DA0" = {
			"sourceTree" = "<group>";
			"isa" = "PBXFileReference";
			"path" = "CustomExerciseSource.swift";
			"lastKnownFileType" = "sourcecode.swift";
		};
		"F54005012FF4783D0079CC05" = {
			"isa" = "PBXBuildFile";
			"fileRef" = "F54005002FF4783D0079CC05";
		};
		"F54B80EA300C40EE00615DA0" = {
			"isa" = "PBXBuildFile";
			"fileRef" = "F54B80E9300C40EE00615DA0";
		};
		"F54005072FF5686C0079CC05" = {
			"sourceTree" = "<group>";
			"lastKnownFileType" = "sourcecode.swift";
			"isa" = "PBXFileReference";
			"path" = "ExerciseSessionCardView.swift";
		};
		"F5630A2C3003363A000BB3AD" = {
			"sourceTree" = "<group>";
			"lastKnownFileType" = "sourcecode.swift";
			"path" = "ExerciseEquipment.swift";
			"isa" = "PBXFileReference";
		};
		"F54B80D930091DF300615DA0" = {
			"isa" = "PBXBuildFile";
			"fileRef" = "F54B80D830091DF300615DA0";
		};
		"F54004E62FF338CD0079CC05" = {
			"sourceTree" = "<group>";
			"isa" = "PBXFileReference";
			"path" = "ExerciseType.swift";
			"lastKnownFileType" = "sourcecode.swift";
		};
		"F5BF30B22FFED4B300AB5AD9" = {
			"isa" = "PBXBuildFile";
			"fileRef" = "F5BF30AF2FFED4B200AB5AD9";
		};
		"F54B811B300CF6CA00615DA0" = {
			"isa" = "PBXBuildFile";
			"fileRef" = "F54B811A300CF6CA00615DA0";
		};
		"F54B80D630091DB500615DA0" = {
			"path" = "ExerciseNameValidator.swift";
			"sourceTree" = "<group>";
			"isa" = "PBXFileReference";
			"lastKnownFileType" = "sourcecode.swift";
		};
		"F54004E22FF169390079CC05" = {
			"sourceTree" = "<group>";
			"isa" = "PBXFileReference";
			"lastKnownFileType" = "sourcecode.swift";
			"path" = "ProgressionRule.swift";
		};
		"F54B80F9300C674100615DA0" = {
			"lastKnownFileType" = "sourcecode.swift";
			"sourceTree" = "<group>";
			"isa" = "PBXFileReference";
			"path" = "MockWorkoutTemplateRepository.swift";
			"fileEncoding" = "4";
		};
		"F54004F12FF41D800079CC05" = {
			"isa" = "PBXBuildFile";
			"fileRef" = "F54004F02FF41D800079CC05";
		};
		"F5BF303F2FF9DFE100AB5AD9" = {
			"sourceTree" = "<group>";
			"isa" = "PBXFileReference";
			"lastKnownFileType" = "sourcecode.swift";
			"path" = "InfoBadge.swift";
		};
		"F54B8108300C6CD700615DA0" = {
			"isa" = "PBXBuildFile";
			"fileRef" = "F54B8107300C6CD700615DA0";
		};
		"F5BF30582FF9FA6F00AB5AD9" = {
			"path" = "PreviousPerformanceView.swift";
			"lastKnownFileType" = "sourcecode.swift";
			"isa" = "PBXFileReference";
			"sourceTree" = "<group>";
		};
		"F5BF30B32FFED4B300AB5AD9" = {
			"isa" = "PBXBuildFile";
			"fileRef" = "F5BF30B02FFED4B300AB5AD9";
		};
		"F5630A343003EA87000BB3AD" = {
			"path" = "BuiltInExerciseSource.swift";
			"lastKnownFileType" = "sourcecode.swift";
			"isa" = "PBXFileReference";
			"sourceTree" = "<group>";
		};
		"F5BF30C73000401400AB5AD9" = {
			"isa" = "PBXBuildFile";
			"fileRef" = "F5BF30C63000401400AB5AD9";
		};
		"F54B80D730091DB500615DA0" = {
			"isa" = "PBXBuildFile";
			"fileRef" = "F54B80D630091DB500615DA0";
		};
		"F5BF30A92FFED42000AB5AD9" = {
			"isa" = "PBXBuildFile";
			"fileRef" = "F5BF30A32FFED42000AB5AD9";
		};
		"F5BF30C83000421D00AB5AD9" = {
			"sourceTree" = "<group>";
			"path" = "WorkoutLogStoreTests.swift";
			"isa" = "PBXFileReference";
			"lastKnownFileType" = "sourcecode.swift";
		};
		"F5630A363003EAB1000BB3AD" = {
			"path" = "TemplateExerciseSource.swift";
			"isa" = "PBXFileReference";
			"sourceTree" = "<group>";
			"lastKnownFileType" = "sourcecode.swift";
		};
		"F54B809A3006A7B900615DA0" = {
			"isa" = "PBXBuildFile";
			"fileRef" = "F54B80993006A7B900615DA0";
		};
		"F54B812C300D018D00615DA0" = {
			"isa" = "PBXFileReference";
			"path" = "ReleaseChecklist.md";
			"lastKnownFileType" = "net.daringfireball.markdown";
			"sourceTree" = "<group>";
			"fileEncoding" = "4";
		};
		"F5BF30752FFB23E600AB5AD9" = {
			"path" = "InventorySectionCard.swift";
			"lastKnownFileType" = "sourcecode.swift";
			"isa" = "PBXFileReference";
			"sourceTree" = "<group>";
		};
		"F54B8093300690A400615DA0" = {
			"isa" = "PBXBuildFile";
			"fileRef" = "F54B8092300690A400615DA0";
		};
		"F54B80EE300C459400615DA0" = {
			"isa" = "PBXBuildFile";
			"fileRef" = "F54B80ED300C459400615DA0";
		};
		"F5BF30BD2FFEDBA400AB5AD9" = {
			"isa" = "PBXBuildFile";
			"fileRef" = "F5BF30BC2FFEDBA400AB5AD9";
		};
		"F54B8104300C6CC200615DA0" = {
			"isa" = "PBXBuildFile";
			"fileRef" = "F54B8103300C6CC200615DA0";
		};
		"F5BF30AD2FFED42000AB5AD9" = {
			"isa" = "PBXBuildFile";
			"fileRef" = "F5BF30A72FFED42000AB5AD9";
		};
		"F54B80B83006F6F400615DA0" = {
			"isa" = "PBXBuildFile";
			"fileRef" = "F54B80B73006F6F400615DA0";
		};
		"F5630A353003EA87000BB3AD" = {
			"isa" = "PBXBuildFile";
			"fileRef" = "F5630A343003EA87000BB3AD";
		};
		"F54B80993006A7B900615DA0" = {
			"path" = "PersistedEnvelope.swift";
			"isa" = "PBXFileReference";
			"lastKnownFileType" = "sourcecode.swift";
			"sourceTree" = "<group>";
		};
		"F54005122FF5C0990079CC05" = {
			"isa" = "PBXBuildFile";
			"fileRef" = "F54005112FF5C0990079CC05";
		};
		"F5BF30422FF9E1D400AB5AD9" = {
			"path" = "ExerciseMusclesView.swift";
			"lastKnownFileType" = "sourcecode.swift";
			"isa" = "PBXFileReference";
			"sourceTree" = "<group>";
		};
		"F5BF309C2FFED28500AB5AD9" = {
			"fileEncoding" = "4";
			"path" = "WorkoutSessionEngineTests.swift";
			"isa" = "PBXFileReference";
			"sourceTree" = "<group>";
			"lastKnownFileType" = "sourcecode.swift";
		};
		"F5BF30AE2FFED42000AB5AD9" = {
			"isa" = "PBXBuildFile";
			"fileRef" = "F5BF30A82FFED42000AB5AD9";
		};
		"F54B80BF3008294B00615DA0" = {
			"sourceTree" = "<group>";
			"isa" = "PBXFileReference";
			"lastKnownFileType" = "sourcecode.swift";
			"path" = "CustomExerciseStore.swift";
		};
		"F54004E02FF1640A0079CC05" = {
			"isa" = "PBXBuildFile";
			"fileRef" = "F54004DF2FF1640A0079CC05";
		};
		"F540051A2FF69CC60079CC05" = {
			"isa" = "PBXBuildFile";
			"fileRef" = "F54005192FF69CC60079CC05";
		};
		"F54B80A13006D46200615DA0" = {
			"isa" = "PBXBuildFile";
			"fileRef" = "F54B80A03006D46200615DA0";
		};
		"F5BF30A12FFED28600AB5AD9" = {
			"isa" = "PBXBuildFile";
			"fileRef" = "F5BF309E2FFED28500AB5AD9";
		};
		"F54B810B300C707800615DA0" = {
			"isa" = "PBXFileReference";
			"path" = "EquipmentInventoryStoreTests.swift";
			"fileEncoding" = "4";
			"lastKnownFileType" = "sourcecode.swift";
			"sourceTree" = "<group>";
		};
		"F5630A383003EAF6000BB3AD" = {
			"sourceTree" = "<group>";
			"lastKnownFileType" = "sourcecode.swift";
			"isa" = "PBXFileReference";
			"path" = "ExerciseRegistryFactory.swift";
		};
		"F54B80CA3008511E00615DA0" = {
			"isa" = "PBXBuildFile";
			"fileRef" = "F54B80C93008511E00615DA0";
		};
		"F5630A213001946F000BB3AD" = {
			"isa" = "PBXBuildFile";
			"fileRef" = "F5630A203001946F000BB3AD";
		};
		"F54004EB2FF413EA0079CC05" = {
			"isa" = "PBXBuildFile";
			"fileRef" = "F54004EA2FF413EA0079CC05";
		};
		"F5630A293002691F000BB3AD" = {
			"path" = "StoreErrorBanner.swift";
			"lastKnownFileType" = "sourcecode.swift";
			"isa" = "PBXFileReference";
			"sourceTree" = "<group>";
		};
		"F54B80E0300BCC4B00615DA0" = {
			"isa" = "PBXBuildFile";
			"fileRef" = "F54B80DF300BCC4B00615DA0";
		};
		"F54B808F3004717100615DA0" = {
			"isa" = "PBXBuildFile";
			"fileRef" = "F54B808E3004717100615DA0";
		};
		"F54B80C43008309E00615DA0" = {
			"isa" = "PBXBuildFile";
			"fileRef" = "F54B80C33008309E00615DA0";
		};
		"F54B8119300CF6C300615DA0" = {
			"isa" = "PBXBuildFile";
			"fileRef" = "F54B8118300CF6C300615DA0";
		};
		"F54B80EF300C498100615DA0" = {
			"sourceTree" = "<group>";
			"lastKnownFileType" = "sourcecode.swift";
			"isa" = "PBXFileReference";
			"path" = "MockWorkoutLogRepository.swift";
		};
		"F5BF307E2FFC74D000AB5AD9" = {
			"isa" = "PBXBuildFile";
			"fileRef" = "F5BF307D2FFC74D000AB5AD9";
		};
		"F54004EF2FF41AD90079CC05" = {
			"isa" = "PBXBuildFile";
			"fileRef" = "F54004EE2FF41AD90079CC05";
		};
		"F54B8134300D018D00615DA0" = {
			"lastKnownFileType" = "net.daringfireball.markdown";
			"sourceTree" = "<group>";
			"fileEncoding" = "4";
			"isa" = "PBXFileReference";
			"path" = "Templates.md";
		};
		"F54B80C130082DD600615DA0" = {
			"sourceTree" = "<group>";
			"lastKnownFileType" = "sourcecode.swift";
			"path" = "CustomExerciseDraft.swift";
			"isa" = "PBXFileReference";
		};
		"F54005082FF5686C0079CC05" = {
			"isa" = "PBXBuildFile";
			"fileRef" = "F54005072FF5686C0079CC05";
		};
		"F5BF30C530002EBC00AB5AD9" = {
			"isa" = "PBXBuildFile";
			"fileRef" = "F5BF30C430002EBC00AB5AD9";
		};
		"F5BF306F2FFB143A00AB5AD9" = {
			"isa" = "PBXBuildFile";
			"fileRef" = "F5BF306E2FFB143A00AB5AD9";
		};
		"F5BF30342FF9473400AB5AD9" = {
			"sourceTree" = "<group>";
			"path" = "LaunchScreen.storyboard";
			"isa" = "PBXFileReference";
			"lastKnownFileType" = "file.storyboard";
		};
		"F5BF304A2FF9E6E800AB5AD9" = {
			"isa" = "PBXBuildFile";
			"fileRef" = "F5BF30492FF9E6E800AB5AD9";
		};
		"F540050E2FF598060079CC05" = {
			"isa" = "PBXBuildFile";
			"fileRef" = "F540050D2FF598060079CC05";
		};
		"F5BF30952FFDFF1600AB5AD9" = {
			"buildConfigurations" = (
				"F5BF30962FFDFF1600AB5AD9",
				"F5BF30972FFDFF1600AB5AD9",
			);
			"defaultConfigurationName" = "Release";
			"isa" = "XCConfigurationList";
			"defaultConfigurationIsVisible" = "0";
		};
		"F54004C72FF0C8490079CC05" = {
			"isa" = "PBXBuildFile";
			"fileRef" = "F54004C62FF0C8490079CC05";
		};
		"F5BF30802FFC75AD00AB5AD9" = {
			"isa" = "PBXBuildFile";
			"fileRef" = "F5BF307F2FFC75AD00AB5AD9";
		};
		"F54004D92FF0CFD10079CC05" = {
			"isa" = "PBXBuildFile";
			"fileRef" = "F54004D82FF0CFD10079CC05";
		};
		"F5BF308C2FFDFF1500AB5AD9" = {
			"files" = (
			);
			"buildActionMask" = "2147483647";
			"runOnlyForDeploymentPostprocessing" = "0";
			"isa" = "PBXFrameworksBuildPhase";
		};
		"FB127745BE452A254728F3DE" = {
			"isa" = "PBXGroup";
			"children" = (
				"F54B80953006917800615DA0",
			);
			"path" = "Navigation";
			"sourceTree" = "<group>";
		};
		"5D12E669F5B154559FC92738" = {
			"isa" = "PBXGroup";
			"children" = (
				"FB127745BE452A254728F3DE",
				"F54004B02FF0C6FE0079CC05",
			);
			"path" = "App";
			"sourceTree" = "<group>";
		};
		"28F59CFA1E0213F28DF45D9F" = {
			"isa" = "PBXGroup";
			"children" = (
				"F5BF30C22FFF1A1C00AB5AD9",
				"F5630A263002669F000BB3AD",
			);
			"path" = "Errors";
			"sourceTree" = "<group>";
		};
		"437854849B65BD0998FA9853" = {
			"isa" = "PBXGroup";
			"children" = (
				"F5630A203001946F000BB3AD",
				"F54B80993006A7B900615DA0",
			);
			"path" = "Persistence";
			"sourceTree" = "<group>";
		};
		"D36FE27A3B94632B997D94B1" = {
			"isa" = "PBXGroup";
			"children" = (
				"F54B8112300CF6A400615DA0",
				"F54B8116300CF6B700615DA0",
				"F54B8114300CF6AF00615DA0",
				"F54B811A300CF6CA00615DA0",
				"F54B8118300CF6C300615DA0",
			);
			"path" = "Protocols";
			"sourceTree" = "<group>";
		};
		"F0246209E95EE487A8031DCC" = {
			"isa" = "PBXGroup";
			"children" = (
				"F54005092FF58D660079CC05",
			);
			"path" = "Theme";
			"sourceTree" = "<group>";
		};
		"605D76ACABFCB5C0A48FB5B3" = {
			"isa" = "PBXGroup";
			"children" = (
				"F59350B32FF83B9D00991F1D",
				"F5BF30842FFD9E5000AB5AD9",
				"F5BF30C02FFF19E700AB5AD9",
				"F5BF307F2FFC75AD00AB5AD9",
			);
			"path" = "Utilities";
			"sourceTree" = "<group>";
		};
		"50F0965DDDDB81E55F20AE5E" = {
			"isa" = "PBXGroup";
			"children" = (
				"F54B80DD300BCA9300615DA0",
				"F54B80D630091DB500615DA0",
				"F5BF30C430002EBC00AB5AD9",
			);
			"path" = "Validation";
			"sourceTree" = "<group>";
		};
		"CDD9DB6BD1E12C629B4D2D35" = {
			"isa" = "PBXGroup";
			"children" = (
				"28F59CFA1E0213F28DF45D9F",
				"437854849B65BD0998FA9853",
				"D36FE27A3B94632B997D94B1",
				"F0246209E95EE487A8031DCC",
				"605D76ACABFCB5C0A48FB5B3",
				"50F0965DDDDB81E55F20AE5E",
			);
			"path" = "Core";
			"sourceTree" = "<group>";
		};
		"62DDDA7B6B370981613D11CA" = {
			"isa" = "PBXGroup";
			"children" = (
				"F54B80A43006D8C500615DA0",
				"F54B80AA3006DE3600615DA0",
				"F540051D2FF6E0CD0079CC05",
				"F54B80E5300C23B600615DA0",
				"F54B80E3300C238200615DA0",
				"F540051F2FF6E5250079CC05",
				"F54B80E1300C234100615DA0",
			);
			"path" = "Logic";
			"sourceTree" = "<group>";
		};
		"C4B75C789FF91E4806E5C090" = {
			"isa" = "PBXGroup";
			"children" = (
				"F54B80A83006DE0A00615DA0",
				"F54B809E3006D05800615DA0",
				"F54005022FF47B0C0079CC05",
				"F54B80A03006D46200615DA0",
				"F54B80A23006D47300615DA0",
			);
			"path" = "Models";
			"sourceTree" = "<group>";
		};
		"682A65EC7DCE5C3DD519EE3E" = {
			"isa" = "PBXGroup";
			"children" = (
				"F5BF30812FFD328500AB5AD9",
			);
			"path" = "Stores";
			"sourceTree" = "<group>";
		};
		"3B5384C0FDFB41D0A2B2F042" = {
			"isa" = "PBXGroup";
			"children" = (
				"62DDDA7B6B370981613D11CA",
				"C4B75C789FF91E4806E5C090",
				"682A65EC7DCE5C3DD519EE3E",
			);
			"path" = "Analytics";
			"sourceTree" = "<group>";
		};
		"E242D8BF4D17470C2904352C" = {
			"isa" = "PBXGroup";
			"children" = (
				"F54005192FF69CC60079CC05",
				"F540051B2FF69DD30079CC05",
				"F5BF30BA2FFEDADD00AB5AD9",
			);
			"path" = "Backup";
			"sourceTree" = "<group>";
		};
		"23AE92A7B7F541B4D8BB18F3" = {
			"isa" = "PBXGroup";
			"children" = (
				"F54004EE2FF41AD90079CC05",
				"F54005112FF5C0990079CC05",
			);
			"path" = "Loading";
			"sourceTree" = "<group>";
		};
		"31E121CA4B7C89EEED5C89A9" = {
			"isa" = "PBXGroup";
			"children" = (
				"F54004F02FF41D800079CC05",
				"F54004EC2FF41A8C0079CC05",
			);
			"path" = "Models";
			"sourceTree" = "<group>";
		};
		"B0A327C36E783959E460004C" = {
			"isa" = "PBXGroup";
			"children" = (
				"F54004F22FF41DC50079CC05",
			);
			"path" = "Stores";
			"sourceTree" = "<group>";
		};
		"7D6861F949899863A8B5FC40" = {
			"isa" = "PBXGroup";
			"children" = (
				"23AE92A7B7F541B4D8BB18F3",
				"31E121CA4B7C89EEED5C89A9",
				"B0A327C36E783959E460004C",
			);
			"path" = "Equipment";
			"sourceTree" = "<group>";
		};
		"05B6CB5F69CB51376025ACD3" = {
			"isa" = "PBXGroup";
			"children" = (
				"F54B80D330090FFD00615DA0",
			);
			"path" = "Logic";
			"sourceTree" = "<group>";
		};
		"AF481FDF8EDEE0E51B4ADA3C" = {
			"isa" = "PBXGroup";
			"children" = (
				"F54B80C130082DD600615DA0",
				"F54004C42FF0C83E0079CC05",
				"F5630A2C3003363A000BB3AD",
				"F54B80B73006F6F400615DA0",
				"F54004E62FF338CD0079CC05",
				"F54B808930044C4E00615DA0",
				"F5630A2E30033CE9000BB3AD",
				"F54B80B9300827D200615DA0",
			);
			"path" = "Models";
			"sourceTree" = "<group>";
		};
		"C89968EBFDDEE67D59BA2A36" = {
			"isa" = "PBXGroup";
			"children" = (
				"F5630A313003EA36000BB3AD",
				"F5BF307D2FFC74D000AB5AD9",
				"F5630A383003EAF6000BB3AD",
			);
			"path" = "Registry";
			"sourceTree" = "<group>";
		};
		"1A7E22D81A49EDBAA99D3CF0" = {
			"isa" = "PBXGroup";
			"children" = (
				"F54B80BB300827FE00615DA0",
				"F54B80BD3008289A00615DA0",
			);
			"path" = "Repositories";
			"sourceTree" = "<group>";
		};
		"1D607BE8B08A8D4E7D49FA8A" = {
			"isa" = "PBXGroup";
			"children" = (
				"F54004CA2FF0C8640079CC05",
			);
			"path" = "Seed";
			"sourceTree" = "<group>";
		};
		"2CBF03044AAB966A524ED132" = {
			"isa" = "PBXGroup";
			"children" = (
				"F5630A343003EA87000BB3AD",
				"F54B80D130085A6C00615DA0",
				"F54B808B30044C8900615DA0",
				"F5630A363003EAB1000BB3AD",
			);
			"path" = "Sources";
			"sourceTree" = "<group>";
		};
		"ED4F382E04D729A69576F528" = {
			"isa" = "PBXGroup";
			"children" = (
				"F54B80BF3008294B00615DA0",
			);
			"path" = "Stores";
			"sourceTree" = "<group>";
		};
		"664648032D8763B8B56A4E32" = {
			"isa" = "PBXGroup";
			"children" = (
				"05B6CB5F69CB51376025ACD3",
				"AF481FDF8EDEE0E51B4ADA3C",
				"C89968EBFDDEE67D59BA2A36",
				"1A7E22D81A49EDBAA99D3CF0",
				"1D607BE8B08A8D4E7D49FA8A",
				"2CBF03044AAB966A524ED132",
				"ED4F382E04D729A69576F528",
			);
			"path" = "Exercise";
			"sourceTree" = "<group>";
		};
		"BDBDD62DDDCC96B4D12A9086" = {
			"isa" = "PBXGroup";
			"children" = (
				"F540050B2FF597CB0079CC05",
			);
			"path" = "Models";
			"sourceTree" = "<group>";
		};
		"703E22DC23B8D9DD935E5F39" = {
			"isa" = "PBXGroup";
			"children" = (
				"F540050D2FF598060079CC05",
			);
			"path" = "Stores";
			"sourceTree" = "<group>";
		};
		"844A824BF75DE7B86BD120E3" = {
			"isa" = "PBXGroup";
			"children" = (
				"BDBDD62DDDCC96B4D12A9086",
				"703E22DC23B8D9DD935E5F39",
			);
			"path" = "Settings";
			"sourceTree" = "<group>";
		};
		"DC6F46EAE2DD7B66B899FEDD" = {
			"isa" = "PBXGroup";
			"children" = (
				"F5BF30BE2FFEDD3600AB5AD9",
				"F54005152FF5CF8D0079CC05",
			);
			"path" = "Export";
			"sourceTree" = "<group>";
		};
		"FFC6FD87EC94B9320DF054FF" = {
			"isa" = "PBXGroup";
			"children" = (
				"F5BF30722FFB227200AB5AD9",
				"F54004E22FF169390079CC05",
				"F5630A23300260A3000BB3AD",
				"F54004E82FF413830079CC05",
				"F54004C62FF0C8490079CC05",
				"F54004C82FF0C8570079CC05",
				"F54B80973006A53600615DA0",
				"F54004DB2FF1632B0079CC05",
			);
			"path" = "Models";
			"sourceTree" = "<group>";
		};
		"0CC1B72A7B433317AA002154" = {
			"isa" = "PBXGroup";
			"children" = (
				"F54004E42FF16A750079CC05",
				"F54005232FF6F8DD0079CC05",
			);
			"path" = "Progression";
			"sourceTree" = "<group>";
		};
		"1C6E7FF6EE1E75A0C851529B" = {
			"isa" = "PBXGroup";
			"children" = (
				"F54B80B13006E2B700615DA0",
				"F54B80B53006F06200615DA0",
				"F54B80AF3006E20800615DA0",
				"F54B80B33006E49800615DA0",
			);
			"path" = "Repositories";
			"sourceTree" = "<group>";
		};
		"157ECC7B2342A161D744D306" = {
			"isa" = "PBXGroup";
			"children" = (
				"F54004F62FF439FB0079CC05",
				"F5BF30642FFA7F9700AB5AD9",
			);
			"path" = "Session";
			"sourceTree" = "<group>";
		};
		"D67D5A933835272F7C7ADAD1" = {
			"isa" = "PBXGroup";
			"children" = (
				"F5BF30362FF9662900AB5AD9",
				"F54004D42FF0CF5C0079CC05",
				"F54004DD2FF163F10079CC05",
			);
			"path" = "Stores";
			"sourceTree" = "<group>";
		};
		"C2A917E73C31E0D318D7EA03" = {
			"isa" = "PBXGroup";
			"children" = (
				"F54004EA2FF413EA0079CC05",
			);
			"path" = "Warmup";
			"sourceTree" = "<group>";
		};
		"0A2765FC1384FB8E3B78918F" = {
			"isa" = "PBXGroup";
			"children" = (
				"DC6F46EAE2DD7B66B899FEDD",
				"FFC6FD87EC94B9320DF054FF",
				"0CC1B72A7B433317AA002154",
				"1C6E7FF6EE1E75A0C851529B",
				"157ECC7B2342A161D744D306",
				"D67D5A933835272F7C7ADAD1",
				"C2A917E73C31E0D318D7EA03",
			);
			"path" = "Workout";
			"sourceTree" = "<group>";
		};
		"FBC5EDAD2804027207FE8997" = {
			"isa" = "PBXGroup";
			"children" = (
				"3B5384C0FDFB41D0A2B2F042",
				"E242D8BF4D17470C2904352C",
				"7D6861F949899863A8B5FC40",
				"664648032D8763B8B56A4E32",
				"844A824BF75DE7B86BD120E3",
				"0A2765FC1384FB8E3B78918F",
			);
			"path" = "Domain";
			"sourceTree" = "<group>";
		};
		"AE98E8F4402412472F8E7056" = {
			"isa" = "PBXGroup";
			"children" = (
				"F5BF30A32FFED42000AB5AD9",
				"F5BF30A42FFED42000AB5AD9",
				"F5BF30A52FFED42000AB5AD9",
				"F5BF30A62FFED42000AB5AD9",
				"F5BF30A72FFED42000AB5AD9",
				"F5BF30A82FFED42000AB5AD9",
			);
			"path" = "Components";
			"sourceTree" = "<group>";
		};
		"A2CE3C728331E40DF9A3FAD5" = {
			"isa" = "PBXGroup";
			"children" = (
				"AE98E8F4402412472F8E7056",
				"F54004F82FF472700079CC05",
				"F54004FA2FF476D70079CC05",
			);
			"path" = "Analytics";
			"sourceTree" = "<group>";
		};
		"CDB799305C25F8B10A1F9912" = {
			"isa" = "PBXGroup";
			"children" = (
				"F54B80C7300850C600615DA0",
				"F54B80C33008309E00615DA0",
				"F54B80C93008511E00615DA0",
				"F54B80CB3008517800615DA0",
				"F54B80C53008503700615DA0",
			);
			"path" = "Components";
			"sourceTree" = "<group>";
		};
		"F5C606212D97E0F214F5019D" = {
			"isa" = "PBXGroup";
			"children" = (
				"CDB799305C25F8B10A1F9912",
				"F54B80CD3008540A00615DA0",
				"F54B80CF300855E200615DA0",
			);
			"path" = "CustomExercises";
			"sourceTree" = "<group>";
		};
		"D874DF8B24DF89547E3128DD" = {
			"isa" = "PBXGroup";
			"children" = (
				"F54005212FF6F7560079CC05",
				"F54004CC2FF0C8720079CC05",
			);
			"path" = "Dashboard";
			"sourceTree" = "<group>";
		};
		"C1474AE2B1303173AAC2457F" = {
			"isa" = "PBXGroup";
			"children" = (
				"F5BF30AF2FFED4B200AB5AD9",
				"F5BF30B02FFED4B300AB5AD9",
				"F5BF30792FFB288F00AB5AD9",
				"F5BF30772FFB25C600AB5AD9",
				"F5BF30752FFB23E600AB5AD9",
				"F5BF30B12FFED4B300AB5AD9",
			);
			"path" = "Components";
			"sourceTree" = "<group>";
		};
		"39FABE6393E025DF759E4C67" = {
			"isa" = "PBXGroup";
			"children" = (
				"C1474AE2B1303173AAC2457F",
				"F54004F42FF41DEA0079CC05",
			);
			"path" = "Equipment";
			"sourceTree" = "<group>";
		};
		"58E74D426FDF09FF5C82AAE0" = {
			"isa" = "PBXGroup";
			"children" = (
				"F5BF30472FF9E6B800AB5AD9",
				"F5BF30422FF9E1D400AB5AD9",
				"F5BF307B2FFC5DFD00AB5AD9",
				"F5BF30492FF9E6E800AB5AD9",
				"F5BF304B2FF9E70900AB5AD9",
			);
			"path" = "Components";
			"sourceTree" = "<group>";
		};
		"980F1444F7A3FA85E035C5DC" = {
			"isa" = "PBXGroup";
			"children" = (
				"58E74D426FDF09FF5C82AAE0",
				"F5BF303A2FF9DC4E00AB5AD9",
				"F59350B72FF848FA00991F1D",
				"F5BF303C2FF9DE6D00AB5AD9",
				"F54004CE2FF0C87E0079CC05",
				"F5BF30382FF9DC1800AB5AD9",
			);
			"path" = "ExerciseLibrary";
			"sourceTree" = "<group>";
		};
		"4EF7C78E6DE342DD53E664C6" = {
			"isa" = "PBXGroup";
			"children" = (
				"F5BF30B62FFEDA7D00AB5AD9",
				"F5BF30B72FFEDA7D00AB5AD9",
			);
			"path" = "Components";
			"sourceTree" = "<group>";
		};
		"D5B0329385884637F91C8AD9" = {
			"isa" = "PBXGroup";
			"children" = (
				"4EF7C78E6DE342DD53E664C6",
				"F54005172FF5CFA50079CC05",
			);
			"path" = "Export";
			"sourceTree" = "<group>";
		};
		"6AC0719028128D2297FDAFDA" = {
			"isa" = "PBXGroup";
			"children" = (
				"F54004D62FF0CFBA0079CC05",
				"F54004D82FF0CFD10079CC05",
			);
			"path" = "History";
			"sourceTree" = "<group>";
		};
		"CC0C23F35D49BC8A9B409B07" = {
			"isa" = "PBXGroup";
			"children" = (
				"F540050F2FF5984C0079CC05",
			);
			"path" = "Settings";
			"sourceTree" = "<group>";
		};
		"B53F4063E08AA9977813A14C" = {
			"isa" = "PBXGroup";
			"children" = (
				"F54B8092300690A400615DA0",
				"F5BF30452FF9E28700AB5AD9",
				"F5BF303F2FF9DFE100AB5AD9",
				"F54B809030068F7000615DA0",
				"F5630A293002691F000BB3AD",
				"F54B808E3004717100615DA0",
			);
			"path" = "Components";
			"sourceTree" = "<group>";
		};
		"6A69A17EE2777845638CF0C6" = {
			"isa" = "PBXGroup";
			"children" = (
				"B53F4063E08AA9977813A14C",
			);
			"path" = "Shared";
			"sourceTree" = "<group>";
		};
		"4727A31A7822F6E422CEE9A3" = {
			"isa" = "PBXGroup";
			"children" = (
				"F54004DF2FF1640A0079CC05",
				"F54005002FF4783D0079CC05",
				"F59350B52FF848AD00991F1D",
			);
			"path" = "Templates";
			"sourceTree" = "<group>";
		};
		"FBAB8929E50A2FB7B499EEF2" = {
			"isa" = "PBXGroup";
			"children" = (
				"F5BF30542FF9FA4F00AB5AD9",
				"F5BF305A2FF9FFD900AB5AD9",
				"F5BF30BC2FFEDBA400AB5AD9",
				"F5BF30562FF9FA6000AB5AD9",
				"F5BF305C2FFA70FA00AB5AD9",
				"F5BF306C2FFB131E00AB5AD9",
				"F5BF30622FFA77E700AB5AD9",
				"F5BF30582FF9FA6F00AB5AD9",
				"F5BF305E2FFA734200AB5AD9",
				"F5BF306A2FFAA6A200AB5AD9",
				"F5BF30682FFAA4C500AB5AD9",
				"F5BF30602FFA74D300AB5AD9",
				"F5BF30702FFB17E200AB5AD9",
				"F5BF306E2FFB143A00AB5AD9",
				"F5BF30662FFA9F5400AB5AD9",
			);
			"path" = "Components";
			"sourceTree" = "<group>";
		};
		"85B257E037D9AA6052D979F4" = {
			"isa" = "PBXGroup";
			"children" = (
				"FBAB8929E50A2FB7B499EEF2",
				"F54005072FF5686C0079CC05",
				"F54005052FF568570079CC05",
				"F54004D02FF0C88A0079CC05",
				"F54004D22FF0C8970079CC05",
			);
			"path" = "WorkoutSession";
			"sourceTree" = "<group>";
		};
		"1FE88684BDDAACFFBCCF5378" = {
			"isa" = "PBXGroup";
			"children" = (
				"A2CE3C728331E40DF9A3FAD5",
				"F5C606212D97E0F214F5019D",
				"D874DF8B24DF89547E3128DD",
				"39FABE6393E025DF759E4C67",
				"980F1444F7A3FA85E035C5DC",
				"D5B0329385884637F91C8AD9",
				"6AC0719028128D2297FDAFDA",
				"CC0C23F35D49BC8A9B409B07",
				"6A69A17EE2777845638CF0C6",
				"4727A31A7822F6E422CEE9A3",
				"85B257E037D9AA6052D979F4",
			);
			"path" = "Features";
			"sourceTree" = "<group>";
		};
		"5621D15E9E638FB67766C28F" = {
			"isa" = "PBXGroup";
			"children" = (
				"F54004B92FF0C7030079CC05",
			);
			"path" = "Preview Content";
			"sourceTree" = "<group>";
		};
		"A87C08B46077052B0EBF3BA3" = {
			"isa" = "PBXGroup";
			"children" = (
				"5621D15E9E638FB67766C28F",
				"F54004B62FF0C7030079CC05",
				"F5BF30342FF9473400AB5AD9",
				"F54004BB2FF0C7030079CC05",
			);
			"path" = "Resources";
			"sourceTree" = "<group>";
		};
		"2DE22C526D548BAB3C2D0B14" = {
			"isa" = "PBXGroup";
			"children" = (
				"F54B8122300D018D00615DA0",
				"F54B8123300D018D00615DA0",
				"F54B8124300D018D00615DA0",
				"F54B8125300D018D00615DA0",
				"F54B8126300D018D00615DA0",
				"F54B8127300D018D00615DA0",
			);
			"path" = "Architecture";
			"sourceTree" = "<group>";
		};
		"EB9BD10A76AA18CBEAA77F4D" = {
			"isa" = "PBXGroup";
			"children" = (
				"F54B8129300D018D00615DA0",
				"F54B812A300D018D00615DA0",
				"F54B812B300D018D00615DA0",
				"F54B812C300D018D00615DA0",
			);
			"path" = "Development";
			"sourceTree" = "<group>";
		};
		"B9E019B81C2142714AEFBDC6" = {
			"isa" = "PBXGroup";
			"children" = (
				"F54B812E300D018D00615DA0",
				"F54B812F300D018D00615DA0",
				"F54B8130300D018D00615DA0",
				"F54B8131300D018D00615DA0",
				"F54B8132300D018D00615DA0",
				"F54B8133300D018D00615DA0",
				"F54B8134300D018D00615DA0",
				"F54B8135300D018D00615DA0",
			);
			"path" = "Features";
			"sourceTree" = "<group>";
		};
		"7F78BA2B9E9F8B15A5A78927" = {
			"isa" = "PBXGroup";
			"children" = (
				"F54B8138300D018D00615DA0",
			);
			"path" = "Images";
			"sourceTree" = "<group>";
		};
		"D14188FB19F871BE61015A6E" = {
			"isa" = "PBXGroup";
			"children" = (
				"2DE22C526D548BAB3C2D0B14",
				"EB9BD10A76AA18CBEAA77F4D",
				"B9E019B81C2142714AEFBDC6",
				"7F78BA2B9E9F8B15A5A78927",
				"F54B8136300D018D00615DA0",
				"F54B8139300D018D00615DA0",
			);
			"path" = "Docs";
			"sourceTree" = "<group>";
		};
	};
}
