// !$*UTF8*$!
{
	archiveVersion = 1;
	classes = {
	};
	objectVersion = 56;
	objects = {

/* Begin PBXBuildFile section */
		F54004B12FF0C6FE0079CC05 /* MyWorkoutApp.swift in Sources */ = {isa = PBXBuildFile; fileRef = F54004B02FF0C6FE0079CC05 /* MyWorkoutApp.swift */; };
		F54004B72FF0C7030079CC05 /* Assets.xcassets in Resources */ = {isa = PBXBuildFile; fileRef = F54004B62FF0C7030079CC05 /* Assets.xcassets */; };
		F54004BA2FF0C7030079CC05 /* Preview Assets.xcassets in Resources */ = {isa = PBXBuildFile; fileRef = F54004B92FF0C7030079CC05 /* Preview Assets.xcassets */; };
		F54004C52FF0C83E0079CC05 /* Exercise.swift in Sources */ = {isa = PBXBuildFile; fileRef = F54004C42FF0C83E0079CC05 /* Exercise.swift */; };
		F54004C72FF0C8490079CC05 /* Workout.swift in Sources */ = {isa = PBXBuildFile; fileRef = F54004C62FF0C8490079CC05 /* Workout.swift */; };
		F54004C92FF0C8570079CC05 /* WorkoutLog.swift in Sources */ = {isa = PBXBuildFile; fileRef = F54004C82FF0C8570079CC05 /* WorkoutLog.swift */; };
		F54004CB2FF0C8640079CC05 /* SeedData.swift in Sources */ = {isa = PBXBuildFile; fileRef = F54004CA2FF0C8640079CC05 /* SeedData.swift */; };
		F54004CD2FF0C8720079CC05 /* DashboardView.swift in Sources */ = {isa = PBXBuildFile; fileRef = F54004CC2FF0C8720079CC05 /* DashboardView.swift */; };
		F54004CF2FF0C87E0079CC05 /* ExerciseLibraryView.swift in Sources */ = {isa = PBXBuildFile; fileRef = F54004CE2FF0C87E0079CC05 /* ExerciseLibraryView.swift */; };
		F54004D12FF0C88A0079CC05 /* StartWorkoutView.swift in Sources */ = {isa = PBXBuildFile; fileRef = F54004D02FF0C88A0079CC05 /* StartWorkoutView.swift */; };
		F54004D32FF0C8970079CC05 /* WorkoutSessionView.swift in Sources */ = {isa = PBXBuildFile; fileRef = F54004D22FF0C8970079CC05 /* WorkoutSessionView.swift */; };
		F54004D52FF0CF5C0079CC05 /* WorkoutLogStore.swift in Sources */ = {isa = PBXBuildFile; fileRef = F54004D42FF0CF5C0079CC05 /* WorkoutLogStore.swift */; };
		F54004D72FF0CFBA0079CC05 /* HistoryView.swift in Sources */ = {isa = PBXBuildFile; fileRef = F54004D62FF0CFBA0079CC05 /* HistoryView.swift */; };
		F54004D92FF0CFD10079CC05 /* WorkoutLogDetailView.swift in Sources */ = {isa = PBXBuildFile; fileRef = F54004D82FF0CFD10079CC05 /* WorkoutLogDetailView.swift */; };
		F54004DC2FF1632B0079CC05 /* WorkoutTemplate.swift in Sources */ = {isa = PBXBuildFile; fileRef = F54004DB2FF1632B0079CC05 /* WorkoutTemplate.swift */; };
		F54004DE2FF163F10079CC05 /* WorkoutTemplateStore.swift in Sources */ = {isa = PBXBuildFile; fileRef = F54004DD2FF163F10079CC05 /* WorkoutTemplateStore.swift */; };
		F54004E02FF1640A0079CC05 /* CreateWorkoutTemplateView.swift in Sources */ = {isa = PBXBuildFile; fileRef = F54004DF2FF1640A0079CC05 /* CreateWorkoutTemplateView.swift */; };
		F54004E32FF169390079CC05 /* ProgressionRule.swift in Sources */ = {isa = PBXBuildFile; fileRef = F54004E22FF169390079CC05 /* ProgressionRule.swift */; };
		F54004E52FF16A750079CC05 /* ProgressionEngine.swift in Sources */ = {isa = PBXBuildFile; fileRef = F54004E42FF16A750079CC05 /* ProgressionEngine.swift */; };
		F54004E72FF338CE0079CC05 /* ExerciseType.swift in Sources */ = {isa = PBXBuildFile; fileRef = F54004E62FF338CD0079CC05 /* ExerciseType.swift */; };
		F54004E92FF413830079CC05 /* WarmupSet.swift in Sources */ = {isa = PBXBuildFile; fileRef = F54004E82FF413830079CC05 /* WarmupSet.swift */; };
		F54004EB2FF413EA0079CC05 /* WarmupEngine.swift in Sources */ = {isa = PBXBuildFile; fileRef = F54004EA2FF413EA0079CC05 /* WarmupEngine.swift */; };
		F54004ED2FF41A8C0079CC05 /* PlateLoading.swift in Sources */ = {isa = PBXBuildFile; fileRef = F54004EC2FF41A8C0079CC05 /* PlateLoading.swift */; };
		F54004EF2FF41AD90079CC05 /* PlateCalculator.swift in Sources */ = {isa = PBXBuildFile; fileRef = F54004EE2FF41AD90079CC05 /* PlateCalculator.swift */; };
		F54004F12FF41D800079CC05 /* EquipmentInventory.swift in Sources */ = {isa = PBXBuildFile; fileRef = F54004F02FF41D800079CC05 /* EquipmentInventory.swift */; };
		F54004F32FF41DC50079CC05 /* EquipmentInventoryStore.swift in Sources */ = {isa = PBXBuildFile; fileRef = F54004F22FF41DC50079CC05 /* EquipmentInventoryStore.swift */; };
		F54004F52FF41DEA0079CC05 /* EquipmentInventoryView.swift in Sources */ = {isa = PBXBuildFile; fileRef = F54004F42FF41DEA0079CC05 /* EquipmentInventoryView.swift */; };
		F54004F72FF439FB0079CC05 /* RestTimerRule.swift in Sources */ = {isa = PBXBuildFile; fileRef = F54004F62FF439FB0079CC05 /* RestTimerRule.swift */; };
		F54004F92FF472700079CC05 /* AnalyticsView.swift in Sources */ = {isa = PBXBuildFile; fileRef = F54004F82FF472700079CC05 /* AnalyticsView.swift */; };
		F54004FB2FF476D70079CC05 /* StrengthTrendView.swift in Sources */ = {isa = PBXBuildFile; fileRef = F54004FA2FF476D70079CC05 /* StrengthTrendView.swift */; };
		F54005012FF4783D0079CC05 /* TemplateEditorView.swift in Sources */ = {isa = PBXBuildFile; fileRef = F54005002FF4783D0079CC05 /* TemplateEditorView.swift */; };
		F54005032FF47B0C0079CC05 /* DashboardCard.swift in Sources */ = {isa = PBXBuildFile; fileRef = F54005022FF47B0C0079CC05 /* DashboardCard.swift */; };
		F54005062FF568570079CC05 /* RestTimerBadge.swift in Sources */ = {isa = PBXBuildFile; fileRef = F54005052FF568570079CC05 /* RestTimerBadge.swift */; };
		F54005082FF5686C0079CC05 /* ExerciseSessionCardView.swift in Sources */ = {isa = PBXBuildFile; fileRef = F54005072FF5686C0079CC05 /* ExerciseSessionCardView.swift */; };
		F540050A2FF58D660079CC05 /* AppTheme.swift in Sources */ = {isa = PBXBuildFile; fileRef = F54005092FF58D660079CC05 /* AppTheme.swift */; };
		F540050C2FF597CB0079CC05 /* UserSettings.swift in Sources */ = {isa = PBXBuildFile; fileRef = F540050B2FF597CB0079CC05 /* UserSettings.swift */; };
		F540050E2FF598060079CC05 /* UserSettingsStore.swift in Sources */ = {isa = PBXBuildFile; fileRef = F540050D2FF598060079CC05 /* UserSettingsStore.swift */; };
		F54005102FF5984C0079CC05 /* SettingsView.swift in Sources */ = {isa = PBXBuildFile; fileRef = F540050F2FF5984C0079CC05 /* SettingsView.swift */; };
		F54005122FF5C0990079CC05 /* WeightConversion.swift in Sources */ = {isa = PBXBuildFile; fileRef = F54005112FF5C0990079CC05 /* WeightConversion.swift */; };
		F54005162FF5CF8D0079CC05 /* WorkoutCSVExporter.swift in Sources */ = {isa = PBXBuildFile; fileRef = F54005152FF5CF8D0079CC05 /* WorkoutCSVExporter.swift */; };
		F54005182FF5CFA50079CC05 /* ExportView.swift in Sources */ = {isa = PBXBuildFile; fileRef = F54005172FF5CFA50079CC05 /* ExportView.swift */; };
		F540051A2FF69CC60079CC05 /* AppBackup.swift in Sources */ = {isa = PBXBuildFile; fileRef = F54005192FF69CC60079CC05 /* AppBackup.swift */; };
		F540051C2FF69DD30079CC05 /* BackupDocument.swift in Sources */ = {isa = PBXBuildFile; fileRef = F540051B2FF69DD30079CC05 /* BackupDocument.swift */; };
		F540051E2FF6E0CD0079CC05 /* ExercisePerformanceAnalyzer.swift in Sources */ = {isa = PBXBuildFile; fileRef = F540051D2FF6E0CD0079CC05 /* ExercisePerformanceAnalyzer.swift */; };
		F54005202FF6E5250079CC05 /* RecoveryAnalyzer.swift in Sources */ = {isa = PBXBuildFile; fileRef = F540051F2FF6E5250079CC05 /* RecoveryAnalyzer.swift */; };
		F54005222FF6F7560079CC05 /* DashboardStatsView.swift in Sources */ = {isa = PBXBuildFile; fileRef = F54005212FF6F7560079CC05 /* DashboardStatsView.swift */; };
		F54005242FF6F8DD0079CC05 /* ProgressionStrategy.swift in Sources */ = {isa = PBXBuildFile; fileRef = F54005232FF6F8DD0079CC05 /* ProgressionStrategy.swift */; };
		F59350B42FF83B9D00991F1D /* Haptics.swift in Sources */ = {isa = PBXBuildFile; fileRef = F59350B32FF83B9D00991F1D /* Haptics.swift */; };
		F59350B62FF848AD00991F1D /* TemplatesView.swift in Sources */ = {isa = PBXBuildFile; fileRef = F59350B52FF848AD00991F1D /* TemplatesView.swift */; };
		F59350B82FF848FA00991F1D /* ExerciseDetailView.swift in Sources */ = {isa = PBXBuildFile; fileRef = F59350B72FF848FA00991F1D /* ExerciseDetailView.swift */; };
		F5BF30352FF9473400AB5AD9 /* LaunchScreen.storyboard in Resources */ = {isa = PBXBuildFile; fileRef = F5BF30342FF9473400AB5AD9 /* LaunchScreen.storyboard */; };
		F5BF30372FF9662900AB5AD9 /* ActiveWorkoutStore.swift in Sources */ = {isa = PBXBuildFile; fileRef = F5BF30362FF9662900AB5AD9 /* ActiveWorkoutStore.swift */; };
		F5BF30392FF9DC1800AB5AD9 /* ExerciseRowView.swift in Sources */ = {isa = PBXBuildFile; fileRef = F5BF30382FF9DC1800AB5AD9 /* ExerciseRowView.swift */; };
		F5BF303B2FF9DC4E00AB5AD9 /* DetailRow.swift in Sources */ = {isa = PBXBuildFile; fileRef = F5BF303A2FF9DC4E00AB5AD9 /* DetailRow.swift */; };
		F5BF303D2FF9DE6D00AB5AD9 /* ExerciseHeaderView.swift in Sources */ = {isa = PBXBuildFile; fileRef = F5BF303C2FF9DE6D00AB5AD9 /* ExerciseHeaderView.swift */; };
		F5BF30402FF9DFE100AB5AD9 /* InfoBadge.swift in Sources */ = {isa = PBXBuildFile; fileRef = F5BF303F2FF9DFE100AB5AD9 /* InfoBadge.swift */; };
		F5BF30432FF9E1D400AB5AD9 /* ExerciseMusclesView.swift in Sources */ = {isa = PBXBuildFile; fileRef = F5BF30422FF9E1D400AB5AD9 /* ExerciseMusclesView.swift */; };
		F5BF30462FF9E28700AB5AD9 /* FlowLayout.swift in Sources */ = {isa = PBXBuildFile; fileRef = F5BF30452FF9E28700AB5AD9 /* FlowLayout.swift */; };
		F5BF30482FF9E6B800AB5AD9 /* ExerciseInstructionsView.swift in Sources */ = {isa = PBXBuildFile; fileRef = F5BF30472FF9E6B800AB5AD9 /* ExerciseInstructionsView.swift */; };
		F5BF304A2FF9E6E800AB5AD9 /* ExerciseTipsView.swift in Sources */ = {isa = PBXBuildFile; fileRef = F5BF30492FF9E6E800AB5AD9 /* ExerciseTipsView.swift */; };
		F5BF304C2FF9E70900AB5AD9 /* ExerciseWarningsView.swift in Sources */ = {isa = PBXBuildFile; fileRef = F5BF304B2FF9E70900AB5AD9 /* ExerciseWarningsView.swift */; };
		F5BF30552FF9FA4F00AB5AD9 /* BigStepperControl.swift in Sources */ = {isa = PBXBuildFile; fileRef = F5BF30542FF9FA4F00AB5AD9 /* BigStepperControl.swift */; };
		F5BF30572FF9FA6000AB5AD9 /* ExerciseSessionHeaderView.swift in Sources */ = {isa = PBXBuildFile; fileRef = F5BF30562FF9FA6000AB5AD9 /* ExerciseSessionHeaderView.swift */; };
		F5BF30592FF9FA6F00AB5AD9 /* PreviousPerformanceView.swift in Sources */ = {isa = PBXBuildFile; fileRef = F5BF30582FF9FA6F00AB5AD9 /* PreviousPerformanceView.swift */; };
		F5BF305B2FF9FFD900AB5AD9 /* CurrentSetCardView.swift in Sources */ = {isa = PBXBuildFile; fileRef = F5BF305A2FF9FFD900AB5AD9 /* CurrentSetCardView.swift */; };
		F5BF305D2FFA70FA00AB5AD9 /* LoggedSetsView.swift in Sources */ = {isa = PBXBuildFile; fileRef = F5BF305C2FFA70FA00AB5AD9 /* LoggedSetsView.swift */; };
		F5BF305F2FFA734200AB5AD9 /* WarmupSectionView.swift in Sources */ = {isa = PBXBuildFile; fileRef = F5BF305E2FFA734200AB5AD9 /* WarmupSectionView.swift */; };
		F5BF30612FFA74D300AB5AD9 /* WorkoutSessionCard.swift in Sources */ = {isa = PBXBuildFile; fileRef = F5BF30602FFA74D300AB5AD9 /* WorkoutSessionCard.swift */; };
		F5BF30632FFA77E700AB5AD9 /* NotesSectionView.swift in Sources */ = {isa = PBXBuildFile; fileRef = F5BF30622FFA77E700AB5AD9 /* NotesSectionView.swift */; };
		F5BF30652FFA7F9700AB5AD9 /* WorkoutSessionEngine.swift in Sources */ = {isa = PBXBuildFile; fileRef = F5BF30642FFA7F9700AB5AD9 /* WorkoutSessionEngine.swift */; };
		F5BF30672FFA9F5400AB5AD9 /* WorkoutTimerCardView.swift in Sources */ = {isa = PBXBuildFile; fileRef = F5BF30662FFA9F5400AB5AD9 /* WorkoutTimerCardView.swift */; };
		F5BF30692FFAA4C500AB5AD9 /* WorkoutSessionActionsView.swift in Sources */ = {isa = PBXBuildFile; fileRef = F5BF30682FFAA4C500AB5AD9 /* WorkoutSessionActionsView.swift */; };
		F5BF306B2FFAA6A200AB5AD9 /* WorkoutExerciseListView.swift in Sources */ = {isa = PBXBuildFile; fileRef = F5BF306A2FFAA6A200AB5AD9 /* WorkoutExerciseListView.swift */; };
		F5BF306D2FFB131E00AB5AD9 /* NoActiveWorkoutView.swift in Sources */ = {isa = PBXBuildFile; fileRef = F5BF306C2FFB131E00AB5AD9 /* NoActiveWorkoutView.swift */; };
		F5BF306F2FFB143A00AB5AD9 /* WorkoutSessionDialogs.swift in Sources */ = {isa = PBXBuildFile; fileRef = F5BF306E2FFB143A00AB5AD9 /* WorkoutSessionDialogs.swift */; };
		F5BF30712FFB17E200AB5AD9 /* WorkoutSessionContentView.swift in Sources */ = {isa = PBXBuildFile; fileRef = F5BF30702FFB17E200AB5AD9 /* WorkoutSessionContentView.swift */; };
		F5BF30732FFB227200AB5AD9 /* ExerciseSessionState.swift in Sources */ = {isa = PBXBuildFile; fileRef = F5BF30722FFB227200AB5AD9 /* ExerciseSessionState.swift */; };
		F5BF30762FFB23E600AB5AD9 /* InventorySectionCard.swift in Sources */ = {isa = PBXBuildFile; fileRef = F5BF30752FFB23E600AB5AD9 /* InventorySectionCard.swift */; };
		F5BF30782FFB25C600AB5AD9 /* InventoryItemRow.swift in Sources */ = {isa = PBXBuildFile; fileRef = F5BF30772FFB25C600AB5AD9 /* InventoryItemRow.swift */; };
		F5BF307A2FFB288F00AB5AD9 /* InventoryAddItemRow.swift in Sources */ = {isa = PBXBuildFile; fileRef = F5BF30792FFB288F00AB5AD9 /* InventoryAddItemRow.swift */; };
		F5BF307C2FFC5DFD00AB5AD9 /* ExerciseOverviewView.swift in Sources */ = {isa = PBXBuildFile; fileRef = F5BF307B2FFC5DFD00AB5AD9 /* ExerciseOverviewView.swift */; };
		F5BF307E2FFC74D000AB5AD9 /* ExerciseRegistry.swift in Sources */ = {isa = PBXBuildFile; fileRef = F5BF307D2FFC74D000AB5AD9 /* ExerciseRegistry.swift */; };
		F5BF30802FFC75AD00AB5AD9 /* WeightFormatter.swift in Sources */ = {isa = PBXBuildFile; fileRef = F5BF307F2FFC75AD00AB5AD9 /* WeightFormatter.swift */; };
		F5BF30822FFD328500AB5AD9 /* AnalyticsCache.swift in Sources */ = {isa = PBXBuildFile; fileRef = F5BF30812FFD328500AB5AD9 /* AnalyticsCache.swift */; };
		F5BF30852FFD9E5000AB5AD9 /* Keyboard.swift in Sources */ = {isa = PBXBuildFile; fileRef = F5BF30842FFD9E5000AB5AD9 /* Keyboard.swift */; };
		F5BF30982FFDFF3100AB5AD9 /* ProgressionEngineTests.swift in Sources */ = {isa = PBXBuildFile; fileRef = F5BF30872FFDFDFA00AB5AD9 /* ProgressionEngineTests.swift */; };
		F5BF30992FFDFF3300AB5AD9 /* PlateCalculatorTests.swift in Sources */ = {isa = PBXBuildFile; fileRef = F5BF30892FFDFE1200AB5AD9 /* PlateCalculatorTests.swift */; };
		F5BF309B2FFED27700AB5AD9 /* WeightConversionTests.swift in Sources */ = {isa = PBXBuildFile; fileRef = F5BF309A2FFED27700AB5AD9 /* WeightConversionTests.swift */; };
		F5BF309F2FFED28600AB5AD9 /* WorkoutSessionEngineTests.swift in Sources */ = {isa = PBXBuildFile; fileRef = F5BF309C2FFED28500AB5AD9 /* WorkoutSessionEngineTests.swift */; };
		F5BF30A02FFED28600AB5AD9 /* RestTimerRuleTests.swift in Sources */ = {isa = PBXBuildFile; fileRef = F5BF309D2FFED28500AB5AD9 /* RestTimerRuleTests.swift */; };
		F5BF30A12FFED28600AB5AD9 /* WarmupEngineTests.swift in Sources */ = {isa = PBXBuildFile; fileRef = F5BF309E2FFED28500AB5AD9 /* WarmupEngineTests.swift */; };
		F5BF30A92FFED42000AB5AD9 /* AnalyticsOverviewSection.swift in Sources */ = {isa = PBXBuildFile; fileRef = F5BF30A32FFED42000AB5AD9 /* AnalyticsOverviewSection.swift */; };
		F5BF30AA2FFED42000AB5AD9 /* PerformanceWarningsSection.swift in Sources */ = {isa = PBXBuildFile; fileRef = F5BF30A42FFED42000AB5AD9 /* PerformanceWarningsSection.swift */; };
		F5BF30AB2FFED42000AB5AD9 /* PersonalRecordsSection.swift in Sources */ = {isa = PBXBuildFile; fileRef = F5BF30A52FFED42000AB5AD9 /* PersonalRecordsSection.swift */; };
		F5BF30AC2FFED42000AB5AD9 /* RecentWorkoutsSection.swift in Sources */ = {isa = PBXBuildFile; fileRef = F5BF30A62FFED42000AB5AD9 /* RecentWorkoutsSection.swift */; };
		F5BF30AD2FFED42000AB5AD9 /* RecoveryWarningsSection.swift in Sources */ = {isa = PBXBuildFile; fileRef = F5BF30A72FFED42000AB5AD9 /* RecoveryWarningsSection.swift */; };
		F5BF30AE2FFED42000AB5AD9 /* VolumeByMuscleGroupSection.swift in Sources */ = {isa = PBXBuildFile; fileRef = F5BF30A82FFED42000AB5AD9 /* VolumeByMuscleGroupSection.swift */; };
		F5BF30B22FFED4B300AB5AD9 /* BarbellInventorySection.swift in Sources */ = {isa = PBXBuildFile; fileRef = F5BF30AF2FFED4B200AB5AD9 /* BarbellInventorySection.swift */; };
		F5BF30B32FFED4B300AB5AD9 /* DumbbellsInventorySection.swift in Sources */ = {isa = PBXBuildFile; fileRef = F5BF30B02FFED4B300AB5AD9 /* DumbbellsInventorySection.swift */; };
		F5BF30B42FFED4B300AB5AD9 /* PlatesInventorySection.swift in Sources */ = {isa = PBXBuildFile; fileRef = F5BF30B12FFED4B300AB5AD9 /* PlatesInventorySection.swift */; };
		F5BF30B82FFEDA7D00AB5AD9 /* ExportActionsSection.swift in Sources */ = {isa = PBXBuildFile; fileRef = F5BF30B62FFEDA7D00AB5AD9 /* ExportActionsSection.swift */; };
		F5BF30B92FFEDA7D00AB5AD9 /* ImportActionsSection.swift in Sources */ = {isa = PBXBuildFile; fileRef = F5BF30B72FFEDA7D00AB5AD9 /* ImportActionsSection.swift */; };
		F5BF30BB2FFEDADD00AB5AD9 /* BackupImportHandler.swift in Sources */ = {isa = PBXBuildFile; fileRef = F5BF30BA2FFEDADD00AB5AD9 /* BackupImportHandler.swift */; };
		F5BF30BD2FFEDBA400AB5AD9 /* DoubleBigStepperControl.swift in Sources */ = {isa = PBXBuildFile; fileRef = F5BF30BC2FFEDBA400AB5AD9 /* DoubleBigStepperControl.swift */; };
		F5BF30BF2FFEDD3600AB5AD9 /* CSVDocument.swift in Sources */ = {isa = PBXBuildFile; fileRef = F5BF30BE2FFEDD3600AB5AD9 /* CSVDocument.swift */; };
		F5BF30C12FFF19E700AB5AD9 /* Rounding.swift in Sources */ = {isa = PBXBuildFile; fileRef = F5BF30C02FFF19E700AB5AD9 /* Rounding.swift */; };
		F5BF30C32FFF1A1C00AB5AD9 /* ErrorReportingStore.swift in Sources */ = {isa = PBXBuildFile; fileRef = F5BF30C22FFF1A1C00AB5AD9 /* ErrorReportingStore.swift */; };
		F5BF30C530002EBC00AB5AD9 /* InputValidation.swift in Sources */ = {isa = PBXBuildFile; fileRef = F5BF30C430002EBC00AB5AD9 /* InputValidation.swift */; };
		F5BF30C73000401400AB5AD9 /* InputValidationTests.swift in Sources */ = {isa = PBXBuildFile; fileRef = F5BF30C63000401400AB5AD9 /* InputValidationTests.swift */; };
		F5BF30C93000421D00AB5AD9 /* WorkoutLogStoreTests.swift in Sources */ = {isa = PBXBuildFile; fileRef = F5BF30C83000421D00AB5AD9 /* WorkoutLogStoreTests.swift */; };
		F5BF30CB3000432700AB5AD9 /* WorkoutTemplateStoreTests.swift in Sources */ = {isa = PBXBuildFile; fileRef = F5BF30CA3000432700AB5AD9 /* WorkoutTemplateStoreTests.swift */; };
/* End PBXBuildFile section */

/* Begin PBXContainerItemProxy section */
		F5BF30932FFDFF1600AB5AD9 /* PBXContainerItemProxy */ = {
			isa = PBXContainerItemProxy;
			containerPortal = F54004A52FF0C6FE0079CC05 /* Project object */;
			proxyType = 1;
			remoteGlobalIDString = F54004AC2FF0C6FE0079CC05;
			remoteInfo = MyWorkout;
		};
/* End PBXContainerItemProxy section */

/* Begin PBXFileReference section */
		F54004AD2FF0C6FE0079CC05 /* MyWorkout.app */ = {isa = PBXFileReference; explicitFileType = wrapper.application; includeInIndex = 0; path = MyWorkout.app; sourceTree = BUILT_PRODUCTS_DIR; };
		F54004B02FF0C6FE0079CC05 /* MyWorkoutApp.swift */ = {isa = PBXFileReference; lastKnownFileType = sourcecode.swift; path = MyWorkoutApp.swift; sourceTree = "<group>"; };
		F54004B62FF0C7030079CC05 /* Assets.xcassets */ = {isa = PBXFileReference; lastKnownFileType = folder.assetcatalog; path = Assets.xcassets; sourceTree = "<group>"; };
		F54004B92FF0C7030079CC05 /* Preview Assets.xcassets */ = {isa = PBXFileReference; lastKnownFileType = folder.assetcatalog; path = "Preview Assets.xcassets"; sourceTree = "<group>"; };
		F54004BB2FF0C7030079CC05 /* MyWorkout.entitlements */ = {isa = PBXFileReference; lastKnownFileType = text.plist.entitlements; path = MyWorkout.entitlements; sourceTree = "<group>"; };
		F54004C42FF0C83E0079CC05 /* Exercise.swift */ = {isa = PBXFileReference; lastKnownFileType = sourcecode.swift; path = Exercise.swift; sourceTree = "<group>"; };
		F54004C62FF0C8490079CC05 /* Workout.swift */ = {isa = PBXFileReference; lastKnownFileType = sourcecode.swift; path = Workout.swift; sourceTree = "<group>"; };
		F54004C82FF0C8570079CC05 /* WorkoutLog.swift */ = {isa = PBXFileReference; lastKnownFileType = sourcecode.swift; path = WorkoutLog.swift; sourceTree = "<group>"; };
		F54004CA2FF0C8640079CC05 /* SeedData.swift */ = {isa = PBXFileReference; lastKnownFileType = sourcecode.swift; path = SeedData.swift; sourceTree = "<group>"; };
		F54004CC2FF0C8720079CC05 /* DashboardView.swift */ = {isa = PBXFileReference; lastKnownFileType = sourcecode.swift; path = DashboardView.swift; sourceTree = "<group>"; };
		F54004CE2FF0C87E0079CC05 /* ExerciseLibraryView.swift */ = {isa = PBXFileReference; lastKnownFileType = sourcecode.swift; path = ExerciseLibraryView.swift; sourceTree = "<group>"; };
		F54004D02FF0C88A0079CC05 /* StartWorkoutView.swift */ = {isa = PBXFileReference; lastKnownFileType = sourcecode.swift; path = StartWorkoutView.swift; sourceTree = "<group>"; };
		F54004D22FF0C8970079CC05 /* WorkoutSessionView.swift */ = {isa = PBXFileReference; lastKnownFileType = sourcecode.swift; path = WorkoutSessionView.swift; sourceTree = "<group>"; };
		F54004D42FF0CF5C0079CC05 /* WorkoutLogStore.swift */ = {isa = PBXFileReference; lastKnownFileType = sourcecode.swift; path = WorkoutLogStore.swift; sourceTree = "<group>"; };
		F54004D62FF0CFBA0079CC05 /* HistoryView.swift */ = {isa = PBXFileReference; lastKnownFileType = sourcecode.swift; path = HistoryView.swift; sourceTree = "<group>"; };
		F54004D82FF0CFD10079CC05 /* WorkoutLogDetailView.swift */ = {isa = PBXFileReference; lastKnownFileType = sourcecode.swift; path = WorkoutLogDetailView.swift; sourceTree = "<group>"; };
		F54004DB2FF1632B0079CC05 /* WorkoutTemplate.swift */ = {isa = PBXFileReference; lastKnownFileType = sourcecode.swift; path = WorkoutTemplate.swift; sourceTree = "<group>"; };
		F54004DD2FF163F10079CC05 /* WorkoutTemplateStore.swift */ = {isa = PBXFileReference; lastKnownFileType = sourcecode.swift; path = WorkoutTemplateStore.swift; sourceTree = "<group>"; };
		F54004DF2FF1640A0079CC05 /* CreateWorkoutTemplateView.swift */ = {isa = PBXFileReference; lastKnownFileType = sourcecode.swift; path = CreateWorkoutTemplateView.swift; sourceTree = "<group>"; };
		F54004E22FF169390079CC05 /* ProgressionRule.swift */ = {isa = PBXFileReference; lastKnownFileType = sourcecode.swift; path = ProgressionRule.swift; sourceTree = "<group>"; };
		F54004E42FF16A750079CC05 /* ProgressionEngine.swift */ = {isa = PBXFileReference; lastKnownFileType = sourcecode.swift; path = ProgressionEngine.swift; sourceTree = "<group>"; };
		F54004E62FF338CD0079CC05 /* ExerciseType.swift */ = {isa = PBXFileReference; lastKnownFileType = sourcecode.swift; path = ExerciseType.swift; sourceTree = "<group>"; };
		F54004E82FF413830079CC05 /* WarmupSet.swift */ = {isa = PBXFileReference; lastKnownFileType = sourcecode.swift; path = WarmupSet.swift; sourceTree = "<group>"; };
		F54004EA2FF413EA0079CC05 /* WarmupEngine.swift */ = {isa = PBXFileReference; lastKnownFileType = sourcecode.swift; path = WarmupEngine.swift; sourceTree = "<group>"; };
		F54004EC2FF41A8C0079CC05 /* PlateLoading.swift */ = {isa = PBXFileReference; lastKnownFileType = sourcecode.swift; path = PlateLoading.swift; sourceTree = "<group>"; };
		F54004EE2FF41AD90079CC05 /* PlateCalculator.swift */ = {isa = PBXFileReference; lastKnownFileType = sourcecode.swift; path = PlateCalculator.swift; sourceTree = "<group>"; };
		F54004F02FF41D800079CC05 /* EquipmentInventory.swift */ = {isa = PBXFileReference; lastKnownFileType = sourcecode.swift; path = EquipmentInventory.swift; sourceTree = "<group>"; };
		F54004F22FF41DC50079CC05 /* EquipmentInventoryStore.swift */ = {isa = PBXFileReference; lastKnownFileType = sourcecode.swift; path = EquipmentInventoryStore.swift; sourceTree = "<group>"; };
		F54004F42FF41DEA0079CC05 /* EquipmentInventoryView.swift */ = {isa = PBXFileReference; lastKnownFileType = sourcecode.swift; path = EquipmentInventoryView.swift; sourceTree = "<group>"; };
		F54004F62FF439FB0079CC05 /* RestTimerRule.swift */ = {isa = PBXFileReference; lastKnownFileType = sourcecode.swift; path = RestTimerRule.swift; sourceTree = "<group>"; };
		F54004F82FF472700079CC05 /* AnalyticsView.swift */ = {isa = PBXFileReference; lastKnownFileType = sourcecode.swift; path = AnalyticsView.swift; sourceTree = "<group>"; };
		F54004FA2FF476D70079CC05 /* StrengthTrendView.swift */ = {isa = PBXFileReference; lastKnownFileType = sourcecode.swift; path = StrengthTrendView.swift; sourceTree = "<group>"; };
		F54005002FF4783D0079CC05 /* TemplateEditorView.swift */ = {isa = PBXFileReference; lastKnownFileType = sourcecode.swift; path = TemplateEditorView.swift; sourceTree = "<group>"; };
		F54005022FF47B0C0079CC05 /* DashboardCard.swift */ = {isa = PBXFileReference; lastKnownFileType = sourcecode.swift; path = DashboardCard.swift; sourceTree = "<group>"; };
		F54005052FF568570079CC05 /* RestTimerBadge.swift */ = {isa = PBXFileReference; lastKnownFileType = sourcecode.swift; path = RestTimerBadge.swift; sourceTree = "<group>"; };
		F54005072FF5686C0079CC05 /* ExerciseSessionCardView.swift */ = {isa = PBXFileReference; lastKnownFileType = sourcecode.swift; path = ExerciseSessionCardView.swift; sourceTree = "<group>"; };
		F54005092FF58D660079CC05 /* AppTheme.swift */ = {isa = PBXFileReference; lastKnownFileType = sourcecode.swift; path = AppTheme.swift; sourceTree = "<group>"; };
		F540050B2FF597CB0079CC05 /* UserSettings.swift */ = {isa = PBXFileReference; lastKnownFileType = sourcecode.swift; path = UserSettings.swift; sourceTree = "<group>"; };
		F540050D2FF598060079CC05 /* UserSettingsStore.swift */ = {isa = PBXFileReference; lastKnownFileType = sourcecode.swift; path = UserSettingsStore.swift; sourceTree = "<group>"; };
		F540050F2FF5984C0079CC05 /* SettingsView.swift */ = {isa = PBXFileReference; lastKnownFileType = sourcecode.swift; path = SettingsView.swift; sourceTree = "<group>"; };
		F54005112FF5C0990079CC05 /* WeightConversion.swift */ = {isa = PBXFileReference; lastKnownFileType = sourcecode.swift; path = WeightConversion.swift; sourceTree = "<group>"; };
		F54005152FF5CF8D0079CC05 /* WorkoutCSVExporter.swift */ = {isa = PBXFileReference; lastKnownFileType = sourcecode.swift; path = WorkoutCSVExporter.swift; sourceTree = "<group>"; };
		F54005172FF5CFA50079CC05 /* ExportView.swift */ = {isa = PBXFileReference; lastKnownFileType = sourcecode.swift; path = ExportView.swift; sourceTree = "<group>"; };
		F54005192FF69CC60079CC05 /* AppBackup.swift */ = {isa = PBXFileReference; lastKnownFileType = sourcecode.swift; path = AppBackup.swift; sourceTree = "<group>"; };
		F540051B2FF69DD30079CC05 /* BackupDocument.swift */ = {isa = PBXFileReference; lastKnownFileType = sourcecode.swift; path = BackupDocument.swift; sourceTree = "<group>"; };
		F540051D2FF6E0CD0079CC05 /* ExercisePerformanceAnalyzer.swift */ = {isa = PBXFileReference; lastKnownFileType = sourcecode.swift; path = ExercisePerformanceAnalyzer.swift; sourceTree = "<group>"; };
		F540051F2FF6E5250079CC05 /* RecoveryAnalyzer.swift */ = {isa = PBXFileReference; lastKnownFileType = sourcecode.swift; path = RecoveryAnalyzer.swift; sourceTree = "<group>"; };
		F54005212FF6F7560079CC05 /* DashboardStatsView.swift */ = {isa = PBXFileReference; lastKnownFileType = sourcecode.swift; path = DashboardStatsView.swift; sourceTree = "<group>"; };
		F54005232FF6F8DD0079CC05 /* ProgressionStrategy.swift */ = {isa = PBXFileReference; lastKnownFileType = sourcecode.swift; path = ProgressionStrategy.swift; sourceTree = "<group>"; };
		F59350B32FF83B9D00991F1D /* Haptics.swift */ = {isa = PBXFileReference; lastKnownFileType = sourcecode.swift; path = Haptics.swift; sourceTree = "<group>"; };
		F59350B52FF848AD00991F1D /* TemplatesView.swift */ = {isa = PBXFileReference; lastKnownFileType = sourcecode.swift; path = TemplatesView.swift; sourceTree = "<group>"; };
		F59350B72FF848FA00991F1D /* ExerciseDetailView.swift */ = {isa = PBXFileReference; lastKnownFileType = sourcecode.swift; path = ExerciseDetailView.swift; sourceTree = "<group>"; };
		F5BF30342FF9473400AB5AD9 /* LaunchScreen.storyboard */ = {isa = PBXFileReference; lastKnownFileType = file.storyboard; path = LaunchScreen.storyboard; sourceTree = "<group>"; };
		F5BF30362FF9662900AB5AD9 /* ActiveWorkoutStore.swift */ = {isa = PBXFileReference; lastKnownFileType = sourcecode.swift; path = ActiveWorkoutStore.swift; sourceTree = "<group>"; };
		F5BF30382FF9DC1800AB5AD9 /* ExerciseRowView.swift */ = {isa = PBXFileReference; lastKnownFileType = sourcecode.swift; path = ExerciseRowView.swift; sourceTree = "<group>"; };
		F5BF303A2FF9DC4E00AB5AD9 /* DetailRow.swift */ = {isa = PBXFileReference; lastKnownFileType = sourcecode.swift; path = DetailRow.swift; sourceTree = "<group>"; };
		F5BF303C2FF9DE6D00AB5AD9 /* ExerciseHeaderView.swift */ = {isa = PBXFileReference; lastKnownFileType = sourcecode.swift; path = ExerciseHeaderView.swift; sourceTree = "<group>"; };
		F5BF303F2FF9DFE100AB5AD9 /* InfoBadge.swift */ = {isa = PBXFileReference; lastKnownFileType = sourcecode.swift; path = InfoBadge.swift; sourceTree = "<group>"; };
		F5BF30422FF9E1D400AB5AD9 /* ExerciseMusclesView.swift */ = {isa = PBXFileReference; lastKnownFileType = sourcecode.swift; path = ExerciseMusclesView.swift; sourceTree = "<group>"; };
		F5BF30452FF9E28700AB5AD9 /* FlowLayout.swift */ = {isa = PBXFileReference; lastKnownFileType = sourcecode.swift; path = FlowLayout.swift; sourceTree = "<group>"; };
		F5BF30472FF9E6B800AB5AD9 /* ExerciseInstructionsView.swift */ = {isa = PBXFileReference; lastKnownFileType = sourcecode.swift; path = ExerciseInstructionsView.swift; sourceTree = "<group>"; };
		F5BF30492FF9E6E800AB5AD9 /* ExerciseTipsView.swift */ = {isa = PBXFileReference; lastKnownFileType = sourcecode.swift; path = ExerciseTipsView.swift; sourceTree = "<group>"; };
		F5BF304B2FF9E70900AB5AD9 /* ExerciseWarningsView.swift */ = {isa = PBXFileReference; lastKnownFileType = sourcecode.swift; path = ExerciseWarningsView.swift; sourceTree = "<group>"; };
		F5BF30512FF9F31100AB5AD9 /* DevelopmentRoadmap.md */ = {isa = PBXFileReference; lastKnownFileType = net.daringfireball.markdown; path = DevelopmentRoadmap.md; sourceTree = "<group>"; };
		F5BF30522FF9F34600AB5AD9 /* Architecture.md */ = {isa = PBXFileReference; lastKnownFileType = net.daringfireball.markdown; path = Architecture.md; sourceTree = "<group>"; };
		F5BF30542FF9FA4F00AB5AD9 /* BigStepperControl.swift */ = {isa = PBXFileReference; lastKnownFileType = sourcecode.swift; path = BigStepperControl.swift; sourceTree = "<group>"; };
		F5BF30562FF9FA6000AB5AD9 /* ExerciseSessionHeaderView.swift */ = {isa = PBXFileReference; lastKnownFileType = sourcecode.swift; path = ExerciseSessionHeaderView.swift; sourceTree = "<group>"; };
		F5BF30582FF9FA6F00AB5AD9 /* PreviousPerformanceView.swift */ = {isa = PBXFileReference; lastKnownFileType = sourcecode.swift; path = PreviousPerformanceView.swift; sourceTree = "<group>"; };
		F5BF305A2FF9FFD900AB5AD9 /* CurrentSetCardView.swift */ = {isa = PBXFileReference; lastKnownFileType = sourcecode.swift; path = CurrentSetCardView.swift; sourceTree = "<group>"; };
		F5BF305C2FFA70FA00AB5AD9 /* LoggedSetsView.swift */ = {isa = PBXFileReference; lastKnownFileType = sourcecode.swift; path = LoggedSetsView.swift; sourceTree = "<group>"; };
		F5BF305E2FFA734200AB5AD9 /* WarmupSectionView.swift */ = {isa = PBXFileReference; lastKnownFileType = sourcecode.swift; path = WarmupSectionView.swift; sourceTree = "<group>"; };
		F5BF30602FFA74D300AB5AD9 /* WorkoutSessionCard.swift */ = {isa = PBXFileReference; lastKnownFileType = sourcecode.swift; path = WorkoutSessionCard.swift; sourceTree = "<group>"; };
		F5BF30622FFA77E700AB5AD9 /* NotesSectionView.swift */ = {isa = PBXFileReference; lastKnownFileType = sourcecode.swift; path = NotesSectionView.swift; sourceTree = "<group>"; };
		F5BF30642FFA7F9700AB5AD9 /* WorkoutSessionEngine.swift */ = {isa = PBXFileReference; lastKnownFileType = sourcecode.swift; path = WorkoutSessionEngine.swift; sourceTree = "<group>"; };
		F5BF30662FFA9F5400AB5AD9 /* WorkoutTimerCardView.swift */ = {isa = PBXFileReference; lastKnownFileType = sourcecode.swift; path = WorkoutTimerCardView.swift; sourceTree = "<group>"; };
		F5BF30682FFAA4C500AB5AD9 /* WorkoutSessionActionsView.swift */ = {isa = PBXFileReference; lastKnownFileType = sourcecode.swift; path = WorkoutSessionActionsView.swift; sourceTree = "<group>"; };
		F5BF306A2FFAA6A200AB5AD9 /* WorkoutExerciseListView.swift */ = {isa = PBXFileReference; lastKnownFileType = sourcecode.swift; path = WorkoutExerciseListView.swift; sourceTree = "<group>"; };
		F5BF306C2FFB131E00AB5AD9 /* NoActiveWorkoutView.swift */ = {isa = PBXFileReference; lastKnownFileType = sourcecode.swift; path = NoActiveWorkoutView.swift; sourceTree = "<group>"; };
		F5BF306E2FFB143A00AB5AD9 /* WorkoutSessionDialogs.swift */ = {isa = PBXFileReference; lastKnownFileType = sourcecode.swift; path = WorkoutSessionDialogs.swift; sourceTree = "<group>"; };
		F5BF30702FFB17E200AB5AD9 /* WorkoutSessionContentView.swift */ = {isa = PBXFileReference; lastKnownFileType = sourcecode.swift; path = WorkoutSessionContentView.swift; sourceTree = "<group>"; };
		F5BF30722FFB227200AB5AD9 /* ExerciseSessionState.swift */ = {isa = PBXFileReference; lastKnownFileType = sourcecode.swift; path = ExerciseSessionState.swift; sourceTree = "<group>"; };
		F5BF30752FFB23E600AB5AD9 /* InventorySectionCard.swift */ = {isa = PBXFileReference; lastKnownFileType = sourcecode.swift; path = InventorySectionCard.swift; sourceTree = "<group>"; };
		F5BF30772FFB25C600AB5AD9 /* InventoryItemRow.swift */ = {isa = PBXFileReference; lastKnownFileType = sourcecode.swift; path = InventoryItemRow.swift; sourceTree = "<group>"; };
		F5BF30792FFB288F00AB5AD9 /* InventoryAddItemRow.swift */ = {isa = PBXFileReference; lastKnownFileType = sourcecode.swift; path = InventoryAddItemRow.swift; sourceTree = "<group>"; };
		F5BF307B2FFC5DFD00AB5AD9 /* ExerciseOverviewView.swift */ = {isa = PBXFileReference; lastKnownFileType = sourcecode.swift; path = ExerciseOverviewView.swift; sourceTree = "<group>"; };
		F5BF307D2FFC74D000AB5AD9 /* ExerciseRegistry.swift */ = {isa = PBXFileReference; lastKnownFileType = sourcecode.swift; path = ExerciseRegistry.swift; sourceTree = "<group>"; };
		F5BF307F2FFC75AD00AB5AD9 /* WeightFormatter.swift */ = {isa = PBXFileReference; lastKnownFileType = sourcecode.swift; path = WeightFormatter.swift; sourceTree = "<group>"; };
		F5BF30812FFD328500AB5AD9 /* AnalyticsCache.swift */ = {isa = PBXFileReference; lastKnownFileType = sourcecode.swift; path = AnalyticsCache.swift; sourceTree = "<group>"; };
		F5BF30842FFD9E5000AB5AD9 /* Keyboard.swift */ = {isa = PBXFileReference; lastKnownFileType = sourcecode.swift; path = Keyboard.swift; sourceTree = "<group>"; };
		F5BF30872FFDFDFA00AB5AD9 /* ProgressionEngineTests.swift */ = {isa = PBXFileReference; lastKnownFileType = sourcecode.swift; path = ProgressionEngineTests.swift; sourceTree = "<group>"; };
		F5BF30892FFDFE1200AB5AD9 /* PlateCalculatorTests.swift */ = {isa = PBXFileReference; lastKnownFileType = sourcecode.swift; path = PlateCalculatorTests.swift; sourceTree = "<group>"; };
		F5BF308F2FFDFF1500AB5AD9 /* MyWorkoutTests.xctest */ = {isa = PBXFileReference; explicitFileType = wrapper.cfbundle; includeInIndex = 0; path = MyWorkoutTests.xctest; sourceTree = BUILT_PRODUCTS_DIR; };
		F5BF309A2FFED27700AB5AD9 /* WeightConversionTests.swift */ = {isa = PBXFileReference; fileEncoding = 4; lastKnownFileType = sourcecode.swift; path = WeightConversionTests.swift; sourceTree = "<group>"; };
		F5BF309C2FFED28500AB5AD9 /* WorkoutSessionEngineTests.swift */ = {isa = PBXFileReference; fileEncoding = 4; lastKnownFileType = sourcecode.swift; path = WorkoutSessionEngineTests.swift; sourceTree = "<group>"; };
		F5BF309D2FFED28500AB5AD9 /* RestTimerRuleTests.swift */ = {isa = PBXFileReference; fileEncoding = 4; lastKnownFileType = sourcecode.swift; path = RestTimerRuleTests.swift; sourceTree = "<group>"; };
		F5BF309E2FFED28500AB5AD9 /* WarmupEngineTests.swift */ = {isa = PBXFileReference; fileEncoding = 4; lastKnownFileType = sourcecode.swift; path = WarmupEngineTests.swift; sourceTree = "<group>"; };
		F5BF30A32FFED42000AB5AD9 /* AnalyticsOverviewSection.swift */ = {isa = PBXFileReference; fileEncoding = 4; lastKnownFileType = sourcecode.swift; path = AnalyticsOverviewSection.swift; sourceTree = "<group>"; };
		F5BF30A42FFED42000AB5AD9 /* PerformanceWarningsSection.swift */ = {isa = PBXFileReference; fileEncoding = 4; lastKnownFileType = sourcecode.swift; path = PerformanceWarningsSection.swift; sourceTree = "<group>"; };
		F5BF30A52FFED42000AB5AD9 /* PersonalRecordsSection.swift */ = {isa = PBXFileReference; fileEncoding = 4; lastKnownFileType = sourcecode.swift; path = PersonalRecordsSection.swift; sourceTree = "<group>"; };
		F5BF30A62FFED42000AB5AD9 /* RecentWorkoutsSection.swift */ = {isa = PBXFileReference; fileEncoding = 4; lastKnownFileType = sourcecode.swift; path = RecentWorkoutsSection.swift; sourceTree = "<group>"; };
		F5BF30A72FFED42000AB5AD9 /* RecoveryWarningsSection.swift */ = {isa = PBXFileReference; fileEncoding = 4; lastKnownFileType = sourcecode.swift; path = RecoveryWarningsSection.swift; sourceTree = "<group>"; };
		F5BF30A82FFED42000AB5AD9 /* VolumeByMuscleGroupSection.swift */ = {isa = PBXFileReference; fileEncoding = 4; lastKnownFileType = sourcecode.swift; path = VolumeByMuscleGroupSection.swift; sourceTree = "<group>"; };
		F5BF30AF2FFED4B200AB5AD9 /* BarbellInventorySection.swift */ = {isa = PBXFileReference; fileEncoding = 4; lastKnownFileType = sourcecode.swift; path = BarbellInventorySection.swift; sourceTree = "<group>"; };
		F5BF30B02FFED4B300AB5AD9 /* DumbbellsInventorySection.swift */ = {isa = PBXFileReference; fileEncoding = 4; lastKnownFileType = sourcecode.swift; path = DumbbellsInventorySection.swift; sourceTree = "<group>"; };
		F5BF30B12FFED4B300AB5AD9 /* PlatesInventorySection.swift */ = {isa = PBXFileReference; fileEncoding = 4; lastKnownFileType = sourcecode.swift; path = PlatesInventorySection.swift; sourceTree = "<group>"; };
		F5BF30B62FFEDA7D00AB5AD9 /* ExportActionsSection.swift */ = {isa = PBXFileReference; fileEncoding = 4; lastKnownFileType = sourcecode.swift; path = ExportActionsSection.swift; sourceTree = "<group>"; };
		F5BF30B72FFEDA7D00AB5AD9 /* ImportActionsSection.swift */ = {isa = PBXFileReference; fileEncoding = 4; lastKnownFileType = sourcecode.swift; path = ImportActionsSection.swift; sourceTree = "<group>"; };
		F5BF30BA2FFEDADD00AB5AD9 /* BackupImportHandler.swift */ = {isa = PBXFileReference; fileEncoding = 4; lastKnownFileType = sourcecode.swift; path = BackupImportHandler.swift; sourceTree = "<group>"; };
		F5BF30BC2FFEDBA400AB5AD9 /* DoubleBigStepperControl.swift */ = {isa = PBXFileReference; fileEncoding = 4; lastKnownFileType = sourcecode.swift; path = DoubleBigStepperControl.swift; sourceTree = "<group>"; };
		F5BF30BE2FFEDD3600AB5AD9 /* CSVDocument.swift */ = {isa = PBXFileReference; fileEncoding = 4; lastKnownFileType = sourcecode.swift; path = CSVDocument.swift; sourceTree = "<group>"; };
		F5BF30C02FFF19E700AB5AD9 /* Rounding.swift */ = {isa = PBXFileReference; fileEncoding = 4; lastKnownFileType = sourcecode.swift; path = Rounding.swift; sourceTree = "<group>"; };
		F5BF30C22FFF1A1C00AB5AD9 /* ErrorReportingStore.swift */ = {isa = PBXFileReference; fileEncoding = 4; lastKnownFileType = sourcecode.swift; path = ErrorReportingStore.swift; sourceTree = "<group>"; };
		F5BF30C430002EBC00AB5AD9 /* InputValidation.swift */ = {isa = PBXFileReference; lastKnownFileType = sourcecode.swift; path = InputValidation.swift; sourceTree = "<group>"; };
		F5BF30C63000401400AB5AD9 /* InputValidationTests.swift */ = {isa = PBXFileReference; lastKnownFileType = sourcecode.swift; path = InputValidationTests.swift; sourceTree = "<group>"; };
		F5BF30C83000421D00AB5AD9 /* WorkoutLogStoreTests.swift */ = {isa = PBXFileReference; lastKnownFileType = sourcecode.swift; path = WorkoutLogStoreTests.swift; sourceTree = "<group>"; };
		F5BF30CA3000432700AB5AD9 /* WorkoutTemplateStoreTests.swift */ = {isa = PBXFileReference; lastKnownFileType = sourcecode.swift; path = WorkoutTemplateStoreTests.swift; sourceTree = "<group>"; };
		F5BF30CC3000490100AB5AD9 /* README.md */ = {isa = PBXFileReference; lastKnownFileType = net.daringfireball.markdown; path = README.md; sourceTree = "<group>"; };
/* End PBXFileReference section */

/* Begin PBXFrameworksBuildPhase section */
		F54004AA2FF0C6FE0079CC05 /* Frameworks */ = {
			isa = PBXFrameworksBuildPhase;
			buildActionMask = 2147483647;
			files = (
			);
			runOnlyForDeploymentPostprocessing = 0;
		};
		F5BF308C2FFDFF1500AB5AD9 /* Frameworks */ = {
			isa = PBXFrameworksBuildPhase;
			buildActionMask = 2147483647;
			files = (
			);
			runOnlyForDeploymentPostprocessing = 0;
		};
/* End PBXFrameworksBuildPhase section */

/* Begin PBXGroup section */
		F54004A42FF0C6FE0079CC05 = {
			isa = PBXGroup;
			children = (
				F5BF30CC3000490100AB5AD9 /* README.md */,
				F54004AF2FF0C6FE0079CC05 /* MyWorkout */,
				F5BF30902FFDFF1600AB5AD9 /* MyWorkoutTests */,
				F54004AE2FF0C6FE0079CC05 /* Products */,
			);
			sourceTree = "<group>";
		};
		F54004AE2FF0C6FE0079CC05 /* Products */ = {
			isa = PBXGroup;
			children = (
				F54004AD2FF0C6FE0079CC05 /* MyWorkout.app */,
				F5BF308F2FFDFF1500AB5AD9 /* MyWorkoutTests.xctest */,
			);
			name = Products;
			sourceTree = "<group>";
		};
		F54004AF2FF0C6FE0079CC05 /* MyWorkout */ = {
			isa = PBXGroup;
			children = (
				F5BF304D2FF9F23400AB5AD9 /* Docs */,
				F54004B02FF0C6FE0079CC05 /* MyWorkoutApp.swift */,
				F54004C12FF0C7F90079CC05 /* Models */,
				F54004C32FF0C8290079CC05 /* Views */,
				F54004DA2FF162CC0079CC05 /* Stores */,
				F54004C22FF0C8150079CC05 /* Data */,
				F54004E12FF169210079CC05 /* Logic */,
				F54005042FF562580079CC05 /* Theme */,
				F5BF30832FFD9E2300AB5AD9 /* Utilities */,
				F59350B22FF83B5D00991F1D /* Helper */,
				F54004B62FF0C7030079CC05 /* Assets.xcassets */,
				F54004BB2FF0C7030079CC05 /* MyWorkout.entitlements */,
				F54004B82FF0C7030079CC05 /* Preview Content */,
				F5BF30342FF9473400AB5AD9 /* LaunchScreen.storyboard */,
			);
			path = MyWorkout;
			sourceTree = "<group>";
		};
		F54004B82FF0C7030079CC05 /* Preview Content */ = {
			isa = PBXGroup;
			children = (
				F54004B92FF0C7030079CC05 /* Preview Assets.xcassets */,
			);
			path = "Preview Content";
			sourceTree = "<group>";
		};
		F54004C12FF0C7F90079CC05 /* Models */ = {
			isa = PBXGroup;
			children = (
				F5BF30BE2FFEDD3600AB5AD9 /* CSVDocument.swift */,
				F54004C42FF0C83E0079CC05 /* Exercise.swift */,
				F54004C62FF0C8490079CC05 /* Workout.swift */,
				F54004C82FF0C8570079CC05 /* WorkoutLog.swift */,
				F54004DB2FF1632B0079CC05 /* WorkoutTemplate.swift */,
				F54004E62FF338CD0079CC05 /* ExerciseType.swift */,
				F54004E82FF413830079CC05 /* WarmupSet.swift */,
				F54004E22FF169390079CC05 /* ProgressionRule.swift */,
				F54004EC2FF41A8C0079CC05 /* PlateLoading.swift */,
				F54005022FF47B0C0079CC05 /* DashboardCard.swift */,
				F540050B2FF597CB0079CC05 /* UserSettings.swift */,
				F54005152FF5CF8D0079CC05 /* WorkoutCSVExporter.swift */,
				F54005192FF69CC60079CC05 /* AppBackup.swift */,
				F540051B2FF69DD30079CC05 /* BackupDocument.swift */,
				F5BF30722FFB227200AB5AD9 /* ExerciseSessionState.swift */,
			);
			path = Models;
			sourceTree = "<group>";
		};
		F54004C22FF0C8150079CC05 /* Data */ = {
			isa = PBXGroup;
			children = (
				F54004CA2FF0C8640079CC05 /* SeedData.swift */,
				F54004F02FF41D800079CC05 /* EquipmentInventory.swift */,
				F5BF307D2FFC74D000AB5AD9 /* ExerciseRegistry.swift */,
			);
			path = Data;
			sourceTree = "<group>";
		};
		F54004C32FF0C8290079CC05 /* Views */ = {
			isa = PBXGroup;
			children = (
				F5BF303E2FF9DFC600AB5AD9 /* Components */,
				F54004CC2FF0C8720079CC05 /* DashboardView.swift */,
				F54004CE2FF0C87E0079CC05 /* ExerciseLibraryView.swift */,
				F54004D02FF0C88A0079CC05 /* StartWorkoutView.swift */,
				F54004D22FF0C8970079CC05 /* WorkoutSessionView.swift */,
				F54004D62FF0CFBA0079CC05 /* HistoryView.swift */,
				F54004D82FF0CFD10079CC05 /* WorkoutLogDetailView.swift */,
				F54004DF2FF1640A0079CC05 /* CreateWorkoutTemplateView.swift */,
				F54004F42FF41DEA0079CC05 /* EquipmentInventoryView.swift */,
				F54004F82FF472700079CC05 /* AnalyticsView.swift */,
				F54004FA2FF476D70079CC05 /* StrengthTrendView.swift */,
				F54005002FF4783D0079CC05 /* TemplateEditorView.swift */,
				F54005052FF568570079CC05 /* RestTimerBadge.swift */,
				F54005072FF5686C0079CC05 /* ExerciseSessionCardView.swift */,
				F540050F2FF5984C0079CC05 /* SettingsView.swift */,
				F54005172FF5CFA50079CC05 /* ExportView.swift */,
				F54005212FF6F7560079CC05 /* DashboardStatsView.swift */,
				F59350B52FF848AD00991F1D /* TemplatesView.swift */,
				F59350B72FF848FA00991F1D /* ExerciseDetailView.swift */,
				F5BF30382FF9DC1800AB5AD9 /* ExerciseRowView.swift */,
				F5BF303A2FF9DC4E00AB5AD9 /* DetailRow.swift */,
				F5BF303C2FF9DE6D00AB5AD9 /* ExerciseHeaderView.swift */,
			);
			path = Views;
			sourceTree = "<group>";
		};
		F54004DA2FF162CC0079CC05 /* Stores */ = {
			isa = PBXGroup;
			children = (
				F5BF30C22FFF1A1C00AB5AD9 /* ErrorReportingStore.swift */,
				F54004DD2FF163F10079CC05 /* WorkoutTemplateStore.swift */,
				F54004D42FF0CF5C0079CC05 /* WorkoutLogStore.swift */,
				F54004F22FF41DC50079CC05 /* EquipmentInventoryStore.swift */,
				F540050D2FF598060079CC05 /* UserSettingsStore.swift */,
				F5BF30362FF9662900AB5AD9 /* ActiveWorkoutStore.swift */,
				F5BF30812FFD328500AB5AD9 /* AnalyticsCache.swift */,
			);
			path = Stores;
			sourceTree = "<group>";
		};
		F54004E12FF169210079CC05 /* Logic */ = {
			isa = PBXGroup;
			children = (
				F5BF30C02FFF19E700AB5AD9 /* Rounding.swift */,
				F5BF30BA2FFEDADD00AB5AD9 /* BackupImportHandler.swift */,
				F54004E42FF16A750079CC05 /* ProgressionEngine.swift */,
				F54004EA2FF413EA0079CC05 /* WarmupEngine.swift */,
				F54004EE2FF41AD90079CC05 /* PlateCalculator.swift */,
				F54004F62FF439FB0079CC05 /* RestTimerRule.swift */,
				F54005112FF5C0990079CC05 /* WeightConversion.swift */,
				F540051D2FF6E0CD0079CC05 /* ExercisePerformanceAnalyzer.swift */,
				F540051F2FF6E5250079CC05 /* RecoveryAnalyzer.swift */,
				F54005232FF6F8DD0079CC05 /* ProgressionStrategy.swift */,
				F5BF30642FFA7F9700AB5AD9 /* WorkoutSessionEngine.swift */,
			);
			path = Logic;
			sourceTree = "<group>";
		};
		F54005042FF562580079CC05 /* Theme */ = {
			isa = PBXGroup;
			children = (
				F54005092FF58D660079CC05 /* AppTheme.swift */,
			);
			path = Theme;
			sourceTree = "<group>";
		};
		F59350B22FF83B5D00991F1D /* Helper */ = {
			isa = PBXGroup;
			children = (
				F59350B32FF83B9D00991F1D /* Haptics.swift */,
				F5BF307F2FFC75AD00AB5AD9 /* WeightFormatter.swift */,
			);
			path = Helper;
			sourceTree = "<group>";
		};
		F5BF303E2FF9DFC600AB5AD9 /* Components */ = {
			isa = PBXGroup;
			children = (
				F5BF30B52FFEDA7D00AB5AD9 /* Export */,
				F5BF30A22FFED42000AB5AD9 /* Analytics */,
				F5BF30742FFB23D000AB5AD9 /* Inventory */,
				F5BF30532FF9FA3500AB5AD9 /* WorkoutSession */,
				F5BF30442FF9E27600AB5AD9 /* Common */,
				F5BF30412FF9E1AE00AB5AD9 /* Exercise */,
				F5BF303F2FF9DFE100AB5AD9 /* InfoBadge.swift */,
			);
			path = Components;
			sourceTree = "<group>";
		};
		F5BF30412FF9E1AE00AB5AD9 /* Exercise */ = {
			isa = PBXGroup;
			children = (
				F5BF30422FF9E1D400AB5AD9 /* ExerciseMusclesView.swift */,
				F5BF30472FF9E6B800AB5AD9 /* ExerciseInstructionsView.swift */,
				F5BF30492FF9E6E800AB5AD9 /* ExerciseTipsView.swift */,
				F5BF304B2FF9E70900AB5AD9 /* ExerciseWarningsView.swift */,
				F5BF307B2FFC5DFD00AB5AD9 /* ExerciseOverviewView.swift */,
			);
			path = Exercise;
			sourceTree = "<group>";
		};
		F5BF30442FF9E27600AB5AD9 /* Common */ = {
			isa = PBXGroup;
			children = (
				F5BF30452FF9E28700AB5AD9 /* FlowLayout.swift */,
			);
			path = Common;
			sourceTree = "<group>";
		};
		F5BF304D2FF9F23400AB5AD9 /* Docs */ = {
			isa = PBXGroup;
			children = (
				F5BF30512FF9F31100AB5AD9 /* DevelopmentRoadmap.md */,
				F5BF30522FF9F34600AB5AD9 /* Architecture.md */,
			);
			path = Docs;
			sourceTree = "<group>";
		};
		F5BF30532FF9FA3500AB5AD9 /* WorkoutSession */ = {
			isa = PBXGroup;
			children = (
				F5BF30BC2FFEDBA400AB5AD9 /* DoubleBigStepperControl.swift */,
				F5BF30542FF9FA4F00AB5AD9 /* BigStepperControl.swift */,
				F5BF30562FF9FA6000AB5AD9 /* ExerciseSessionHeaderView.swift */,
				F5BF30582FF9FA6F00AB5AD9 /* PreviousPerformanceView.swift */,
				F5BF305A2FF9FFD900AB5AD9 /* CurrentSetCardView.swift */,
				F5BF305C2FFA70FA00AB5AD9 /* LoggedSetsView.swift */,
				F5BF305E2FFA734200AB5AD9 /* WarmupSectionView.swift */,
				F5BF30602FFA74D300AB5AD9 /* WorkoutSessionCard.swift */,
				F5BF30622FFA77E700AB5AD9 /* NotesSectionView.swift */,
				F5BF30662FFA9F5400AB5AD9 /* WorkoutTimerCardView.swift */,
				F5BF30682FFAA4C500AB5AD9 /* WorkoutSessionActionsView.swift */,
				F5BF306A2FFAA6A200AB5AD9 /* WorkoutExerciseListView.swift */,
				F5BF306C2FFB131E00AB5AD9 /* NoActiveWorkoutView.swift */,
				F5BF306E2FFB143A00AB5AD9 /* WorkoutSessionDialogs.swift */,
				F5BF30702FFB17E200AB5AD9 /* WorkoutSessionContentView.swift */,
			);
			path = WorkoutSession;
			sourceTree = "<group>";
		};
		F5BF30742FFB23D000AB5AD9 /* Inventory */ = {
			isa = PBXGroup;
			children = (
				F5BF30AF2FFED4B200AB5AD9 /* BarbellInventorySection.swift */,
				F5BF30B02FFED4B300AB5AD9 /* DumbbellsInventorySection.swift */,
				F5BF30B12FFED4B300AB5AD9 /* PlatesInventorySection.swift */,
				F5BF30752FFB23E600AB5AD9 /* InventorySectionCard.swift */,
				F5BF30772FFB25C600AB5AD9 /* InventoryItemRow.swift */,
				F5BF30792FFB288F00AB5AD9 /* InventoryAddItemRow.swift */,
			);
			path = Inventory;
			sourceTree = "<group>";
		};
		F5BF30832FFD9E2300AB5AD9 /* Utilities */ = {
			isa = PBXGroup;
			children = (
				F5BF30842FFD9E5000AB5AD9 /* Keyboard.swift */,
				F5BF30C430002EBC00AB5AD9 /* InputValidation.swift */,
			);
			path = Utilities;
			sourceTree = "<group>";
		};
		F5BF30902FFDFF1600AB5AD9 /* MyWorkoutTests */ = {
			isa = PBXGroup;
			children = (
				F5BF30892FFDFE1200AB5AD9 /* PlateCalculatorTests.swift */,
				F5BF30872FFDFDFA00AB5AD9 /* ProgressionEngineTests.swift */,
				F5BF309A2FFED27700AB5AD9 /* WeightConversionTests.swift */,
				F5BF309D2FFED28500AB5AD9 /* RestTimerRuleTests.swift */,
				F5BF309E2FFED28500AB5AD9 /* WarmupEngineTests.swift */,
				F5BF309C2FFED28500AB5AD9 /* WorkoutSessionEngineTests.swift */,
				F5BF30C63000401400AB5AD9 /* InputValidationTests.swift */,
				F5BF30C83000421D00AB5AD9 /* WorkoutLogStoreTests.swift */,
				F5BF30CA3000432700AB5AD9 /* WorkoutTemplateStoreTests.swift */,
			);
			path = MyWorkoutTests;
			sourceTree = "<group>";
		};
		F5BF30A22FFED42000AB5AD9 /* Analytics */ = {
			isa = PBXGroup;
			children = (
				F5BF30A32FFED42000AB5AD9 /* AnalyticsOverviewSection.swift */,
				F5BF30A42FFED42000AB5AD9 /* PerformanceWarningsSection.swift */,
				F5BF30A52FFED42000AB5AD9 /* PersonalRecordsSection.swift */,
				F5BF30A62FFED42000AB5AD9 /* RecentWorkoutsSection.swift */,
				F5BF30A72FFED42000AB5AD9 /* RecoveryWarningsSection.swift */,
				F5BF30A82FFED42000AB5AD9 /* VolumeByMuscleGroupSection.swift */,
			);
			path = Analytics;
			sourceTree = "<group>";
		};
		F5BF30B52FFEDA7D00AB5AD9 /* Export */ = {
			isa = PBXGroup;
			children = (
				F5BF30B62FFEDA7D00AB5AD9 /* ExportActionsSection.swift */,
				F5BF30B72FFEDA7D00AB5AD9 /* ImportActionsSection.swift */,
			);
			path = Export;
			sourceTree = "<group>";
		};
/* End PBXGroup section */

/* Begin PBXNativeTarget section */
		F54004AC2FF0C6FE0079CC05 /* MyWorkout */ = {
			isa = PBXNativeTarget;
			buildConfigurationList = F54004BE2FF0C7030079CC05 /* Build configuration list for PBXNativeTarget "MyWorkout" */;
			buildPhases = (
				F54004A92FF0C6FE0079CC05 /* Sources */,
				F54004AA2FF0C6FE0079CC05 /* Frameworks */,
				F54004AB2FF0C6FE0079CC05 /* Resources */,
			);
			buildRules = (
			);
			dependencies = (
			);
			name = MyWorkout;
			productName = MyWorkout;
			productReference = F54004AD2FF0C6FE0079CC05 /* MyWorkout.app */;
			productType = "com.apple.product-type.application";
		};
		F5BF308E2FFDFF1500AB5AD9 /* MyWorkoutTests */ = {
			isa = PBXNativeTarget;
			buildConfigurationList = F5BF30952FFDFF1600AB5AD9 /* Build configuration list for PBXNativeTarget "MyWorkoutTests" */;
			buildPhases = (
				F5BF308B2FFDFF1500AB5AD9 /* Sources */,
				F5BF308C2FFDFF1500AB5AD9 /* Frameworks */,
				F5BF308D2FFDFF1500AB5AD9 /* Resources */,
			);
			buildRules = (
			);
			dependencies = (
				F5BF30942FFDFF1600AB5AD9 /* PBXTargetDependency */,
			);
			name = MyWorkoutTests;
			productName = MyWorkoutTests;
			productReference = F5BF308F2FFDFF1500AB5AD9 /* MyWorkoutTests.xctest */;
			productType = "com.apple.product-type.bundle.unit-test";
		};
/* End PBXNativeTarget section */

/* Begin PBXProject section */
		F54004A52FF0C6FE0079CC05 /* Project object */ = {
			isa = PBXProject;
			attributes = {
				BuildIndependentTargetsInParallel = 1;
				LastSwiftUpdateCheck = 1520;
				LastUpgradeCheck = 1520;
				TargetAttributes = {
					F54004AC2FF0C6FE0079CC05 = {
						CreatedOnToolsVersion = 15.2;
					};
					F5BF308E2FFDFF1500AB5AD9 = {
						CreatedOnToolsVersion = 15.2;
						TestTargetID = F54004AC2FF0C6FE0079CC05;
					};
				};
			};
			buildConfigurationList = F54004A82FF0C6FE0079CC05 /* Build configuration list for PBXProject "MyWorkout" */;
			compatibilityVersion = "Xcode 14.0";
			developmentRegion = en;
			hasScannedForEncodings = 0;
			knownRegions = (
				en,
				Base,
			);
			mainGroup = F54004A42FF0C6FE0079CC05;
			productRefGroup = F54004AE2FF0C6FE0079CC05 /* Products */;
			projectDirPath = "";
			projectRoot = "";
			targets = (
				F54004AC2FF0C6FE0079CC05 /* MyWorkout */,
				F5BF308E2FFDFF1500AB5AD9 /* MyWorkoutTests */,
			);
		};
/* End PBXProject section */

/* Begin PBXResourcesBuildPhase section */
		F54004AB2FF0C6FE0079CC05 /* Resources */ = {
			isa = PBXResourcesBuildPhase;
			buildActionMask = 2147483647;
			files = (
				F5BF30352FF9473400AB5AD9 /* LaunchScreen.storyboard in Resources */,
				F54004BA2FF0C7030079CC05 /* Preview Assets.xcassets in Resources */,
				F54004B72FF0C7030079CC05 /* Assets.xcassets in Resources */,
			);
			runOnlyForDeploymentPostprocessing = 0;
		};
		F5BF308D2FFDFF1500AB5AD9 /* Resources */ = {
			isa = PBXResourcesBuildPhase;
			buildActionMask = 2147483647;
			files = (
			);
			runOnlyForDeploymentPostprocessing = 0;
		};
/* End PBXResourcesBuildPhase section */

/* Begin PBXSourcesBuildPhase section */
		F54004A92FF0C6FE0079CC05 /* Sources */ = {
			isa = PBXSourcesBuildPhase;
			buildActionMask = 2147483647;
			files = (
				F5BF30B92FFEDA7D00AB5AD9 /* ImportActionsSection.swift in Sources */,
				F5BF30592FF9FA6F00AB5AD9 /* PreviousPerformanceView.swift in Sources */,
				F5BF30392FF9DC1800AB5AD9 /* ExerciseRowView.swift in Sources */,
				F54004E02FF1640A0079CC05 /* CreateWorkoutTemplateView.swift in Sources */,
				F5BF30A92FFED42000AB5AD9 /* AnalyticsOverviewSection.swift in Sources */,
				F54004F12FF41D800079CC05 /* EquipmentInventory.swift in Sources */,
				F54004F32FF41DC50079CC05 /* EquipmentInventoryStore.swift in Sources */,
				F54004EB2FF413EA0079CC05 /* WarmupEngine.swift in Sources */,
				F5BF303D2FF9DE6D00AB5AD9 /* ExerciseHeaderView.swift in Sources */,
				F5BF30822FFD328500AB5AD9 /* AnalyticsCache.swift in Sources */,
				F540050C2FF597CB0079CC05 /* UserSettings.swift in Sources */,
				F54004F72FF439FB0079CC05 /* RestTimerRule.swift in Sources */,
				F54005122FF5C0990079CC05 /* WeightConversion.swift in Sources */,
				F5BF303B2FF9DC4E00AB5AD9 /* DetailRow.swift in Sources */,
				F540051C2FF69DD30079CC05 /* BackupDocument.swift in Sources */,
				F54005162FF5CF8D0079CC05 /* WorkoutCSVExporter.swift in Sources */,
				F54004E92FF413830079CC05 /* WarmupSet.swift in Sources */,
				F5BF30C12FFF19E700AB5AD9 /* Rounding.swift in Sources */,
				F5BF304A2FF9E6E800AB5AD9 /* ExerciseTipsView.swift in Sources */,
				F54004D72FF0CFBA0079CC05 /* HistoryView.swift in Sources */,
				F54004CD2FF0C8720079CC05 /* DashboardView.swift in Sources */,
				F54004FB2FF476D70079CC05 /* StrengthTrendView.swift in Sources */,
				F5BF30C530002EBC00AB5AD9 /* InputValidation.swift in Sources */,
				F5BF30632FFA77E700AB5AD9 /* NotesSectionView.swift in Sources */,
				F5BF307E2FFC74D000AB5AD9 /* ExerciseRegistry.swift in Sources */,
				F54005102FF5984C0079CC05 /* SettingsView.swift in Sources */,
				F5BF306B2FFAA6A200AB5AD9 /* WorkoutExerciseListView.swift in Sources */,
				F5BF30732FFB227200AB5AD9 /* ExerciseSessionState.swift in Sources */,
				F540051A2FF69CC60079CC05 /* AppBackup.swift in Sources */,
				F54005032FF47B0C0079CC05 /* DashboardCard.swift in Sources */,
				F54004CF2FF0C87E0079CC05 /* ExerciseLibraryView.swift in Sources */,
				F54004D12FF0C88A0079CC05 /* StartWorkoutView.swift in Sources */,
				F540050E2FF598060079CC05 /* UserSettingsStore.swift in Sources */,
				F5BF30AA2FFED42000AB5AD9 /* PerformanceWarningsSection.swift in Sources */,
				F5BF30802FFC75AD00AB5AD9 /* WeightFormatter.swift in Sources */,
				F54004DC2FF1632B0079CC05 /* WorkoutTemplate.swift in Sources */,
				F54005182FF5CFA50079CC05 /* ExportView.swift in Sources */,
				F5BF30BB2FFEDADD00AB5AD9 /* BackupImportHandler.swift in Sources */,
				F5BF30AE2FFED42000AB5AD9 /* VolumeByMuscleGroupSection.swift in Sources */,
				F5BF30B32FFED4B300AB5AD9 /* DumbbellsInventorySection.swift in Sources */,
				F5BF30B42FFED4B300AB5AD9 /* PlatesInventorySection.swift in Sources */,
				F5BF30AB2FFED42000AB5AD9 /* PersonalRecordsSection.swift in Sources */,
				F54005062FF568570079CC05 /* RestTimerBadge.swift in Sources */,
				F5BF30372FF9662900AB5AD9 /* ActiveWorkoutStore.swift in Sources */,
				F5BF30432FF9E1D400AB5AD9 /* ExerciseMusclesView.swift in Sources */,
				F54004C52FF0C83E0079CC05 /* Exercise.swift in Sources */,
				F5BF30782FFB25C600AB5AD9 /* InventoryItemRow.swift in Sources */,
				F54004CB2FF0C8640079CC05 /* SeedData.swift in Sources */,
				F5BF305F2FFA734200AB5AD9 /* WarmupSectionView.swift in Sources */,
				F54004E72FF338CE0079CC05 /* ExerciseType.swift in Sources */,
				F54005012FF4783D0079CC05 /* TemplateEditorView.swift in Sources */,
				F54004E52FF16A750079CC05 /* ProgressionEngine.swift in Sources */,
				F5BF307A2FFB288F00AB5AD9 /* InventoryAddItemRow.swift in Sources */,
				F5BF30692FFAA4C500AB5AD9 /* WorkoutSessionActionsView.swift in Sources */,
				F5BF304C2FF9E70900AB5AD9 /* ExerciseWarningsView.swift in Sources */,
				F5BF30AD2FFED42000AB5AD9 /* RecoveryWarningsSection.swift in Sources */,
				F5BF30462FF9E28700AB5AD9 /* FlowLayout.swift in Sources */,
				F5BF30BF2FFEDD3600AB5AD9 /* CSVDocument.swift in Sources */,
				F54005222FF6F7560079CC05 /* DashboardStatsView.swift in Sources */,
				F5BF30B22FFED4B300AB5AD9 /* BarbellInventorySection.swift in Sources */,
				F5BF30AC2FFED42000AB5AD9 /* RecentWorkoutsSection.swift in Sources */,
				F540050A2FF58D660079CC05 /* AppTheme.swift in Sources */,
				F5BF30C32FFF1A1C00AB5AD9 /* ErrorReportingStore.swift in Sources */,
				F5BF306D2FFB131E00AB5AD9 /* NoActiveWorkoutView.swift in Sources */,
				F54004D92FF0CFD10079CC05 /* WorkoutLogDetailView.swift in Sources */,
				F54004C92FF0C8570079CC05 /* WorkoutLog.swift in Sources */,
				F5BF30552FF9FA4F00AB5AD9 /* BigStepperControl.swift in Sources */,
				F5BF30BD2FFEDBA400AB5AD9 /* DoubleBigStepperControl.swift in Sources */,
				F54004ED2FF41A8C0079CC05 /* PlateLoading.swift in Sources */,
				F5BF30652FFA7F9700AB5AD9 /* WorkoutSessionEngine.swift in Sources */,
				F54005242FF6F8DD0079CC05 /* ProgressionStrategy.swift in Sources */,
				F59350B42FF83B9D00991F1D /* Haptics.swift in Sources */,
				F5BF307C2FFC5DFD00AB5AD9 /* ExerciseOverviewView.swift in Sources */,
				F54004D32FF0C8970079CC05 /* WorkoutSessionView.swift in Sources */,
				F59350B82FF848FA00991F1D /* ExerciseDetailView.swift in Sources */,
				F5BF30612FFA74D300AB5AD9 /* WorkoutSessionCard.swift in Sources */,
				F5BF30B82FFEDA7D00AB5AD9 /* ExportActionsSection.swift in Sources */,
				F5BF30402FF9DFE100AB5AD9 /* InfoBadge.swift in Sources */,
				F54004EF2FF41AD90079CC05 /* PlateCalculator.swift in Sources */,
				F54004F52FF41DEA0079CC05 /* EquipmentInventoryView.swift in Sources */,
				F54004C72FF0C8490079CC05 /* Workout.swift in Sources */,
				F54004B12FF0C6FE0079CC05 /* MyWorkoutApp.swift in Sources */,
				F5BF30712FFB17E200AB5AD9 /* WorkoutSessionContentView.swift in Sources */,
				F54004E32FF169390079CC05 /* ProgressionRule.swift in Sources */,
				F5BF30762FFB23E600AB5AD9 /* InventorySectionCard.swift in Sources */,
				F54004F92FF472700079CC05 /* AnalyticsView.swift in Sources */,
				F5BF30482FF9E6B800AB5AD9 /* ExerciseInstructionsView.swift in Sources */,
				F5BF30852FFD9E5000AB5AD9 /* Keyboard.swift in Sources */,
				F59350B62FF848AD00991F1D /* TemplatesView.swift in Sources */,
				F5BF305B2FF9FFD900AB5AD9 /* CurrentSetCardView.swift in Sources */,
				F540051E2FF6E0CD0079CC05 /* ExercisePerformanceAnalyzer.swift in Sources */,
				F54004DE2FF163F10079CC05 /* WorkoutTemplateStore.swift in Sources */,
				F5BF305D2FFA70FA00AB5AD9 /* LoggedSetsView.swift in Sources */,
				F5BF30572FF9FA6000AB5AD9 /* ExerciseSessionHeaderView.swift in Sources */,
				F54004D52FF0CF5C0079CC05 /* WorkoutLogStore.swift in Sources */,
				F5BF30672FFA9F5400AB5AD9 /* WorkoutTimerCardView.swift in Sources */,
				F5BF306F2FFB143A00AB5AD9 /* WorkoutSessionDialogs.swift in Sources */,
				F54005202FF6E5250079CC05 /* RecoveryAnalyzer.swift in Sources */,
				F54005082FF5686C0079CC05 /* ExerciseSessionCardView.swift in Sources */,
			);
			runOnlyForDeploymentPostprocessing = 0;
		};
		F5BF308B2FFDFF1500AB5AD9 /* Sources */ = {
			isa = PBXSourcesBuildPhase;
			buildActionMask = 2147483647;
			files = (
				F5BF30982FFDFF3100AB5AD9 /* ProgressionEngineTests.swift in Sources */,
				F5BF30A12FFED28600AB5AD9 /* WarmupEngineTests.swift in Sources */,
				F5BF30C93000421D00AB5AD9 /* WorkoutLogStoreTests.swift in Sources */,
				F5BF30A02FFED28600AB5AD9 /* RestTimerRuleTests.swift in Sources */,
				F5BF309B2FFED27700AB5AD9 /* WeightConversionTests.swift in Sources */,
				F5BF309F2FFED28600AB5AD9 /* WorkoutSessionEngineTests.swift in Sources */,
				F5BF30992FFDFF3300AB5AD9 /* PlateCalculatorTests.swift in Sources */,
				F5BF30C73000401400AB5AD9 /* InputValidationTests.swift in Sources */,
				F5BF30CB3000432700AB5AD9 /* WorkoutTemplateStoreTests.swift in Sources */,
			);
			runOnlyForDeploymentPostprocessing = 0;
		};
/* End PBXSourcesBuildPhase section */

/* Begin PBXTargetDependency section */
		F5BF30942FFDFF1600AB5AD9 /* PBXTargetDependency */ = {
			isa = PBXTargetDependency;
			target = F54004AC2FF0C6FE0079CC05 /* MyWorkout */;
			targetProxy = F5BF30932FFDFF1600AB5AD9 /* PBXContainerItemProxy */;
		};
/* End PBXTargetDependency section */

/* Begin XCBuildConfiguration section */
		F54004BC2FF0C7030079CC05 /* Debug */ = {
			isa = XCBuildConfiguration;
			buildSettings = {
				ALWAYS_SEARCH_USER_PATHS = NO;
				ASSETCATALOG_COMPILER_GENERATE_SWIFT_ASSET_SYMBOL_EXTENSIONS = YES;
				CLANG_ANALYZER_NONNULL = YES;
				CLANG_ANALYZER_NUMBER_OBJECT_CONVERSION = YES_AGGRESSIVE;
				CLANG_CXX_LANGUAGE_STANDARD = "gnu++20";
				CLANG_ENABLE_MODULES = YES;
				CLANG_ENABLE_OBJC_ARC = YES;
				CLANG_ENABLE_OBJC_WEAK = YES;
				CLANG_WARN_BLOCK_CAPTURE_AUTORELEASING = YES;
				CLANG_WARN_BOOL_CONVERSION = YES;
				CLANG_WARN_COMMA = YES;
				CLANG_WARN_CONSTANT_CONVERSION = YES;
				CLANG_WARN_DEPRECATED_OBJC_IMPLEMENTATIONS = YES;
				CLANG_WARN_DIRECT_OBJC_ISA_USAGE = YES_ERROR;
				CLANG_WARN_DOCUMENTATION_COMMENTS = YES;
				CLANG_WARN_EMPTY_BODY = YES;
				CLANG_WARN_ENUM_CONVERSION = YES;
				CLANG_WARN_INFINITE_RECURSION = YES;
				CLANG_WARN_INT_CONVERSION = YES;
				CLANG_WARN_NON_LITERAL_NULL_CONVERSION = YES;
				CLANG_WARN_OBJC_IMPLICIT_RETAIN_SELF = YES;
				CLANG_WARN_OBJC_LITERAL_CONVERSION = YES;
				CLANG_WARN_OBJC_ROOT_CLASS = YES_ERROR;
				CLANG_WARN_QUOTED_INCLUDE_IN_FRAMEWORK_HEADER = YES;
				CLANG_WARN_RANGE_LOOP_ANALYSIS = YES;
				CLANG_WARN_STRICT_PROTOTYPES = YES;
				CLANG_WARN_SUSPICIOUS_MOVE = YES;
				CLANG_WARN_UNGUARDED_AVAILABILITY = YES_AGGRESSIVE;
				CLANG_WARN_UNREACHABLE_CODE = YES;
				CLANG_WARN__DUPLICATE_METHOD_MATCH = YES;
				COPY_PHASE_STRIP = NO;
				DEBUG_INFORMATION_FORMAT = dwarf;
				ENABLE_STRICT_OBJC_MSGSEND = YES;
				ENABLE_TESTABILITY = YES;
				ENABLE_USER_SCRIPT_SANDBOXING = YES;
				GCC_C_LANGUAGE_STANDARD = gnu17;
				GCC_DYNAMIC_NO_PIC = NO;
				GCC_NO_COMMON_BLOCKS = YES;
				GCC_OPTIMIZATION_LEVEL = 0;
				GCC_PREPROCESSOR_DEFINITIONS = (
					"DEBUG=1",
					"$(inherited)",
				);
				GCC_WARN_64_TO_32_BIT_CONVERSION = YES;
				GCC_WARN_ABOUT_RETURN_TYPE = YES_ERROR;
				GCC_WARN_UNDECLARED_SELECTOR = YES;
				GCC_WARN_UNINITIALIZED_AUTOS = YES_AGGRESSIVE;
				GCC_WARN_UNUSED_FUNCTION = YES;
				GCC_WARN_UNUSED_VARIABLE = YES;
				LOCALIZATION_PREFERS_STRING_CATALOGS = YES;
				MACOSX_DEPLOYMENT_TARGET = 13.7;
				MTL_ENABLE_DEBUG_INFO = INCLUDE_SOURCE;
				MTL_FAST_MATH = YES;
				ONLY_ACTIVE_ARCH = YES;
				SDKROOT = iphoneos;
				SWIFT_ACTIVE_COMPILATION_CONDITIONS = "DEBUG $(inherited)";
				SWIFT_OPTIMIZATION_LEVEL = "-Onone";
			};
			name = Debug;
		};
		F54004BD2FF0C7030079CC05 /* Release */ = {
			isa = XCBuildConfiguration;
			buildSettings = {
				ALWAYS_SEARCH_USER_PATHS = NO;
				ASSETCATALOG_COMPILER_GENERATE_SWIFT_ASSET_SYMBOL_EXTENSIONS = YES;
				CLANG_ANALYZER_NONNULL = YES;
				CLANG_ANALYZER_NUMBER_OBJECT_CONVERSION = YES_AGGRESSIVE;
				CLANG_CXX_LANGUAGE_STANDARD = "gnu++20";
				CLANG_ENABLE_MODULES = YES;
				CLANG_ENABLE_OBJC_ARC = YES;
				CLANG_ENABLE_OBJC_WEAK = YES;
				CLANG_WARN_BLOCK_CAPTURE_AUTORELEASING = YES;
				CLANG_WARN_BOOL_CONVERSION = YES;
				CLANG_WARN_COMMA = YES;
				CLANG_WARN_CONSTANT_CONVERSION = YES;
				CLANG_WARN_DEPRECATED_OBJC_IMPLEMENTATIONS = YES;
				CLANG_WARN_DIRECT_OBJC_ISA_USAGE = YES_ERROR;
				CLANG_WARN_DOCUMENTATION_COMMENTS = YES;
				CLANG_WARN_EMPTY_BODY = YES;
				CLANG_WARN_ENUM_CONVERSION = YES;
				CLANG_WARN_INFINITE_RECURSION = YES;
				CLANG_WARN_INT_CONVERSION = YES;
				CLANG_WARN_NON_LITERAL_NULL_CONVERSION = YES;
				CLANG_WARN_OBJC_IMPLICIT_RETAIN_SELF = YES;
				CLANG_WARN_OBJC_LITERAL_CONVERSION = YES;
				CLANG_WARN_OBJC_ROOT_CLASS = YES_ERROR;
				CLANG_WARN_QUOTED_INCLUDE_IN_FRAMEWORK_HEADER = YES;
				CLANG_WARN_RANGE_LOOP_ANALYSIS = YES;
				CLANG_WARN_STRICT_PROTOTYPES = YES;
				CLANG_WARN_SUSPICIOUS_MOVE = YES;
				CLANG_WARN_UNGUARDED_AVAILABILITY = YES_AGGRESSIVE;
				CLANG_WARN_UNREACHABLE_CODE = YES;
				CLANG_WARN__DUPLICATE_METHOD_MATCH = YES;
				COPY_PHASE_STRIP = NO;
				DEBUG_INFORMATION_FORMAT = "dwarf-with-dsym";
				ENABLE_NS_ASSERTIONS = NO;
				ENABLE_STRICT_OBJC_MSGSEND = YES;
				ENABLE_USER_SCRIPT_SANDBOXING = YES;
				GCC_C_LANGUAGE_STANDARD = gnu17;
				GCC_NO_COMMON_BLOCKS = YES;
				GCC_WARN_64_TO_32_BIT_CONVERSION = YES;
				GCC_WARN_ABOUT_RETURN_TYPE = YES_ERROR;
				GCC_WARN_UNDECLARED_SELECTOR = YES;
				GCC_WARN_UNINITIALIZED_AUTOS = YES_AGGRESSIVE;
				GCC_WARN_UNUSED_FUNCTION = YES;
				GCC_WARN_UNUSED_VARIABLE = YES;
				LOCALIZATION_PREFERS_STRING_CATALOGS = YES;
				MACOSX_DEPLOYMENT_TARGET = 13.7;
				MTL_ENABLE_DEBUG_INFO = NO;
				MTL_FAST_MATH = YES;
				SDKROOT = iphoneos;
				SWIFT_COMPILATION_MODE = wholemodule;
			};
			name = Release;
		};
		F54004BF2FF0C7030079CC05 /* Debug */ = {
			isa = XCBuildConfiguration;
			buildSettings = {
				ASSETCATALOG_COMPILER_APPICON_NAME = AppIcon;
				ASSETCATALOG_COMPILER_GLOBAL_ACCENT_COLOR_NAME = AccentColor;
				CODE_SIGN_ENTITLEMENTS = MyWorkout/MyWorkout.entitlements;
				CODE_SIGN_STYLE = Automatic;
				COMBINE_HIDPI_IMAGES = YES;
				CURRENT_PROJECT_VERSION = 1;
				DEVELOPMENT_ASSET_PATHS = "\"MyWorkout/Preview Content\"";
				DEVELOPMENT_TEAM = 6XVQUYT5J7;
				ENABLE_PREVIEWS = YES;
				GENERATE_INFOPLIST_FILE = YES;
				INFOPLIST_KEY_NSHumanReadableCopyright = "";
				INFOPLIST_KEY_UILaunchStoryboardName = LaunchScreen;
				INFOPLIST_KEY_UISupportedInterfaceOrientations = UIInterfaceOrientationPortrait;
				IPHONEOS_DEPLOYMENT_TARGET = 17.1;
				LD_RUNPATH_SEARCH_PATHS = (
					"$(inherited)",
					"@executable_path/../Frameworks",
				);
				MACOSX_DEPLOYMENT_TARGET = 13.5;
				MARKETING_VERSION = 1.0;
				PRODUCT_BUNDLE_IDENTIFIER = com.nicolaenastas.myworkout;
				PRODUCT_NAME = "$(TARGET_NAME)";
				SUPPORTED_PLATFORMS = "iphonesimulator iphoneos";
				SUPPORTS_MACCATALYST = NO;
				SWIFT_EMIT_LOC_STRINGS = YES;
				SWIFT_VERSION = 5.0;
				TARGETED_DEVICE_FAMILY = 1;
			};
			name = Debug;
		};
		F54004C02FF0C7030079CC05 /* Release */ = {
			isa = XCBuildConfiguration;
			buildSettings = {
				ASSETCATALOG_COMPILER_APPICON_NAME = AppIcon;
				ASSETCATALOG_COMPILER_GLOBAL_ACCENT_COLOR_NAME = AccentColor;
				CODE_SIGN_ENTITLEMENTS = MyWorkout/MyWorkout.entitlements;
				CODE_SIGN_STYLE = Automatic;
				COMBINE_HIDPI_IMAGES = YES;
				CURRENT_PROJECT_VERSION = 1;
				DEVELOPMENT_ASSET_PATHS = "\"MyWorkout/Preview Content\"";
				DEVELOPMENT_TEAM = 6XVQUYT5J7;
				ENABLE_PREVIEWS = YES;
				GENERATE_INFOPLIST_FILE = YES;
				INFOPLIST_KEY_NSHumanReadableCopyright = "";
				INFOPLIST_KEY_UILaunchStoryboardName = LaunchScreen;
				INFOPLIST_KEY_UISupportedInterfaceOrientations = UIInterfaceOrientationPortrait;
				IPHONEOS_DEPLOYMENT_TARGET = 17.1;
				LD_RUNPATH_SEARCH_PATHS = (
					"$(inherited)",
					"@executable_path/../Frameworks",
				);
				MACOSX_DEPLOYMENT_TARGET = 13.5;
				MARKETING_VERSION = 1.0;
				PRODUCT_BUNDLE_IDENTIFIER = com.nicolaenastas.myworkout;
				PRODUCT_NAME = "$(TARGET_NAME)";
				SUPPORTED_PLATFORMS = "iphonesimulator iphoneos";
				SUPPORTS_MACCATALYST = NO;
				SWIFT_EMIT_LOC_STRINGS = YES;
				SWIFT_VERSION = 5.0;
				TARGETED_DEVICE_FAMILY = 1;
			};
			name = Release;
		};
		F5BF30962FFDFF1600AB5AD9 /* Debug */ = {
			isa = XCBuildConfiguration;
			buildSettings = {
				BUNDLE_LOADER = "$(TEST_HOST)";
				CODE_SIGN_STYLE = Automatic;
				CURRENT_PROJECT_VERSION = 1;
				DEVELOPMENT_TEAM = 6XVQUYT5J7;
				GENERATE_INFOPLIST_FILE = YES;
				IPHONEOS_DEPLOYMENT_TARGET = 17.2;
				MARKETING_VERSION = 1.0;
				PRODUCT_BUNDLE_IDENTIFIER = com.MyWorkoutTests;
				PRODUCT_NAME = "$(TARGET_NAME)";
				SWIFT_EMIT_LOC_STRINGS = NO;
				SWIFT_VERSION = 5.0;
				TARGETED_DEVICE_FAMILY = "1,2";
				TEST_HOST = "$(BUILT_PRODUCTS_DIR)/MyWorkout.app/$(BUNDLE_EXECUTABLE_FOLDER_PATH)/MyWorkout";
			};
			name = Debug;
		};
		F5BF30972FFDFF1600AB5AD9 /* Release */ = {
			isa = XCBuildConfiguration;
			buildSettings = {
				BUNDLE_LOADER = "$(TEST_HOST)";
				CODE_SIGN_STYLE = Automatic;
				CURRENT_PROJECT_VERSION = 1;
				DEVELOPMENT_TEAM = 6XVQUYT5J7;
				GENERATE_INFOPLIST_FILE = YES;
				IPHONEOS_DEPLOYMENT_TARGET = 17.2;
				MARKETING_VERSION = 1.0;
				PRODUCT_BUNDLE_IDENTIFIER = com.MyWorkoutTests;
				PRODUCT_NAME = "$(TARGET_NAME)";
				SWIFT_EMIT_LOC_STRINGS = NO;
				SWIFT_VERSION = 5.0;
				TARGETED_DEVICE_FAMILY = "1,2";
				TEST_HOST = "$(BUILT_PRODUCTS_DIR)/MyWorkout.app/$(BUNDLE_EXECUTABLE_FOLDER_PATH)/MyWorkout";
				VALIDATE_PRODUCT = YES;
			};
			name = Release;
		};
/* End XCBuildConfiguration section */

/* Begin XCConfigurationList section */
		F54004A82FF0C6FE0079CC05 /* Build configuration list for PBXProject "MyWorkout" */ = {
			isa = XCConfigurationList;
			buildConfigurations = (
				F54004BC2FF0C7030079CC05 /* Debug */,
				F54004BD2FF0C7030079CC05 /* Release */,
			);
			defaultConfigurationIsVisible = 0;
			defaultConfigurationName = Release;
		};
		F54004BE2FF0C7030079CC05 /* Build configuration list for PBXNativeTarget "MyWorkout" */ = {
			isa = XCConfigurationList;
			buildConfigurations = (
				F54004BF2FF0C7030079CC05 /* Debug */,
				F54004C02FF0C7030079CC05 /* Release */,
			);
			defaultConfigurationIsVisible = 0;
			defaultConfigurationName = Release;
		};
		F5BF30952FFDFF1600AB5AD9 /* Build configuration list for PBXNativeTarget "MyWorkoutTests" */ = {
			isa = XCConfigurationList;
			buildConfigurations = (
				F5BF30962FFDFF1600AB5AD9 /* Debug */,
				F5BF30972FFDFF1600AB5AD9 /* Release */,
			);
			defaultConfigurationIsVisible = 0;
			defaultConfigurationName = Release;
		};
/* End XCConfigurationList section */
	};
	rootObject = F54004A52FF0C6FE0079CC05 /* Project object */;
}
